{
  "version": 4,
  "terraform_version": "1.5.7",
  "serial": 186,
  "lineage": "1f17eb1e-d881-87f9-a209-31ad94f111d7",
  "outputs": {
    "cognito_auth_domain": {
      "value": "dev-social-media-auth",
      "type": "string"
    },
    "cognito_user_pool_client_id": {
      "value": "6q8vca4tlmvcrtd43col6725do",
      "type": "string"
    },
    "cognito_user_pool_id": {
      "value": "ap-south-1_Z7a8ZTNL6",
      "type": "string"
    },
    "database_subnet_ids": {
      "value": [
        "subnet-081c49b0fff0e396b",
        "subnet-04de2662a5961c5f3",
        "subnet-07016df5d0877b7d2"
      ],
      "type": [
        "tuple",
        [
          "string",
          "string",
          "string"
        ]
      ]
    },
    "eks_cluster_endpoint": {
      "value": "https://B64D88A368E96FC60CEB5E39EBA0B93B.gr7.ap-south-1.eks.amazonaws.com",
      "type": "string"
    },
    "eks_cluster_name": {
      "value": "social-media-eks",
      "type": "string"
    },
    "eks_cluster_security_group_id": {
      "value": "sg-0d97cbd807ba19886",
      "type": "string"
    },
    "eks_oidc_issuer": {
      "value": "https://oidc.eks.ap-south-1.amazonaws.com/id/B64D88A368E96FC60CEB5E39EBA0B93B",
      "type": "string"
    },
    "eks_oidc_provider_arn": {
      "value": "arn:aws:iam::793704350878:oidc-provider/oidc.eks.ap-south-1.amazonaws.com/id/B64D88A368E96FC60CEB5E39EBA0B93B",
      "type": "string"
    },
    "irsa_roles": {
      "value": {
        "feed-service": "arn:aws:iam::793704350878:role/dev-feed-service-role",
        "interaction-service": "arn:aws:iam::793704350878:role/dev-interaction-service-role",
        "media-service": "arn:aws:iam::793704350878:role/dev-media-service-role",
        "notification-service": "arn:aws:iam::793704350878:role/dev-notification-service-role",
        "post-service": "arn:aws:iam::793704350878:role/dev-post-service-role",
        "search-service": "arn:aws:iam::793704350878:role/dev-search-service-role",
        "user-service": "arn:aws:iam::793704350878:role/dev-user-service-role"
      },
      "type": [
        "object",
        {
          "feed-service": "string",
          "interaction-service": "string",
          "media-service": "string",
          "notification-service": "string",
          "post-service": "string",
          "search-service": "string",
          "user-service": "string"
        }
      ]
    },
    "private_subnet_ids": {
      "value": [
        "subnet-0d2f1f5f43de79dfc",
        "subnet-06030d4f6f40599e3",
        "subnet-0302d5fcd1d946872"
      ],
      "type": [
        "tuple",
        [
          "string",
          "string",
          "string"
        ]
      ]
    },
    "public_subnet_ids": {
      "value": [
        "subnet-0eb64ae8e14d57a08",
        "subnet-0fa8f75d3d32390aa",
        "subnet-07c14da069caaa0ce"
      ],
      "type": [
        "tuple",
        [
          "string",
          "string",
          "string"
        ]
      ]
    },
    "rds_cluster_endpoint": {
      "value": "dev-social-db-instance.cv06ucmmyot6.ap-south-1.rds.amazonaws.com",
      "type": "string"
    },
    "rds_cluster_reader_endpoint": {
      "value": "dev-social-db-instance.cv06ucmmyot6.ap-south-1.rds.amazonaws.com",
      "type": "string"
    },
    "rds_database_name": {
      "value": "postgres",
      "type": "string"
    },
    "rds_master_password_secret_name": {
      "value": "dev-rds-db-credentials",
      "type": "string"
    },
    "rds_master_username": {
      "value": "postgres",
      "type": "string"
    },
    "redis_primary_endpoint": {
      "value": "master.dev-social-redis.5zvyz4.aps1.cache.amazonaws.com",
      "type": "string"
    },
    "s3_bucket_name": {
      "value": "dev-social-media-attachments-793704350878",
      "type": "string"
    },
    "vpc_id": {
      "value": "vpc-068a3560aa45d096f",
      "type": "string"
    }
  },
  "resources": [
    {
      "mode": "data",
      "type": "aws_availability_zones",
      "name": "available",
      "provider": "provider[\"registry.terraform.io/hashicorp/aws\"]",
      "instances": [
        {
          "schema_version": 0,
          "attributes": {
            "all_availability_zones": null,
            "exclude_names": null,
            "exclude_zone_ids": null,
            "filter": null,
            "group_names": [
              "ap-south-1-zg-1"
            ],
            "id": "ap-south-1",
            "names": [
              "ap-south-1a",
              "ap-south-1b",
              "ap-south-1c"
            ],
            "state": "available",
            "timeouts": null,
            "zone_ids": [
              "aps1-az1",
              "aps1-az3",
              "aps1-az2"
            ]
          },
          "sensitive_attributes": []
        }
      ]
    },
    {
      "mode": "data",
      "type": "aws_caller_identity",
      "name": "current",
      "provider": "provider[\"registry.terraform.io/hashicorp/aws\"]",
      "instances": [
        {
          "schema_version": 0,
          "attributes": {
            "account_id": "793704350878",
            "arn": "arn:aws:iam::793704350878:user/github-actions-user",
            "id": "793704350878",
            "user_id": "AIDA3RTDXISPNPOIJV3SV"
          },
          "sensitive_attributes": []
        }
      ]
    },
    {
      "mode": "data",
      "type": "aws_eks_cluster_auth",
      "name": "cluster",
      "provider": "provider[\"registry.terraform.io/hashicorp/aws\"]",
      "instances": [
        {
          "schema_version": 0,
          "attributes": {
            "id": "social-media-eks",
            "name": "social-media-eks",
            "token": "k8s-aws-v1.aHR0cHM6Ly9zdHMuYXAtc291dGgtMS5hbWF6b25hd3MuY29tLz9BY3Rpb249R2V0Q2FsbGVySWRlbnRpdHkmVmVyc2lvbj0yMDExLTA2LTE1JlgtQW16LUFsZ29yaXRobT1BV1M0LUhNQUMtU0hBMjU2JlgtQW16LUNyZWRlbnRpYWw9QUtJQTNSVERYSVNQTkE1VlA3N1clMkYyMDI2MDUyMiUyRmFwLXNvdXRoLTElMkZzdHMlMkZhd3M0X3JlcXVlc3QmWC1BbXotRGF0ZT0yMDI2MDUyMlQwNDU2MjZaJlgtQW16LUV4cGlyZXM9MCZYLUFtei1TaWduZWRIZWFkZXJzPWhvc3QlM0J4LWs4cy1hd3MtaWQmWC1BbXotU2lnbmF0dXJlPTM2NDAxNDlhYzZhMjFhMjhkOThlMDExMjA2NjExNjVmMmMxMTg0MzQ2ZmM4ZGFkNmMyZDBiNzcxZGZiMTAxMGM"
          },
          "sensitive_attributes": []
        }
      ]
    },
    {
      "mode": "data",
      "type": "aws_iam_policy_document",
      "name": "ebs_csi_assume_role",
      "provider": "provider[\"registry.terraform.io/hashicorp/aws\"]",
      "instances": [
        {
          "schema_version": 0,
          "attributes": {
            "id": "2503442506",
            "json": "{\n  \"Version\": \"2012-10-17\",\n  \"Statement\": [\n    {\n      \"Effect\": \"Allow\",\n      \"Action\": \"sts:AssumeRoleWithWebIdentity\",\n      \"Principal\": {\n        \"Federated\": \"arn:aws:iam::793704350878:oidc-provider/oidc.eks.ap-south-1.amazonaws.com/id/B64D88A368E96FC60CEB5E39EBA0B93B\"\n      },\n      \"Condition\": {\n        \"StringEquals\": {\n          \"oidc.eks.ap-south-1.amazonaws.com/id/B64D88A368E96FC60CEB5E39EBA0B93B:aud\": \"sts.amazonaws.com\",\n          \"oidc.eks.ap-south-1.amazonaws.com/id/B64D88A368E96FC60CEB5E39EBA0B93B:sub\": \"system:serviceaccount:kube-system:ebs-csi-controller-sa\"\n        }\n      }\n    }\n  ]\n}",
            "minified_json": "{\"Version\":\"2012-10-17\",\"Statement\":[{\"Effect\":\"Allow\",\"Action\":\"sts:AssumeRoleWithWebIdentity\",\"Principal\":{\"Federated\":\"arn:aws:iam::793704350878:oidc-provider/oidc.eks.ap-south-1.amazonaws.com/id/B64D88A368E96FC60CEB5E39EBA0B93B\"},\"Condition\":{\"StringEquals\":{\"oidc.eks.ap-south-1.amazonaws.com/id/B64D88A368E96FC60CEB5E39EBA0B93B:aud\":\"sts.amazonaws.com\",\"oidc.eks.ap-south-1.amazonaws.com/id/B64D88A368E96FC60CEB5E39EBA0B93B:sub\":\"system:serviceaccount:kube-system:ebs-csi-controller-sa\"}}}]}",
            "override_json": null,
            "override_policy_documents": null,
            "policy_id": null,
            "source_json": null,
            "source_policy_documents": null,
            "statement": [
              {
                "actions": [
                  "sts:AssumeRoleWithWebIdentity"
                ],
                "condition": [
                  {
                    "test": "StringEquals",
                    "values": [
                      "sts.amazonaws.com"
                    ],
                    "variable": "oidc.eks.ap-south-1.amazonaws.com/id/B64D88A368E96FC60CEB5E39EBA0B93B:aud"
                  },
                  {
                    "test": "StringEquals",
                    "values": [
                      "system:serviceaccount:kube-system:ebs-csi-controller-sa"
                    ],
                    "variable": "oidc.eks.ap-south-1.amazonaws.com/id/B64D88A368E96FC60CEB5E39EBA0B93B:sub"
                  }
                ],
                "effect": "Allow",
                "not_actions": [],
                "not_principals": [],
                "not_resources": [],
                "principals": [
                  {
                    "identifiers": [
                      "arn:aws:iam::793704350878:oidc-provider/oidc.eks.ap-south-1.amazonaws.com/id/B64D88A368E96FC60CEB5E39EBA0B93B"
                    ],
                    "type": "Federated"
                  }
                ],
                "resources": [],
                "sid": ""
              }
            ],
            "version": "2012-10-17"
          },
          "sensitive_attributes": []
        }
      ]
    },
    {
      "mode": "data",
      "type": "aws_iam_policy_document",
      "name": "irsa_assume_role",
      "provider": "provider[\"registry.terraform.io/hashicorp/aws\"]",
      "instances": [
        {
          "index_key": "analytics-service",
          "schema_version": 0,
          "attributes": {
            "id": "3740872240",
            "json": "{\n  \"Version\": \"2012-10-17\",\n  \"Statement\": [\n    {\n      \"Effect\": \"Allow\",\n      \"Action\": \"sts:AssumeRoleWithWebIdentity\",\n      \"Principal\": {\n        \"Federated\": \"arn:aws:iam::793704350878:oidc-provider/oidc.eks.ap-south-1.amazonaws.com/id/B64D88A368E96FC60CEB5E39EBA0B93B\"\n      },\n      \"Condition\": {\n        \"StringEquals\": {\n          \"oidc.eks.ap-south-1.amazonaws.com/id/B64D88A368E96FC60CEB5E39EBA0B93B:aud\": \"sts.amazonaws.com\",\n          \"oidc.eks.ap-south-1.amazonaws.com/id/B64D88A368E96FC60CEB5E39EBA0B93B:sub\": \"system:serviceaccount:dev:analytics-service-sa\"\n        }\n      }\n    }\n  ]\n}",
            "minified_json": "{\"Version\":\"2012-10-17\",\"Statement\":[{\"Effect\":\"Allow\",\"Action\":\"sts:AssumeRoleWithWebIdentity\",\"Principal\":{\"Federated\":\"arn:aws:iam::793704350878:oidc-provider/oidc.eks.ap-south-1.amazonaws.com/id/B64D88A368E96FC60CEB5E39EBA0B93B\"},\"Condition\":{\"StringEquals\":{\"oidc.eks.ap-south-1.amazonaws.com/id/B64D88A368E96FC60CEB5E39EBA0B93B:aud\":\"sts.amazonaws.com\",\"oidc.eks.ap-south-1.amazonaws.com/id/B64D88A368E96FC60CEB5E39EBA0B93B:sub\":\"system:serviceaccount:dev:analytics-service-sa\"}}}]}",
            "override_json": null,
            "override_policy_documents": null,
            "policy_id": null,
            "source_json": null,
            "source_policy_documents": null,
            "statement": [
              {
                "actions": [
                  "sts:AssumeRoleWithWebIdentity"
                ],
                "condition": [
                  {
                    "test": "StringEquals",
                    "values": [
                      "sts.amazonaws.com"
                    ],
                    "variable": "oidc.eks.ap-south-1.amazonaws.com/id/B64D88A368E96FC60CEB5E39EBA0B93B:aud"
                  },
                  {
                    "test": "StringEquals",
                    "values": [
                      "system:serviceaccount:dev:analytics-service-sa"
                    ],
                    "variable": "oidc.eks.ap-south-1.amazonaws.com/id/B64D88A368E96FC60CEB5E39EBA0B93B:sub"
                  }
                ],
                "effect": "Allow",
                "not_actions": [],
                "not_principals": [],
                "not_resources": [],
                "principals": [
                  {
                    "identifiers": [
                      "arn:aws:iam::793704350878:oidc-provider/oidc.eks.ap-south-1.amazonaws.com/id/B64D88A368E96FC60CEB5E39EBA0B93B"
                    ],
                    "type": "Federated"
                  }
                ],
                "resources": [],
                "sid": ""
              }
            ],
            "version": "2012-10-17"
          },
          "sensitive_attributes": []
        },
        {
          "index_key": "feed-service",
          "schema_version": 0,
          "attributes": {
            "id": "4264660511",
            "json": "{\n  \"Version\": \"2012-10-17\",\n  \"Statement\": [\n    {\n      \"Effect\": \"Allow\",\n      \"Action\": \"sts:AssumeRoleWithWebIdentity\",\n      \"Principal\": {\n        \"Federated\": \"arn:aws:iam::793704350878:oidc-provider/oidc.eks.ap-south-1.amazonaws.com/id/B64D88A368E96FC60CEB5E39EBA0B93B\"\n      },\n      \"Condition\": {\n        \"StringEquals\": {\n          \"oidc.eks.ap-south-1.amazonaws.com/id/B64D88A368E96FC60CEB5E39EBA0B93B:aud\": \"sts.amazonaws.com\",\n          \"oidc.eks.ap-south-1.amazonaws.com/id/B64D88A368E96FC60CEB5E39EBA0B93B:sub\": \"system:serviceaccount:dev:feed-service-sa\"\n        }\n      }\n    }\n  ]\n}",
            "minified_json": "{\"Version\":\"2012-10-17\",\"Statement\":[{\"Effect\":\"Allow\",\"Action\":\"sts:AssumeRoleWithWebIdentity\",\"Principal\":{\"Federated\":\"arn:aws:iam::793704350878:oidc-provider/oidc.eks.ap-south-1.amazonaws.com/id/B64D88A368E96FC60CEB5E39EBA0B93B\"},\"Condition\":{\"StringEquals\":{\"oidc.eks.ap-south-1.amazonaws.com/id/B64D88A368E96FC60CEB5E39EBA0B93B:aud\":\"sts.amazonaws.com\",\"oidc.eks.ap-south-1.amazonaws.com/id/B64D88A368E96FC60CEB5E39EBA0B93B:sub\":\"system:serviceaccount:dev:feed-service-sa\"}}}]}",
            "override_json": null,
            "override_policy_documents": null,
            "policy_id": null,
            "source_json": null,
            "source_policy_documents": null,
            "statement": [
              {
                "actions": [
                  "sts:AssumeRoleWithWebIdentity"
                ],
                "condition": [
                  {
                    "test": "StringEquals",
                    "values": [
                      "sts.amazonaws.com"
                    ],
                    "variable": "oidc.eks.ap-south-1.amazonaws.com/id/B64D88A368E96FC60CEB5E39EBA0B93B:aud"
                  },
                  {
                    "test": "StringEquals",
                    "values": [
                      "system:serviceaccount:dev:feed-service-sa"
                    ],
                    "variable": "oidc.eks.ap-south-1.amazonaws.com/id/B64D88A368E96FC60CEB5E39EBA0B93B:sub"
                  }
                ],
                "effect": "Allow",
                "not_actions": [],
                "not_principals": [],
                "not_resources": [],
                "principals": [
                  {
                    "identifiers": [
                      "arn:aws:iam::793704350878:oidc-provider/oidc.eks.ap-south-1.amazonaws.com/id/B64D88A368E96FC60CEB5E39EBA0B93B"
                    ],
                    "type": "Federated"
                  }
                ],
                "resources": [],
                "sid": ""
              }
            ],
            "version": "2012-10-17"
          },
          "sensitive_attributes": []
        },
        {
          "index_key": "frontend",
          "schema_version": 0,
          "attributes": {
            "id": "2766654878",
            "json": "{\n  \"Version\": \"2012-10-17\",\n  \"Statement\": [\n    {\n      \"Effect\": \"Allow\",\n      \"Action\": \"sts:AssumeRoleWithWebIdentity\",\n      \"Principal\": {\n        \"Federated\": \"arn:aws:iam::793704350878:oidc-provider/oidc.eks.ap-south-1.amazonaws.com/id/B64D88A368E96FC60CEB5E39EBA0B93B\"\n      },\n      \"Condition\": {\n        \"StringEquals\": {\n          \"oidc.eks.ap-south-1.amazonaws.com/id/B64D88A368E96FC60CEB5E39EBA0B93B:aud\": \"sts.amazonaws.com\",\n          \"oidc.eks.ap-south-1.amazonaws.com/id/B64D88A368E96FC60CEB5E39EBA0B93B:sub\": \"system:serviceaccount:dev:frontend-sa\"\n        }\n      }\n    }\n  ]\n}",
            "minified_json": "{\"Version\":\"2012-10-17\",\"Statement\":[{\"Effect\":\"Allow\",\"Action\":\"sts:AssumeRoleWithWebIdentity\",\"Principal\":{\"Federated\":\"arn:aws:iam::793704350878:oidc-provider/oidc.eks.ap-south-1.amazonaws.com/id/B64D88A368E96FC60CEB5E39EBA0B93B\"},\"Condition\":{\"StringEquals\":{\"oidc.eks.ap-south-1.amazonaws.com/id/B64D88A368E96FC60CEB5E39EBA0B93B:aud\":\"sts.amazonaws.com\",\"oidc.eks.ap-south-1.amazonaws.com/id/B64D88A368E96FC60CEB5E39EBA0B93B:sub\":\"system:serviceaccount:dev:frontend-sa\"}}}]}",
            "override_json": null,
            "override_policy_documents": null,
            "policy_id": null,
            "source_json": null,
            "source_policy_documents": null,
            "statement": [
              {
                "actions": [
                  "sts:AssumeRoleWithWebIdentity"
                ],
                "condition": [
                  {
                    "test": "StringEquals",
                    "values": [
                      "sts.amazonaws.com"
                    ],
                    "variable": "oidc.eks.ap-south-1.amazonaws.com/id/B64D88A368E96FC60CEB5E39EBA0B93B:aud"
                  },
                  {
                    "test": "StringEquals",
                    "values": [
                      "system:serviceaccount:dev:frontend-sa"
                    ],
                    "variable": "oidc.eks.ap-south-1.amazonaws.com/id/B64D88A368E96FC60CEB5E39EBA0B93B:sub"
                  }
                ],
                "effect": "Allow",
                "not_actions": [],
                "not_principals": [],
                "not_resources": [],
                "principals": [
                  {
                    "identifiers": [
                      "arn:aws:iam::793704350878:oidc-provider/oidc.eks.ap-south-1.amazonaws.com/id/B64D88A368E96FC60CEB5E39EBA0B93B"
                    ],
                    "type": "Federated"
                  }
                ],
                "resources": [],
                "sid": ""
              }
            ],
            "version": "2012-10-17"
          },
          "sensitive_attributes": []
        },
        {
          "index_key": "interaction-service",
          "schema_version": 0,
          "attributes": {
            "id": "441171390",
            "json": "{\n  \"Version\": \"2012-10-17\",\n  \"Statement\": [\n    {\n      \"Effect\": \"Allow\",\n      \"Action\": \"sts:AssumeRoleWithWebIdentity\",\n      \"Principal\": {\n        \"Federated\": \"arn:aws:iam::793704350878:oidc-provider/oidc.eks.ap-south-1.amazonaws.com/id/B64D88A368E96FC60CEB5E39EBA0B93B\"\n      },\n      \"Condition\": {\n        \"StringEquals\": {\n          \"oidc.eks.ap-south-1.amazonaws.com/id/B64D88A368E96FC60CEB5E39EBA0B93B:aud\": \"sts.amazonaws.com\",\n          \"oidc.eks.ap-south-1.amazonaws.com/id/B64D88A368E96FC60CEB5E39EBA0B93B:sub\": \"system:serviceaccount:dev:interaction-service-sa\"\n        }\n      }\n    }\n  ]\n}",
            "minified_json": "{\"Version\":\"2012-10-17\",\"Statement\":[{\"Effect\":\"Allow\",\"Action\":\"sts:AssumeRoleWithWebIdentity\",\"Principal\":{\"Federated\":\"arn:aws:iam::793704350878:oidc-provider/oidc.eks.ap-south-1.amazonaws.com/id/B64D88A368E96FC60CEB5E39EBA0B93B\"},\"Condition\":{\"StringEquals\":{\"oidc.eks.ap-south-1.amazonaws.com/id/B64D88A368E96FC60CEB5E39EBA0B93B:aud\":\"sts.amazonaws.com\",\"oidc.eks.ap-south-1.amazonaws.com/id/B64D88A368E96FC60CEB5E39EBA0B93B:sub\":\"system:serviceaccount:dev:interaction-service-sa\"}}}]}",
            "override_json": null,
            "override_policy_documents": null,
            "policy_id": null,
            "source_json": null,
            "source_policy_documents": null,
            "statement": [
              {
                "actions": [
                  "sts:AssumeRoleWithWebIdentity"
                ],
                "condition": [
                  {
                    "test": "StringEquals",
                    "values": [
                      "sts.amazonaws.com"
                    ],
                    "variable": "oidc.eks.ap-south-1.amazonaws.com/id/B64D88A368E96FC60CEB5E39EBA0B93B:aud"
                  },
                  {
                    "test": "StringEquals",
                    "values": [
                      "system:serviceaccount:dev:interaction-service-sa"
                    ],
                    "variable": "oidc.eks.ap-south-1.amazonaws.com/id/B64D88A368E96FC60CEB5E39EBA0B93B:sub"
                  }
                ],
                "effect": "Allow",
                "not_actions": [],
                "not_principals": [],
                "not_resources": [],
                "principals": [
                  {
                    "identifiers": [
                      "arn:aws:iam::793704350878:oidc-provider/oidc.eks.ap-south-1.amazonaws.com/id/B64D88A368E96FC60CEB5E39EBA0B93B"
                    ],
                    "type": "Federated"
                  }
                ],
                "resources": [],
                "sid": ""
              }
            ],
            "version": "2012-10-17"
          },
          "sensitive_attributes": []
        },
        {
          "index_key": "media-service",
          "schema_version": 0,
          "attributes": {
            "id": "394186671",
            "json": "{\n  \"Version\": \"2012-10-17\",\n  \"Statement\": [\n    {\n      \"Effect\": \"Allow\",\n      \"Action\": \"sts:AssumeRoleWithWebIdentity\",\n      \"Principal\": {\n        \"Federated\": \"arn:aws:iam::793704350878:oidc-provider/oidc.eks.ap-south-1.amazonaws.com/id/B64D88A368E96FC60CEB5E39EBA0B93B\"\n      },\n      \"Condition\": {\n        \"StringEquals\": {\n          \"oidc.eks.ap-south-1.amazonaws.com/id/B64D88A368E96FC60CEB5E39EBA0B93B:aud\": \"sts.amazonaws.com\",\n          \"oidc.eks.ap-south-1.amazonaws.com/id/B64D88A368E96FC60CEB5E39EBA0B93B:sub\": \"system:serviceaccount:dev:media-service-sa\"\n        }\n      }\n    }\n  ]\n}",
            "minified_json": "{\"Version\":\"2012-10-17\",\"Statement\":[{\"Effect\":\"Allow\",\"Action\":\"sts:AssumeRoleWithWebIdentity\",\"Principal\":{\"Federated\":\"arn:aws:iam::793704350878:oidc-provider/oidc.eks.ap-south-1.amazonaws.com/id/B64D88A368E96FC60CEB5E39EBA0B93B\"},\"Condition\":{\"StringEquals\":{\"oidc.eks.ap-south-1.amazonaws.com/id/B64D88A368E96FC60CEB5E39EBA0B93B:aud\":\"sts.amazonaws.com\",\"oidc.eks.ap-south-1.amazonaws.com/id/B64D88A368E96FC60CEB5E39EBA0B93B:sub\":\"system:serviceaccount:dev:media-service-sa\"}}}]}",
            "override_json": null,
            "override_policy_documents": null,
            "policy_id": null,
            "source_json": null,
            "source_policy_documents": null,
            "statement": [
              {
                "actions": [
                  "sts:AssumeRoleWithWebIdentity"
                ],
                "condition": [
                  {
                    "test": "StringEquals",
                    "values": [
                      "sts.amazonaws.com"
                    ],
                    "variable": "oidc.eks.ap-south-1.amazonaws.com/id/B64D88A368E96FC60CEB5E39EBA0B93B:aud"
                  },
                  {
                    "test": "StringEquals",
                    "values": [
                      "system:serviceaccount:dev:media-service-sa"
                    ],
                    "variable": "oidc.eks.ap-south-1.amazonaws.com/id/B64D88A368E96FC60CEB5E39EBA0B93B:sub"
                  }
                ],
                "effect": "Allow",
                "not_actions": [],
                "not_principals": [],
                "not_resources": [],
                "principals": [
                  {
                    "identifiers": [
                      "arn:aws:iam::793704350878:oidc-provider/oidc.eks.ap-south-1.amazonaws.com/id/B64D88A368E96FC60CEB5E39EBA0B93B"
                    ],
                    "type": "Federated"
                  }
                ],
                "resources": [],
                "sid": ""
              }
            ],
            "version": "2012-10-17"
          },
          "sensitive_attributes": []
        },
        {
          "index_key": "notification-service",
          "schema_version": 0,
          "attributes": {
            "id": "281015266",
            "json": "{\n  \"Version\": \"2012-10-17\",\n  \"Statement\": [\n    {\n      \"Effect\": \"Allow\",\n      \"Action\": \"sts:AssumeRoleWithWebIdentity\",\n      \"Principal\": {\n        \"Federated\": \"arn:aws:iam::793704350878:oidc-provider/oidc.eks.ap-south-1.amazonaws.com/id/B64D88A368E96FC60CEB5E39EBA0B93B\"\n      },\n      \"Condition\": {\n        \"StringEquals\": {\n          \"oidc.eks.ap-south-1.amazonaws.com/id/B64D88A368E96FC60CEB5E39EBA0B93B:aud\": \"sts.amazonaws.com\",\n          \"oidc.eks.ap-south-1.amazonaws.com/id/B64D88A368E96FC60CEB5E39EBA0B93B:sub\": \"system:serviceaccount:dev:notification-service-sa\"\n        }\n      }\n    }\n  ]\n}",
            "minified_json": "{\"Version\":\"2012-10-17\",\"Statement\":[{\"Effect\":\"Allow\",\"Action\":\"sts:AssumeRoleWithWebIdentity\",\"Principal\":{\"Federated\":\"arn:aws:iam::793704350878:oidc-provider/oidc.eks.ap-south-1.amazonaws.com/id/B64D88A368E96FC60CEB5E39EBA0B93B\"},\"Condition\":{\"StringEquals\":{\"oidc.eks.ap-south-1.amazonaws.com/id/B64D88A368E96FC60CEB5E39EBA0B93B:aud\":\"sts.amazonaws.com\",\"oidc.eks.ap-south-1.amazonaws.com/id/B64D88A368E96FC60CEB5E39EBA0B93B:sub\":\"system:serviceaccount:dev:notification-service-sa\"}}}]}",
            "override_json": null,
            "override_policy_documents": null,
            "policy_id": null,
            "source_json": null,
            "source_policy_documents": null,
            "statement": [
              {
                "actions": [
                  "sts:AssumeRoleWithWebIdentity"
                ],
                "condition": [
                  {
                    "test": "StringEquals",
                    "values": [
                      "sts.amazonaws.com"
                    ],
                    "variable": "oidc.eks.ap-south-1.amazonaws.com/id/B64D88A368E96FC60CEB5E39EBA0B93B:aud"
                  },
                  {
                    "test": "StringEquals",
                    "values": [
                      "system:serviceaccount:dev:notification-service-sa"
                    ],
                    "variable": "oidc.eks.ap-south-1.amazonaws.com/id/B64D88A368E96FC60CEB5E39EBA0B93B:sub"
                  }
                ],
                "effect": "Allow",
                "not_actions": [],
                "not_principals": [],
                "not_resources": [],
                "principals": [
                  {
                    "identifiers": [
                      "arn:aws:iam::793704350878:oidc-provider/oidc.eks.ap-south-1.amazonaws.com/id/B64D88A368E96FC60CEB5E39EBA0B93B"
                    ],
                    "type": "Federated"
                  }
                ],
                "resources": [],
                "sid": ""
              }
            ],
            "version": "2012-10-17"
          },
          "sensitive_attributes": []
        },
        {
          "index_key": "post-service",
          "schema_version": 0,
          "attributes": {
            "id": "2917798375",
            "json": "{\n  \"Version\": \"2012-10-17\",\n  \"Statement\": [\n    {\n      \"Effect\": \"Allow\",\n      \"Action\": \"sts:AssumeRoleWithWebIdentity\",\n      \"Principal\": {\n        \"Federated\": \"arn:aws:iam::793704350878:oidc-provider/oidc.eks.ap-south-1.amazonaws.com/id/B64D88A368E96FC60CEB5E39EBA0B93B\"\n      },\n      \"Condition\": {\n        \"StringEquals\": {\n          \"oidc.eks.ap-south-1.amazonaws.com/id/B64D88A368E96FC60CEB5E39EBA0B93B:aud\": \"sts.amazonaws.com\",\n          \"oidc.eks.ap-south-1.amazonaws.com/id/B64D88A368E96FC60CEB5E39EBA0B93B:sub\": \"system:serviceaccount:dev:post-service-sa\"\n        }\n      }\n    }\n  ]\n}",
            "minified_json": "{\"Version\":\"2012-10-17\",\"Statement\":[{\"Effect\":\"Allow\",\"Action\":\"sts:AssumeRoleWithWebIdentity\",\"Principal\":{\"Federated\":\"arn:aws:iam::793704350878:oidc-provider/oidc.eks.ap-south-1.amazonaws.com/id/B64D88A368E96FC60CEB5E39EBA0B93B\"},\"Condition\":{\"StringEquals\":{\"oidc.eks.ap-south-1.amazonaws.com/id/B64D88A368E96FC60CEB5E39EBA0B93B:aud\":\"sts.amazonaws.com\",\"oidc.eks.ap-south-1.amazonaws.com/id/B64D88A368E96FC60CEB5E39EBA0B93B:sub\":\"system:serviceaccount:dev:post-service-sa\"}}}]}",
            "override_json": null,
            "override_policy_documents": null,
            "policy_id": null,
            "source_json": null,
            "source_policy_documents": null,
            "statement": [
              {
                "actions": [
                  "sts:AssumeRoleWithWebIdentity"
                ],
                "condition": [
                  {
                    "test": "StringEquals",
                    "values": [
                      "sts.amazonaws.com"
                    ],
                    "variable": "oidc.eks.ap-south-1.amazonaws.com/id/B64D88A368E96FC60CEB5E39EBA0B93B:aud"
                  },
                  {
                    "test": "StringEquals",
                    "values": [
                      "system:serviceaccount:dev:post-service-sa"
                    ],
                    "variable": "oidc.eks.ap-south-1.amazonaws.com/id/B64D88A368E96FC60CEB5E39EBA0B93B:sub"
                  }
                ],
                "effect": "Allow",
                "not_actions": [],
                "not_principals": [],
                "not_resources": [],
                "principals": [
                  {
                    "identifiers": [
                      "arn:aws:iam::793704350878:oidc-provider/oidc.eks.ap-south-1.amazonaws.com/id/B64D88A368E96FC60CEB5E39EBA0B93B"
                    ],
                    "type": "Federated"
                  }
                ],
                "resources": [],
                "sid": ""
              }
            ],
            "version": "2012-10-17"
          },
          "sensitive_attributes": []
        },
        {
          "index_key": "search-service",
          "schema_version": 0,
          "attributes": {
            "id": "3773809277",
            "json": "{\n  \"Version\": \"2012-10-17\",\n  \"Statement\": [\n    {\n      \"Effect\": \"Allow\",\n      \"Action\": \"sts:AssumeRoleWithWebIdentity\",\n      \"Principal\": {\n        \"Federated\": \"arn:aws:iam::793704350878:oidc-provider/oidc.eks.ap-south-1.amazonaws.com/id/B64D88A368E96FC60CEB5E39EBA0B93B\"\n      },\n      \"Condition\": {\n        \"StringEquals\": {\n          \"oidc.eks.ap-south-1.amazonaws.com/id/B64D88A368E96FC60CEB5E39EBA0B93B:aud\": \"sts.amazonaws.com\",\n          \"oidc.eks.ap-south-1.amazonaws.com/id/B64D88A368E96FC60CEB5E39EBA0B93B:sub\": \"system:serviceaccount:dev:search-service-sa\"\n        }\n      }\n    }\n  ]\n}",
            "minified_json": "{\"Version\":\"2012-10-17\",\"Statement\":[{\"Effect\":\"Allow\",\"Action\":\"sts:AssumeRoleWithWebIdentity\",\"Principal\":{\"Federated\":\"arn:aws:iam::793704350878:oidc-provider/oidc.eks.ap-south-1.amazonaws.com/id/B64D88A368E96FC60CEB5E39EBA0B93B\"},\"Condition\":{\"StringEquals\":{\"oidc.eks.ap-south-1.amazonaws.com/id/B64D88A368E96FC60CEB5E39EBA0B93B:aud\":\"sts.amazonaws.com\",\"oidc.eks.ap-south-1.amazonaws.com/id/B64D88A368E96FC60CEB5E39EBA0B93B:sub\":\"system:serviceaccount:dev:search-service-sa\"}}}]}",
            "override_json": null,
            "override_policy_documents": null,
            "policy_id": null,
            "source_json": null,
            "source_policy_documents": null,
            "statement": [
              {
                "actions": [
                  "sts:AssumeRoleWithWebIdentity"
                ],
                "condition": [
                  {
                    "test": "StringEquals",
                    "values": [
                      "sts.amazonaws.com"
                    ],
                    "variable": "oidc.eks.ap-south-1.amazonaws.com/id/B64D88A368E96FC60CEB5E39EBA0B93B:aud"
                  },
                  {
                    "test": "StringEquals",
                    "values": [
                      "system:serviceaccount:dev:search-service-sa"
                    ],
                    "variable": "oidc.eks.ap-south-1.amazonaws.com/id/B64D88A368E96FC60CEB5E39EBA0B93B:sub"
                  }
                ],
                "effect": "Allow",
                "not_actions": [],
                "not_principals": [],
                "not_resources": [],
                "principals": [
                  {
                    "identifiers": [
                      "arn:aws:iam::793704350878:oidc-provider/oidc.eks.ap-south-1.amazonaws.com/id/B64D88A368E96FC60CEB5E39EBA0B93B"
                    ],
                    "type": "Federated"
                  }
                ],
                "resources": [],
                "sid": ""
              }
            ],
            "version": "2012-10-17"
          },
          "sensitive_attributes": []
        },
        {
          "index_key": "user-service",
          "schema_version": 0,
          "attributes": {
            "id": "1248630423",
            "json": "{\n  \"Version\": \"2012-10-17\",\n  \"Statement\": [\n    {\n      \"Effect\": \"Allow\",\n      \"Action\": \"sts:AssumeRoleWithWebIdentity\",\n      \"Principal\": {\n        \"Federated\": \"arn:aws:iam::793704350878:oidc-provider/oidc.eks.ap-south-1.amazonaws.com/id/B64D88A368E96FC60CEB5E39EBA0B93B\"\n      },\n      \"Condition\": {\n        \"StringEquals\": {\n          \"oidc.eks.ap-south-1.amazonaws.com/id/B64D88A368E96FC60CEB5E39EBA0B93B:aud\": \"sts.amazonaws.com\",\n          \"oidc.eks.ap-south-1.amazonaws.com/id/B64D88A368E96FC60CEB5E39EBA0B93B:sub\": \"system:serviceaccount:dev:user-service-sa\"\n        }\n      }\n    }\n  ]\n}",
            "minified_json": "{\"Version\":\"2012-10-17\",\"Statement\":[{\"Effect\":\"Allow\",\"Action\":\"sts:AssumeRoleWithWebIdentity\",\"Principal\":{\"Federated\":\"arn:aws:iam::793704350878:oidc-provider/oidc.eks.ap-south-1.amazonaws.com/id/B64D88A368E96FC60CEB5E39EBA0B93B\"},\"Condition\":{\"StringEquals\":{\"oidc.eks.ap-south-1.amazonaws.com/id/B64D88A368E96FC60CEB5E39EBA0B93B:aud\":\"sts.amazonaws.com\",\"oidc.eks.ap-south-1.amazonaws.com/id/B64D88A368E96FC60CEB5E39EBA0B93B:sub\":\"system:serviceaccount:dev:user-service-sa\"}}}]}",
            "override_json": null,
            "override_policy_documents": null,
            "policy_id": null,
            "source_json": null,
            "source_policy_documents": null,
            "statement": [
              {
                "actions": [
                  "sts:AssumeRoleWithWebIdentity"
                ],
                "condition": [
                  {
                    "test": "StringEquals",
                    "values": [
                      "sts.amazonaws.com"
                    ],
                    "variable": "oidc.eks.ap-south-1.amazonaws.com/id/B64D88A368E96FC60CEB5E39EBA0B93B:aud"
                  },
                  {
                    "test": "StringEquals",
                    "values": [
                      "system:serviceaccount:dev:user-service-sa"
                    ],
                    "variable": "oidc.eks.ap-south-1.amazonaws.com/id/B64D88A368E96FC60CEB5E39EBA0B93B:sub"
                  }
                ],
                "effect": "Allow",
                "not_actions": [],
                "not_principals": [],
                "not_resources": [],
                "principals": [
                  {
                    "identifiers": [
                      "arn:aws:iam::793704350878:oidc-provider/oidc.eks.ap-south-1.amazonaws.com/id/B64D88A368E96FC60CEB5E39EBA0B93B"
                    ],
                    "type": "Federated"
                  }
                ],
                "resources": [],
                "sid": ""
              }
            ],
            "version": "2012-10-17"
          },
          "sensitive_attributes": []
        }
      ]
    },
    {
      "mode": "data",
      "type": "tls_certificate",
      "name": "eks",
      "provider": "provider[\"registry.terraform.io/hashicorp/tls\"]",
      "instances": [
        {
          "schema_version": 0,
          "attributes": {
            "certificates": [
              {
                "cert_pem": "-----BEGIN CERTIFICATE-----\nMIIEkjCCA3qgAwIBAgITBn+USionzfP6wq4rAfkI7rnExjANBgkqhkiG9w0BAQsF\nADCBmDELMAkGA1UEBhMCVVMxEDAOBgNVBAgTB0FyaXpvbmExEzARBgNVBAcTClNj\nb3R0c2RhbGUxJTAjBgNVBAoTHFN0YXJmaWVsZCBUZWNobm9sb2dpZXMsIEluYy4x\nOzA5BgNVBAMTMlN0YXJmaWVsZCBTZXJ2aWNlcyBSb290IENlcnRpZmljYXRlIEF1\ndGhvcml0eSAtIEcyMB4XDTE1MDUyNTEyMDAwMFoXDTM3MTIzMTAxMDAwMFowOTEL\nMAkGA1UEBhMCVVMxDzANBgNVBAoTBkFtYXpvbjEZMBcGA1UEAxMQQW1hem9uIFJv\nb3QgQ0EgMTCCASIwDQYJKoZIhvcNAQEBBQADggEPADCCAQoCggEBALJ4gHHKeNXj\nca9HgFB0fW7Y14h29Jlo91ghYPl0hAEvrAIthtOgQ3pOsqTQNroBvo3bSMgHFzZM\n9O6II8c+6zf1tRn4SWiw3te5djgdYZ6k/oI2peVKVuRF4fn9tBb6dNqcmzU5L/qw\nIFAGbHrQgLKm+a/sRxmPUDgH3KKHOVj4utWp+UhnMJbulHheb4mjUcAwhmahRWa6\nVOujw5H5SNz/0egwLX0tdHA114gk957EWW67c4cX8jJGKLhD+rcdqsq08p8kDi1L\n93FcXmn/6pUCyziKrlA4b9v7LWIbxcceVOF34GfID5yHI9Y/QCB/IIDEgEw+OyQm\njgSubJrIqg0CAwEAAaOCATEwggEtMA8GA1UdEwEB/wQFMAMBAf8wDgYDVR0PAQH/\nBAQDAgGGMB0GA1UdDgQWBBSEGMyFNOy8DJSULghZnMeyEE4KCDAfBgNVHSMEGDAW\ngBScXwDfqgHXMCs4iKK4bUqc8hGRgzB4BggrBgEFBQcBAQRsMGowLgYIKwYBBQUH\nMAGGImh0dHA6Ly9vY3NwLnJvb3RnMi5hbWF6b250cnVzdC5jb20wOAYIKwYBBQUH\nMAKGLGh0dHA6Ly9jcnQucm9vdGcyLmFtYXpvbnRydXN0LmNvbS9yb290ZzIuY2Vy\nMD0GA1UdHwQ2MDQwMqAwoC6GLGh0dHA6Ly9jcmwucm9vdGcyLmFtYXpvbnRydXN0\nLmNvbS9yb290ZzIuY3JsMBEGA1UdIAQKMAgwBgYEVR0gADANBgkqhkiG9w0BAQsF\nAAOCAQEAYjdCXLwQtT6LLOkMm2xF4gcAevnFWAu5CIw+7bMlPLVvUOTNNWqnkzSW\nMiGpSESrnO09tKpzbeR/FoCJbM8oAxiDR3mjEH4wW6w7sGDgd9QIpuEdfF7Au/ma\neyKdpwAJfqxGF4PcnCZXmTA5YpaP7dreqsXMGz7KQ2hsVxa81Q4gLv7/wmpdLqBK\nbRRYh5TmOTFffHPLkIhqhBGWJ6bt2YFGpn6jcgAKUj6DiAdjd4lpFw85hdKrCEVN\n0FE6/V1dN2RMfjCyVSRCnTawXZwXgWHxyvkQAiSr6w10kY17RSlQOYiypok1JR4U\nakcjMS9cmvqtmg5iUaQqqcT5NJ0hGA==\n-----END CERTIFICATE-----\n",
                "is_ca": true,
                "issuer": "CN=Starfield Services Root Certificate Authority - G2,O=Starfield Technologies\\, Inc.,L=Scottsdale,ST=Arizona,C=US",
                "max_path_length": -1,
                "not_after": "2037-12-31T01:00:00Z",
                "not_before": "2015-05-25T12:00:00Z",
                "public_key_algorithm": "RSA",
                "serial_number": "144918191876577076464031512351042010504348870",
                "sha1_fingerprint": "06b25927c42a721631c1efd9431e648fa62e1e39",
                "signature_algorithm": "SHA256-RSA",
                "subject": "CN=Amazon Root CA 1,O=Amazon,C=US",
                "version": 3
              },
              {
                "cert_pem": "-----BEGIN CERTIFICATE-----\nMIIEXjCCA0agAwIBAgITB3MSOAudZoijOx7Zv5zNpo4ODzANBgkqhkiG9w0BAQsF\nADA5MQswCQYDVQQGEwJVUzEPMA0GA1UEChMGQW1hem9uMRkwFwYDVQQDExBBbWF6\nb24gUm9vdCBDQSAxMB4XDTIyMDgyMzIyMjEyOFoXDTMwMDgyMzIyMjEyOFowPDEL\nMAkGA1UEBhMCVVMxDzANBgNVBAoTBkFtYXpvbjEcMBoGA1UEAxMTQW1hem9uIFJT\nQSAyMDQ4IE0wMTCCASIwDQYJKoZIhvcNAQEBBQADggEPADCCAQoCggEBAOtxLKnL\nH4gokjIwr4pXD3i3NyWVVYesZ1yX0yLI2qIUZ2t88Gfa4gMqs1YSXca1R/lnCKeT\nepWSGA+0+fkQNpp/L4C2T7oTTsddUx7g3ZYzByDTlrwS5HRQQqEFE3O1T5tEJP4t\nf+28IoXsNiEzl3UGzicYgtzj2cWCB41eJgEmJmcf2T8TzzK6a614ZPyq/w4CPAff\nnAV4coz96nW3AyiE2uhuB4zQUIXvgVSycW7sbWLvj5TDXunEpNCRwC4kkZjK7rol\njtT2cbb7W2s4Bkg3R42G3PLqBvt2N32e/0JOTViCk8/iccJ4sXqrS1uUN4iB5Nmv\nJK74csVl+0u0UecCAwEAAaOCAVowggFWMBIGA1UdEwEB/wQIMAYBAf8CAQAwDgYD\nVR0PAQH/BAQDAgGGMB0GA1UdJQQWMBQGCCsGAQUFBwMBBggrBgEFBQcDAjAdBgNV\nHQ4EFgQUgbgOY4qJEhjl+js7UJWf5uWQE4UwHwYDVR0jBBgwFoAUhBjMhTTsvAyU\nlC4IWZzHshBOCggwewYIKwYBBQUHAQEEbzBtMC8GCCsGAQUFBzABhiNodHRwOi8v\nb2NzcC5yb290Y2ExLmFtYXpvbnRydXN0LmNvbTA6BggrBgEFBQcwAoYuaHR0cDov\nL2NydC5yb290Y2ExLmFtYXpvbnRydXN0LmNvbS9yb290Y2ExLmNlcjA/BgNVHR8E\nODA2MDSgMqAwhi5odHRwOi8vY3JsLnJvb3RjYTEuYW1hem9udHJ1c3QuY29tL3Jv\nb3RjYTEuY3JsMBMGA1UdIAQMMAowCAYGZ4EMAQIBMA0GCSqGSIb3DQEBCwUAA4IB\nAQCtAN4CBSMuBjJitGuxlBbkEUDeK/pZwTXv4KqPK0G50fOHOQAd8j21p0cMBgbG\nkfMHVwLU7b0XwZCav0h1ogdPMN1KakK1DT0VwA/+hFvGPJnMV1Kx2G4S1ZaSk0uU\n5QfoiYIIano01J5k4T2HapKQmmOhS/iPtuo00wW+IMLeBuKMn3OLn005hcrOGTad\nhcmeyfhQP7Z+iKHvyoQGi1C0ClymHETx/chhQGDyYSWqB/THwnN15AwLQo0E5V9E\nSJlbe4mBlqeInUsNYugExNf+tOiybcrswBy8OFsd34XOW3rjSUtsuafd9AWySa3h\nxRRrwszrzX/WWGm6wyB+f7C4\n-----END CERTIFICATE-----\n",
                "is_ca": true,
                "issuer": "CN=Amazon Root CA 1,O=Amazon,C=US",
                "max_path_length": 0,
                "not_after": "2030-08-23T22:21:28Z",
                "not_before": "2022-08-23T22:21:28Z",
                "public_key_algorithm": "RSA",
                "serial_number": "166129328851546858514271303855646110030630415",
                "sha1_fingerprint": "2ad974a775f73cbdbbd8f5ac3a49255fa8fb1f8c",
                "signature_algorithm": "SHA256-RSA",
                "subject": "CN=Amazon RSA 2048 M01,O=Amazon,C=US",
                "version": 3
              },
              {
                "cert_pem": "-----BEGIN CERTIFICATE-----\nMIIF3TCCBMWgAwIBAgIQC4PYfnn7viYTJoWfANxTuTANBgkqhkiG9w0BAQsFADA8\nMQswCQYDVQQGEwJVUzEPMA0GA1UEChMGQW1hem9uMRwwGgYDVQQDExNBbWF6b24g\nUlNBIDIwNDggTTAxMB4XDTI2MDEyNzAwMDAwMFoXDTI3MDIyNTIzNTk1OVowKTEn\nMCUGA1UEAwweKi5la3MuYXAtc291dGgtMS5hbWF6b25hd3MuY29tMIIBIjANBgkq\nhkiG9w0BAQEFAAOCAQ8AMIIBCgKCAQEAhv5NQzOW57AibZtdURJXq/91G3oMa70K\no7Xrhq4XAD0nG6OiN/NImJ3lFP7uxWWSSnN5hAc9xcuDc/77ne9IjfxgNToosF8C\nUvHNnQ13y7pEqvYg0dosz6tM134cZkwyImGP8OeLaKV4FsHYVxIXEnQdI0bC3Qiv\nyjv5mcJuAaKpm+n3/m/qBUiyL4s82W4+LGHI1hCUum3iIGA2ip6Hp7BwVGMoKecs\njqAYiXKjdfBmN6FJIQ+RIxbEgPT+o1Kidfik/1PFH2im76CefXY0HXBoWDQmWZn5\nZ6WrQ3Fu+qI0R/HgHtEb1fa7KqcsWs07rOfnrJZaB5FQVeydUV1ElwIDAQABo4IC\n7DCCAugwHwYDVR0jBBgwFoAUgbgOY4qJEhjl+js7UJWf5uWQE4UwHQYDVR0OBBYE\nFFbaD6c98vgjLUjXSFaf8SPmFLeAMCkGA1UdEQQiMCCCHiouZWtzLmFwLXNvdXRo\nLTEuYW1hem9uYXdzLmNvbTATBgNVHSAEDDAKMAgGBmeBDAECATAOBgNVHQ8BAf8E\nBAMCBaAwEwYDVR0lBAwwCgYIKwYBBQUHAwEwOwYDVR0fBDQwMjAwoC6gLIYqaHR0\ncDovL2NybC5yMm0wMS5hbWF6b250cnVzdC5jb20vcjJtMDEuY3JsMHUGCCsGAQUF\nBwEBBGkwZzAtBggrBgEFBQcwAYYhaHR0cDovL29jc3AucjJtMDEuYW1hem9udHJ1\nc3QuY29tMDYGCCsGAQUFBzAChipodHRwOi8vY3J0LnIybTAxLmFtYXpvbnRydXN0\nLmNvbS9yMm0wMS5jZXIwDAYDVR0TAQH/BAIwADCCAX0GCisGAQQB1nkCBAIEggFt\nBIIBaQFnAHYATGPcmOWcHauI9h6KPd6uj6tEozd7X5uUw/uhnPzBviYAAAGb/M85\ngwAABAMARzBFAiEA1YKhCfg9RgldH6IFIowiYiRs1Addi8oMUCIQ2pBXG/QCIDQs\nuHxMlYyoJ8LFzGLKuDLeaCFypNISBk2B4qJMapD1AHUAHJ9oLOn68EVpUPgbloqH\n3dsyENhM5siy44JSSsTPWZ8AAAGb/M85mQAABAMARjBEAiB0syZumJQByPaA1tqz\nfyZqtCV1iIwQefAGuEHFV6wxcwIgRcOL6BTii+Y/9u/ZGQBOlfDxftwa/4Widc2t\nWDuVsUoAdgBgTJqven93XwHUBvySDciZ6wscffjJUhv6+hd3O5eLyQAAAZv8zzpe\nAAAEAwBHMEUCIHgL0hy9AdNqPvNbTd8wfUUWVAcVRLgTZNCPKX+9nBuaAiEAulm6\ngP+wgjr9cyefY98pksM9Yy19ZoCHaQXTZkQmkv4wDQYJKoZIhvcNAQELBQADggEB\nAKXbVJ9K5wYRv93nW9febVCXN4txei0vG1tsp+1RRtBlKb0n1QoxfY/QHY1aS+KS\n4iZWVqd/45PJBO6ETnGA26dBOzQEmIQaHXlzHmf7ChoQ/IAzGnv1b7zSz1WJ+dHI\nQCRcxud0g7zOsJLZ1E4w3tAIHCWnjBHheAPCPhoKm7ou2Uyg+lAb4R+mjMoAt+tI\nfIs1dL5XZzShQxP92SykI0R2CAuLpluRK+9xTm03tqu9zaVENWTwlLe6ZFXl/G5a\nCA8DoejDqXx5rhT/W3fQ/0wtLULz5253CN20wlNMY9M7rS0UABfxMnTj8tr21ikl\nXqThadIz4H6dg8PDUGq6xbg=\n-----END CERTIFICATE-----\n",
                "is_ca": false,
                "issuer": "CN=Amazon RSA 2048 M01,O=Amazon,C=US",
                "max_path_length": -1,
                "not_after": "2027-02-25T23:59:59Z",
                "not_before": "2026-01-27T00:00:00Z",
                "public_key_algorithm": "RSA",
                "serial_number": "15306089863077027100491464600926835641",
                "sha1_fingerprint": "9540116bb56e8ea19f0b4a08e845a17f827c131e",
                "signature_algorithm": "SHA256-RSA",
                "subject": "CN=*.eks.ap-south-1.amazonaws.com",
                "version": 3
              }
            ],
            "content": null,
            "id": "1e3a331631939a1ae4a625cd4244a4963dabbfa2",
            "url": "https://oidc.eks.ap-south-1.amazonaws.com/id/B64D88A368E96FC60CEB5E39EBA0B93B",
            "verify_chain": true
          },
          "sensitive_attributes": []
        }
      ]
    },
    {
      "mode": "managed",
      "type": "aws_cognito_user_pool",
      "name": "pool",
      "provider": "provider[\"registry.terraform.io/hashicorp/aws\"]",
      "instances": [
        {
          "schema_version": 0,
          "attributes": {
            "account_recovery_setting": [
              {
                "recovery_mechanism": [
                  {
                    "name": "verified_email",
                    "priority": 1
                  },
                  {
                    "name": "verified_phone_number",
                    "priority": 2
                  }
                ]
              }
            ],
            "admin_create_user_config": [
              {
                "allow_admin_create_user_only": false,
                "invite_message_template": []
              }
            ],
            "alias_attributes": null,
            "arn": "arn:aws:cognito-idp:ap-south-1:793704350878:userpool/ap-south-1_Z7a8ZTNL6",
            "auto_verified_attributes": [
              "email"
            ],
            "creation_date": "2026-05-22T00:04:37Z",
            "custom_domain": "",
            "deletion_protection": "INACTIVE",
            "device_configuration": [],
            "domain": "dev-social-media-auth",
            "email_configuration": [
              {
                "configuration_set": "",
                "email_sending_account": "COGNITO_DEFAULT",
                "from_email_address": "",
                "reply_to_email_address": "",
                "source_arn": ""
              }
            ],
            "email_mfa_configuration": [],
            "email_verification_message": "",
            "email_verification_subject": "",
            "endpoint": "cognito-idp.ap-south-1.amazonaws.com/ap-south-1_Z7a8ZTNL6",
            "estimated_number_of_users": 0,
            "id": "ap-south-1_Z7a8ZTNL6",
            "lambda_config": [],
            "last_modified_date": "2026-05-22T00:04:37Z",
            "mfa_configuration": "OFF",
            "name": "dev-social-user-pool",
            "password_policy": [
              {
                "minimum_length": 8,
                "password_history_size": 0,
                "require_lowercase": true,
                "require_numbers": true,
                "require_symbols": true,
                "require_uppercase": true,
                "temporary_password_validity_days": 7
              }
            ],
            "schema": [
              {
                "attribute_data_type": "String",
                "developer_only_attribute": false,
                "mutable": true,
                "name": "name",
                "number_attribute_constraints": [],
                "required": true,
                "string_attribute_constraints": [
                  {
                    "max_length": "256",
                    "min_length": "1"
                  }
                ]
              }
            ],
            "sign_in_policy": [
              {
                "allowed_first_auth_factors": [
                  "PASSWORD"
                ]
              }
            ],
            "sms_authentication_message": "",
            "sms_configuration": [],
            "sms_verification_message": "",
            "software_token_mfa_configuration": [],
            "tags": {
              "Name": "dev-social-user-pool"
            },
            "tags_all": {
              "Environment": "dev",
              "ManagedBy": "Terraform",
              "Name": "dev-social-user-pool",
              "Project": "SocialMediaPlatform"
            },
            "user_attribute_update_settings": [],
            "user_pool_add_ons": [],
            "user_pool_tier": "ESSENTIALS",
            "username_attributes": [
              "email"
            ],
            "username_configuration": [],
            "verification_message_template": [
              {
                "default_email_option": "CONFIRM_WITH_CODE",
                "email_message": "",
                "email_message_by_link": "",
                "email_subject": "",
                "email_subject_by_link": "",
                "sms_message": ""
              }
            ],
            "web_authn_configuration": []
          },
          "sensitive_attributes": [],
          "private": "bnVsbA=="
        }
      ]
    },
    {
      "mode": "managed",
      "type": "aws_cognito_user_pool_client",
      "name": "client",
      "provider": "provider[\"registry.terraform.io/hashicorp/aws\"]",
      "instances": [
        {
          "schema_version": 0,
          "attributes": {
            "access_token_validity": 60,
            "allowed_oauth_flows": [],
            "allowed_oauth_flows_user_pool_client": false,
            "allowed_oauth_scopes": [],
            "analytics_configuration": [],
            "auth_session_validity": 3,
            "callback_urls": [],
            "client_secret": "",
            "default_redirect_uri": "",
            "enable_propagate_additional_user_context_data": false,
            "enable_token_revocation": true,
            "explicit_auth_flows": [
              "ALLOW_REFRESH_TOKEN_AUTH",
              "ALLOW_USER_PASSWORD_AUTH",
              "ALLOW_USER_SRP_AUTH"
            ],
            "generate_secret": null,
            "id": "6q8vca4tlmvcrtd43col6725do",
            "id_token_validity": 60,
            "logout_urls": [],
            "name": "dev-social-app-client",
            "prevent_user_existence_errors": "ENABLED",
            "read_attributes": [],
            "refresh_token_rotation": [],
            "refresh_token_validity": 30,
            "supported_identity_providers": [],
            "token_validity_units": [
              {
                "access_token": "minutes",
                "id_token": "minutes",
                "refresh_token": "days"
              }
            ],
            "user_pool_id": "ap-south-1_Z7a8ZTNL6",
            "write_attributes": []
          },
          "sensitive_attributes": [],
          "dependencies": [
            "aws_cognito_user_pool.pool"
          ]
        }
      ]
    },
    {
      "mode": "managed",
      "type": "aws_cognito_user_pool_domain",
      "name": "main",
      "provider": "provider[\"registry.terraform.io/hashicorp/aws\"]",
      "instances": [
        {
          "schema_version": 0,
          "attributes": {
            "aws_account_id": "793704350878",
            "certificate_arn": "",
            "cloudfront_distribution": "d19bnlz1qkpkne.cloudfront.net",
            "cloudfront_distribution_arn": "d19bnlz1qkpkne.cloudfront.net",
            "cloudfront_distribution_zone_id": "Z2FDTNDATAQYW2",
            "domain": "dev-social-media-auth",
            "id": "dev-social-media-auth",
            "managed_login_version": 1,
            "s3_bucket": "aws-cognito-prod-bom-assets",
            "user_pool_id": "ap-south-1_Z7a8ZTNL6",
            "version": "20260522000438"
          },
          "sensitive_attributes": [],
          "private": "bnVsbA==",
          "dependencies": [
            "aws_cognito_user_pool.pool"
          ]
        }
      ]
    },
    {
      "mode": "managed",
      "type": "aws_db_instance",
      "name": "postgres",
      "provider": "provider[\"registry.terraform.io/hashicorp/aws\"]",
      "instances": [
        {
          "schema_version": 2,
          "attributes": {
            "address": "dev-social-db-instance.cv06ucmmyot6.ap-south-1.rds.amazonaws.com",
            "allocated_storage": 20,
            "allow_major_version_upgrade": null,
            "apply_immediately": false,
            "arn": "arn:aws:rds:ap-south-1:793704350878:db:dev-social-db-instance",
            "auto_minor_version_upgrade": true,
            "availability_zone": "ap-south-1b",
            "backup_retention_period": 0,
            "backup_target": "region",
            "backup_window": "19:48-20:18",
            "blue_green_update": [],
            "ca_cert_identifier": "rds-ca-rsa2048-g1",
            "character_set_name": "",
            "copy_tags_to_snapshot": false,
            "custom_iam_instance_profile": "",
            "customer_owned_ip_enabled": false,
            "database_insights_mode": "standard",
            "db_name": "postgres",
            "db_subnet_group_name": "dev-db-subnet-group",
            "dedicated_log_volume": false,
            "delete_automated_backups": true,
            "deletion_protection": false,
            "domain": "",
            "domain_auth_secret_arn": "",
            "domain_dns_ips": [],
            "domain_fqdn": "",
            "domain_iam_role_name": "",
            "domain_ou": "",
            "enabled_cloudwatch_logs_exports": [],
            "endpoint": "dev-social-db-instance.cv06ucmmyot6.ap-south-1.rds.amazonaws.com:5432",
            "engine": "postgres",
            "engine_lifecycle_support": "open-source-rds-extended-support",
            "engine_version": "15",
            "engine_version_actual": "15.17",
            "final_snapshot_identifier": null,
            "hosted_zone_id": "Z2VFMSZA74J7XZ",
            "iam_database_authentication_enabled": false,
            "id": "db-C654SXKR2ZFLNR5IV23OA5BEHE",
            "identifier": "dev-social-db-instance",
            "identifier_prefix": "",
            "instance_class": "db.t3.micro",
            "iops": 0,
            "kms_key_id": "",
            "latest_restorable_time": "",
            "license_model": "postgresql-license",
            "listener_endpoint": [],
            "maintenance_window": "sun:06:00-sun:06:30",
            "manage_master_user_password": null,
            "master_user_secret": [],
            "master_user_secret_kms_key_id": null,
            "max_allocated_storage": 100,
            "monitoring_interval": 0,
            "monitoring_role_arn": "",
            "multi_az": false,
            "nchar_character_set_name": "",
            "network_type": "IPV4",
            "option_group_name": "default:postgres-15",
            "parameter_group_name": "default.postgres15",
            "password": "y=!#:9#P7P[t:6%K",
            "password_wo": null,
            "password_wo_version": null,
            "performance_insights_enabled": false,
            "performance_insights_kms_key_id": "",
            "performance_insights_retention_period": 0,
            "port": 5432,
            "publicly_accessible": false,
            "replica_mode": "",
            "replicas": [],
            "replicate_source_db": "",
            "resource_id": "db-C654SXKR2ZFLNR5IV23OA5BEHE",
            "restore_to_point_in_time": [],
            "s3_import": [],
            "skip_final_snapshot": true,
            "snapshot_identifier": null,
            "status": "available",
            "storage_encrypted": false,
            "storage_throughput": 0,
            "storage_type": "gp2",
            "tags": {
              "Name": "dev-social-db-instance"
            },
            "tags_all": {
              "Environment": "dev",
              "ManagedBy": "Terraform",
              "Name": "dev-social-db-instance",
              "Project": "SocialMediaPlatform"
            },
            "timeouts": null,
            "timezone": "",
            "upgrade_storage_config": null,
            "username": "postgres",
            "vpc_security_group_ids": [
              "sg-0ed45cd7620a0fd6f"
            ]
          },
          "sensitive_attributes": [
            [
              {
                "type": "get_attr",
                "value": "password"
              }
            ]
          ],
          "private": "eyJlMmJmYjczMC1lY2FhLTExZTYtOGY4OC0zNDM2M2JjN2M0YzAiOnsiY3JlYXRlIjozMDAwMDAwMDAwMDAwLCJkZWxldGUiOjM2MDAwMDAwMDAwMDAsInVwZGF0ZSI6NDgwMDAwMDAwMDAwMH0sInNjaGVtYV92ZXJzaW9uIjoiMiJ9",
          "dependencies": [
            "aws_db_subnet_group.db_subnet_group",
            "aws_security_group.db_sg",
            "aws_subnet.database",
            "aws_vpc.main",
            "data.aws_availability_zones.available",
            "random_password.db_password"
          ]
        }
      ]
    },
    {
      "mode": "managed",
      "type": "aws_db_subnet_group",
      "name": "db_subnet_group",
      "provider": "provider[\"registry.terraform.io/hashicorp/aws\"]",
      "instances": [
        {
          "schema_version": 0,
          "attributes": {
            "arn": "arn:aws:rds:ap-south-1:793704350878:subgrp:dev-db-subnet-group",
            "description": "Managed by Terraform",
            "id": "dev-db-subnet-group",
            "name": "dev-db-subnet-group",
            "name_prefix": "",
            "subnet_ids": [
              "subnet-04de2662a5961c5f3",
              "subnet-07016df5d0877b7d2",
              "subnet-081c49b0fff0e396b"
            ],
            "supported_network_types": [
              "IPV4"
            ],
            "tags": {
              "Name": "dev-db-subnet-group"
            },
            "tags_all": {
              "Environment": "dev",
              "ManagedBy": "Terraform",
              "Name": "dev-db-subnet-group",
              "Project": "SocialMediaPlatform"
            },
            "vpc_id": "vpc-068a3560aa45d096f"
          },
          "sensitive_attributes": [],
          "private": "bnVsbA==",
          "dependencies": [
            "aws_subnet.database",
            "aws_vpc.main",
            "data.aws_availability_zones.available"
          ]
        }
      ]
    },
    {
      "mode": "managed",
      "type": "aws_dynamodb_table",
      "name": "feed_items",
      "provider": "provider[\"registry.terraform.io/hashicorp/aws\"]",
      "instances": [
        {
          "schema_version": 1,
          "attributes": {
            "arn": "arn:aws:dynamodb:ap-south-1:793704350878:table/dev-FeedItems",
            "attribute": [
              {
                "name": "postId",
                "type": "S"
              },
              {
                "name": "userId",
                "type": "S"
              }
            ],
            "billing_mode": "PAY_PER_REQUEST",
            "deletion_protection_enabled": false,
            "global_secondary_index": [],
            "hash_key": "userId",
            "id": "dev-FeedItems",
            "import_table": [],
            "local_secondary_index": [],
            "name": "dev-FeedItems",
            "on_demand_throughput": [],
            "point_in_time_recovery": [
              {
                "enabled": true,
                "recovery_period_in_days": 35
              }
            ],
            "range_key": "postId",
            "read_capacity": 0,
            "replica": [],
            "restore_date_time": null,
            "restore_source_name": null,
            "restore_source_table_arn": null,
            "restore_to_latest_time": null,
            "server_side_encryption": [],
            "stream_arn": "",
            "stream_enabled": false,
            "stream_label": "",
            "stream_view_type": "",
            "table_class": "STANDARD",
            "tags": {
              "Name": "dev-FeedItems"
            },
            "tags_all": {
              "Environment": "dev",
              "ManagedBy": "Terraform",
              "Name": "dev-FeedItems",
              "Project": "SocialMediaPlatform"
            },
            "timeouts": null,
            "ttl": [
              {
                "attribute_name": "",
                "enabled": false
              }
            ],
            "write_capacity": 0
          },
          "sensitive_attributes": [],
          "private": "eyJlMmJmYjczMC1lY2FhLTExZTYtOGY4OC0zNDM2M2JjN2M0YzAiOnsiY3JlYXRlIjoxODAwMDAwMDAwMDAwLCJkZWxldGUiOjYwMDAwMDAwMDAwMCwidXBkYXRlIjozNjAwMDAwMDAwMDAwfSwic2NoZW1hX3ZlcnNpb24iOiIxIn0="
        }
      ]
    },
    {
      "mode": "managed",
      "type": "aws_dynamodb_table",
      "name": "notifications",
      "provider": "provider[\"registry.terraform.io/hashicorp/aws\"]",
      "instances": [
        {
          "schema_version": 1,
          "attributes": {
            "arn": "arn:aws:dynamodb:ap-south-1:793704350878:table/dev-Notifications",
            "attribute": [
              {
                "name": "id",
                "type": "S"
              },
              {
                "name": "userId",
                "type": "S"
              }
            ],
            "billing_mode": "PAY_PER_REQUEST",
            "deletion_protection_enabled": false,
            "global_secondary_index": [],
            "hash_key": "userId",
            "id": "dev-Notifications",
            "import_table": [],
            "local_secondary_index": [],
            "name": "dev-Notifications",
            "on_demand_throughput": [],
            "point_in_time_recovery": [
              {
                "enabled": true,
                "recovery_period_in_days": 35
              }
            ],
            "range_key": "id",
            "read_capacity": 0,
            "replica": [],
            "restore_date_time": null,
            "restore_source_name": null,
            "restore_source_table_arn": null,
            "restore_to_latest_time": null,
            "server_side_encryption": [],
            "stream_arn": "",
            "stream_enabled": false,
            "stream_label": "",
            "stream_view_type": "",
            "table_class": "STANDARD",
            "tags": {
              "Name": "dev-Notifications"
            },
            "tags_all": {
              "Environment": "dev",
              "ManagedBy": "Terraform",
              "Name": "dev-Notifications",
              "Project": "SocialMediaPlatform"
            },
            "timeouts": null,
            "ttl": [
              {
                "attribute_name": "",
                "enabled": false
              }
            ],
            "write_capacity": 0
          },
          "sensitive_attributes": [],
          "private": "eyJlMmJmYjczMC1lY2FhLTExZTYtOGY4OC0zNDM2M2JjN2M0YzAiOnsiY3JlYXRlIjoxODAwMDAwMDAwMDAwLCJkZWxldGUiOjYwMDAwMDAwMDAwMCwidXBkYXRlIjozNjAwMDAwMDAwMDAwfSwic2NoZW1hX3ZlcnNpb24iOiIxIn0="
        }
      ]
    },
    {
      "mode": "managed",
      "type": "aws_dynamodb_table",
      "name": "post_comments",
      "provider": "provider[\"registry.terraform.io/hashicorp/aws\"]",
      "instances": [
        {
          "schema_version": 1,
          "attributes": {
            "arn": "arn:aws:dynamodb:ap-south-1:793704350878:table/dev-PostComments",
            "attribute": [
              {
                "name": "id",
                "type": "S"
              },
              {
                "name": "postId",
                "type": "S"
              }
            ],
            "billing_mode": "PAY_PER_REQUEST",
            "deletion_protection_enabled": false,
            "global_secondary_index": [],
            "hash_key": "postId",
            "id": "dev-PostComments",
            "import_table": [],
            "local_secondary_index": [],
            "name": "dev-PostComments",
            "on_demand_throughput": [],
            "point_in_time_recovery": [
              {
                "enabled": true,
                "recovery_period_in_days": 35
              }
            ],
            "range_key": "id",
            "read_capacity": 0,
            "replica": [],
            "restore_date_time": null,
            "restore_source_name": null,
            "restore_source_table_arn": null,
            "restore_to_latest_time": null,
            "server_side_encryption": [],
            "stream_arn": "",
            "stream_enabled": false,
            "stream_label": "",
            "stream_view_type": "",
            "table_class": "STANDARD",
            "tags": {
              "Name": "dev-PostComments"
            },
            "tags_all": {
              "Environment": "dev",
              "ManagedBy": "Terraform",
              "Name": "dev-PostComments",
              "Project": "SocialMediaPlatform"
            },
            "timeouts": null,
            "ttl": [
              {
                "attribute_name": "",
                "enabled": false
              }
            ],
            "write_capacity": 0
          },
          "sensitive_attributes": [],
          "private": "eyJlMmJmYjczMC1lY2FhLTExZTYtOGY4OC0zNDM2M2JjN2M0YzAiOnsiY3JlYXRlIjoxODAwMDAwMDAwMDAwLCJkZWxldGUiOjYwMDAwMDAwMDAwMCwidXBkYXRlIjozNjAwMDAwMDAwMDAwfSwic2NoZW1hX3ZlcnNpb24iOiIxIn0="
        }
      ]
    },
    {
      "mode": "managed",
      "type": "aws_dynamodb_table",
      "name": "post_likes",
      "provider": "provider[\"registry.terraform.io/hashicorp/aws\"]",
      "instances": [
        {
          "schema_version": 1,
          "attributes": {
            "arn": "arn:aws:dynamodb:ap-south-1:793704350878:table/dev-PostLikes",
            "attribute": [
              {
                "name": "postId",
                "type": "S"
              },
              {
                "name": "userId",
                "type": "S"
              }
            ],
            "billing_mode": "PAY_PER_REQUEST",
            "deletion_protection_enabled": false,
            "global_secondary_index": [
              {
                "hash_key": "userId",
                "name": "UserLikesIndex",
                "non_key_attributes": [],
                "on_demand_throughput": [],
                "projection_type": "ALL",
                "range_key": "postId",
                "read_capacity": 0,
                "write_capacity": 0
              }
            ],
            "hash_key": "postId",
            "id": "dev-PostLikes",
            "import_table": [],
            "local_secondary_index": [],
            "name": "dev-PostLikes",
            "on_demand_throughput": [],
            "point_in_time_recovery": [
              {
                "enabled": true,
                "recovery_period_in_days": 35
              }
            ],
            "range_key": "userId",
            "read_capacity": 0,
            "replica": [],
            "restore_date_time": null,
            "restore_source_name": null,
            "restore_source_table_arn": null,
            "restore_to_latest_time": null,
            "server_side_encryption": [],
            "stream_arn": "",
            "stream_enabled": false,
            "stream_label": "",
            "stream_view_type": "",
            "table_class": "STANDARD",
            "tags": {
              "Name": "dev-PostLikes"
            },
            "tags_all": {
              "Environment": "dev",
              "ManagedBy": "Terraform",
              "Name": "dev-PostLikes",
              "Project": "SocialMediaPlatform"
            },
            "timeouts": null,
            "ttl": [
              {
                "attribute_name": "",
                "enabled": false
              }
            ],
            "write_capacity": 0
          },
          "sensitive_attributes": [],
          "private": "eyJlMmJmYjczMC1lY2FhLTExZTYtOGY4OC0zNDM2M2JjN2M0YzAiOnsiY3JlYXRlIjoxODAwMDAwMDAwMDAwLCJkZWxldGUiOjYwMDAwMDAwMDAwMCwidXBkYXRlIjozNjAwMDAwMDAwMDAwfSwic2NoZW1hX3ZlcnNpb24iOiIxIn0="
        }
      ]
    },
    {
      "mode": "managed",
      "type": "aws_dynamodb_table",
      "name": "user_follows",
      "provider": "provider[\"registry.terraform.io/hashicorp/aws\"]",
      "instances": [
        {
          "schema_version": 1,
          "attributes": {
            "arn": "arn:aws:dynamodb:ap-south-1:793704350878:table/dev-UserFollows",
            "attribute": [
              {
                "name": "followerId",
                "type": "S"
              },
              {
                "name": "followingId",
                "type": "S"
              }
            ],
            "billing_mode": "PAY_PER_REQUEST",
            "deletion_protection_enabled": false,
            "global_secondary_index": [
              {
                "hash_key": "followingId",
                "name": "FollowingIndex",
                "non_key_attributes": [],
                "on_demand_throughput": [],
                "projection_type": "ALL",
                "range_key": "followerId",
                "read_capacity": 0,
                "write_capacity": 0
              }
            ],
            "hash_key": "followerId",
            "id": "dev-UserFollows",
            "import_table": [],
            "local_secondary_index": [],
            "name": "dev-UserFollows",
            "on_demand_throughput": [],
            "point_in_time_recovery": [
              {
                "enabled": true,
                "recovery_period_in_days": 35
              }
            ],
            "range_key": "followingId",
            "read_capacity": 0,
            "replica": [],
            "restore_date_time": null,
            "restore_source_name": null,
            "restore_source_table_arn": null,
            "restore_to_latest_time": null,
            "server_side_encryption": [],
            "stream_arn": "",
            "stream_enabled": false,
            "stream_label": "",
            "stream_view_type": "",
            "table_class": "STANDARD",
            "tags": {
              "Name": "dev-UserFollows"
            },
            "tags_all": {
              "Environment": "dev",
              "ManagedBy": "Terraform",
              "Name": "dev-UserFollows",
              "Project": "SocialMediaPlatform"
            },
            "timeouts": null,
            "ttl": [
              {
                "attribute_name": "",
                "enabled": false
              }
            ],
            "write_capacity": 0
          },
          "sensitive_attributes": [],
          "private": "eyJlMmJmYjczMC1lY2FhLTExZTYtOGY4OC0zNDM2M2JjN2M0YzAiOnsiY3JlYXRlIjoxODAwMDAwMDAwMDAwLCJkZWxldGUiOjYwMDAwMDAwMDAwMCwidXBkYXRlIjozNjAwMDAwMDAwMDAwfSwic2NoZW1hX3ZlcnNpb24iOiIxIn0="
        }
      ]
    },
    {
      "mode": "managed",
      "type": "aws_eip",
      "name": "nat",
      "provider": "provider[\"registry.terraform.io/hashicorp/aws\"]",
      "instances": [
        {
          "schema_version": 0,
          "attributes": {
            "address": null,
            "allocation_id": "eipalloc-0f3d36d7cb87ee84f",
            "arn": "arn:aws:ec2:ap-south-1:793704350878:elastic-ip/eipalloc-0f3d36d7cb87ee84f",
            "associate_with_private_ip": null,
            "association_id": "eipassoc-04398db59c63d6fcd",
            "carrier_ip": "",
            "customer_owned_ip": "",
            "customer_owned_ipv4_pool": "",
            "domain": "vpc",
            "id": "eipalloc-0f3d36d7cb87ee84f",
            "instance": "",
            "ipam_pool_id": null,
            "network_border_group": "ap-south-1",
            "network_interface": "eni-048014ddf41191fc6",
            "private_dns": "ip-10-0-13-110.ap-south-1.compute.internal",
            "private_ip": "10.0.13.110",
            "ptr_record": "",
            "public_dns": "ec2-43-204-76-230.ap-south-1.compute.amazonaws.com",
            "public_ip": "43.204.76.230",
            "public_ipv4_pool": "amazon",
            "tags": {
              "Name": "dev-nat-eip"
            },
            "tags_all": {
              "Environment": "dev",
              "ManagedBy": "Terraform",
              "Name": "dev-nat-eip",
              "Project": "SocialMediaPlatform"
            },
            "timeouts": null,
            "vpc": true
          },
          "sensitive_attributes": [],
          "private": "eyJlMmJmYjczMC1lY2FhLTExZTYtOGY4OC0zNDM2M2JjN2M0YzAiOnsiZGVsZXRlIjoxODAwMDAwMDAwMDAsInJlYWQiOjkwMDAwMDAwMDAwMCwidXBkYXRlIjozMDAwMDAwMDAwMDB9fQ=="
        }
      ]
    },
    {
      "mode": "managed",
      "type": "aws_eks_addon",
      "name": "coredns",
      "provider": "provider[\"registry.terraform.io/hashicorp/aws\"]",
      "instances": [
        {
          "schema_version": 0,
          "attributes": {
            "addon_name": "coredns",
            "addon_version": "v1.11.1-eksbuild.4",
            "arn": "arn:aws:eks:ap-south-1:793704350878:addon/social-media-eks/coredns/38cf269a-1e5a-9b6a-e2ad-3d210576fb98",
            "cluster_name": "social-media-eks",
            "configuration_values": "",
            "created_at": "2026-05-22T01:02:09Z",
            "id": "social-media-eks:coredns",
            "modified_at": "2026-05-22T03:42:22Z",
            "pod_identity_association": [],
            "preserve": null,
            "resolve_conflicts": null,
            "resolve_conflicts_on_create": null,
            "resolve_conflicts_on_update": null,
            "service_account_role_arn": "",
            "tags": {},
            "tags_all": {
              "Environment": "dev",
              "ManagedBy": "Terraform",
              "Project": "SocialMediaPlatform"
            },
            "timeouts": null
          },
          "sensitive_attributes": [],
          "private": "eyJlMmJmYjczMC1lY2FhLTExZTYtOGY4OC0zNDM2M2JjN2M0YzAiOnsiY3JlYXRlIjoxMjAwMDAwMDAwMDAwLCJkZWxldGUiOjI0MDAwMDAwMDAwMDAsInVwZGF0ZSI6MTIwMDAwMDAwMDAwMH19",
          "dependencies": [
            "aws_eks_cluster.main",
            "aws_eks_node_group.general",
            "aws_iam_role.eks_cluster",
            "aws_iam_role.eks_nodes",
            "aws_iam_role_policy_attachment.amazon_ec2_container_registry_read_only",
            "aws_iam_role_policy_attachment.amazon_eks_cni_policy",
            "aws_iam_role_policy_attachment.amazon_eks_worker_node_policy",
            "aws_iam_role_policy_attachment.eks_cluster_policy",
            "aws_security_group.eks_cluster",
            "aws_subnet.private",
            "aws_vpc.main",
            "data.aws_availability_zones.available"
          ]
        }
      ]
    },
    {
      "mode": "managed",
      "type": "aws_eks_addon",
      "name": "kube_proxy",
      "provider": "provider[\"registry.terraform.io/hashicorp/aws\"]",
      "instances": [
        {
          "schema_version": 0,
          "attributes": {
            "addon_name": "kube-proxy",
            "addon_version": "v1.28.15-eksbuild.31",
            "arn": "arn:aws:eks:ap-south-1:793704350878:addon/social-media-eks/kube-proxy/5ecf2683-6f49-897d-4140-62bf95493cd2",
            "cluster_name": "social-media-eks",
            "configuration_values": "",
            "created_at": "2026-05-22T00:12:36Z",
            "id": "social-media-eks:kube-proxy",
            "modified_at": "2026-05-22T00:12:53Z",
            "pod_identity_association": [],
            "preserve": null,
            "resolve_conflicts": null,
            "resolve_conflicts_on_create": null,
            "resolve_conflicts_on_update": null,
            "service_account_role_arn": "",
            "tags": {},
            "tags_all": {
              "Environment": "dev",
              "ManagedBy": "Terraform",
              "Project": "SocialMediaPlatform"
            },
            "timeouts": null
          },
          "sensitive_attributes": [],
          "private": "eyJlMmJmYjczMC1lY2FhLTExZTYtOGY4OC0zNDM2M2JjN2M0YzAiOnsiY3JlYXRlIjoxMjAwMDAwMDAwMDAwLCJkZWxldGUiOjI0MDAwMDAwMDAwMDAsInVwZGF0ZSI6MTIwMDAwMDAwMDAwMH19",
          "dependencies": [
            "aws_eks_cluster.main",
            "aws_iam_role.eks_cluster",
            "aws_iam_role_policy_attachment.eks_cluster_policy",
            "aws_security_group.eks_cluster",
            "aws_subnet.private",
            "aws_vpc.main",
            "data.aws_availability_zones.available"
          ]
        }
      ]
    },
    {
      "mode": "managed",
      "type": "aws_eks_addon",
      "name": "vpc_cni",
      "provider": "provider[\"registry.terraform.io/hashicorp/aws\"]",
      "instances": [
        {
          "schema_version": 0,
          "attributes": {
            "addon_name": "vpc-cni",
            "addon_version": "v1.20.4-eksbuild.2",
            "arn": "arn:aws:eks:ap-south-1:793704350878:addon/social-media-eks/vpc-cni/86cf2683-6f49-f163-eeeb-1e9a690b290e",
            "cluster_name": "social-media-eks",
            "configuration_values": "",
            "created_at": "2026-05-22T00:12:36Z",
            "id": "social-media-eks:vpc-cni",
            "modified_at": "2026-05-22T00:12:54Z",
            "pod_identity_association": [],
            "preserve": null,
            "resolve_conflicts": null,
            "resolve_conflicts_on_create": null,
            "resolve_conflicts_on_update": null,
            "service_account_role_arn": "",
            "tags": {},
            "tags_all": {
              "Environment": "dev",
              "ManagedBy": "Terraform",
              "Project": "SocialMediaPlatform"
            },
            "timeouts": null
          },
          "sensitive_attributes": [],
          "private": "eyJlMmJmYjczMC1lY2FhLTExZTYtOGY4OC0zNDM2M2JjN2M0YzAiOnsiY3JlYXRlIjoxMjAwMDAwMDAwMDAwLCJkZWxldGUiOjI0MDAwMDAwMDAwMDAsInVwZGF0ZSI6MTIwMDAwMDAwMDAwMH19",
          "dependencies": [
            "aws_eks_cluster.main",
            "aws_iam_role.eks_cluster",
            "aws_iam_role_policy_attachment.eks_cluster_policy",
            "aws_security_group.eks_cluster",
            "aws_subnet.private",
            "aws_vpc.main",
            "data.aws_availability_zones.available"
          ]
        }
      ]
    },
    {
      "mode": "managed",
      "type": "aws_eks_cluster",
      "name": "main",
      "provider": "provider[\"registry.terraform.io/hashicorp/aws\"]",
      "instances": [
        {
          "schema_version": 1,
          "attributes": {
            "access_config": [
              {
                "authentication_mode": "CONFIG_MAP",
                "bootstrap_cluster_creator_admin_permissions": true
              }
            ],
            "arn": "arn:aws:eks:ap-south-1:793704350878:cluster/social-media-eks",
            "bootstrap_self_managed_addons": true,
            "certificate_authority": [
              {
                "data": "LS0tLS1CRUdJTiBDRVJUSUZJQ0FURS0tLS0tCk1JSURCVENDQWUyZ0F3SUJBZ0lJUjNmTFZYemw5RDB3RFFZSktvWklodmNOQVFFTEJRQXdGVEVUTUJFR0ExVUUKQXhNS2EzVmlaWEp1WlhSbGN6QWVGdzB5TmpBMU1qSXdNREF6TkRWYUZ3MHpOakExTVRrd01EQTRORFZhTUJVeApFekFSQmdOVkJBTVRDbXQxWW1WeWJtVjBaWE13Z2dFaU1BMEdDU3FHU0liM0RRRUJBUVVBQTRJQkR3QXdnZ0VLCkFvSUJBUUMxUUtzN211NG1iWmtBaFdnaTBQV2IzMzdzV3lqNGpJUnhhbE93L1pma2JyOEdGSGZyeDkxQk1XOUMKdWZmVjc2UWJqZXMyYkIvUWVoMW44R2ZsaEszNDRiczBIbGhOWlVmWjkvWGxRUWd2N2p4YlV0RGlZY2hENk50dgo0dHJtWXRmZkxYT2cxd2tHQjJQc2g5UzZLQkZldk1FcXBWbm5OSDJDbERkZnh2QXh6SGNqMXg5QTJvUWdDSzRGCnh5aWpCczB0WkJHUFNVbmpYZXlES2x5M3kxQUVHeVc4SVZuQmJTM3pWYkJJL3ZzR1BwbkdESHhySkZCYWl1dnEKOVkxYk04V0tjZUZxQkJiSUpsNDRuZVRuSTJzRGVPNWZybk9KNkJqTnAxeGJTWThKeEh1eWE0MGNiaGNiUkhPTgplMUpoandNL2xZbUlRY3lyWDcyQmxHRkRHS0tYQWdNQkFBR2pXVEJYTUE0R0ExVWREd0VCL3dRRUF3SUNwREFQCkJnTlZIUk1CQWY4RUJUQURBUUgvTUIwR0ExVWREZ1FXQkJUTXZoVGpwQkZBbC85Z2N6bDBMcXB1ajJmeE56QVYKQmdOVkhSRUVEakFNZ2dwcmRXSmxjbTVsZEdWek1BMEdDU3FHU0liM0RRRUJDd1VBQTRJQkFRQTEyTUFEdkFBVApzQVg4YkNTbWFXYjdGSkZqZ1dkLzl1VGRKYk5DR0FPUFJQN3JFOWdsbW1icGVxWWhkVTRDSEJpc3JvQUZDeEJCCk10aEh1V0d6OExYOS9BSnBORTk3ck95QUhJeEl2WVdNWmNqZkFZaUJlTHkzVVlHUzVKRWJ1MUhyeE9NOFhqVEUKaS9tTWphSFZDMmVNenlrUXFUcFFzQ0pzbDB1aEZSOFFwWUFzNko1cC9GVmVhMm1oczErVDdtK0x4SktVREJWZgpPTVprUDkxVnRrTlRhMGMvQzJjR3YxSVZMcVNBL1ZKeFdpVkl4QU5aRUZNWnF5QkpPZUpDQ1hQNUtYNHVkSWRkCkl4bjRzbklkc1ZXVmFaVEx4b0JJc3RWOW91NVpiVjI5SVA3eklaMG4yUEhXY0UrYkxtdVAyOWlpTnFtSmxXUEgKcUlDdHJJV2hVU2JCCi0tLS0tRU5EIENFUlRJRklDQVRFLS0tLS0K"
              }
            ],
            "cluster_id": null,
            "compute_config": [],
            "created_at": "2026-05-22T00:04:57Z",
            "enabled_cluster_log_types": [],
            "encryption_config": [],
            "endpoint": "https://B64D88A368E96FC60CEB5E39EBA0B93B.gr7.ap-south-1.eks.amazonaws.com",
            "force_update_version": null,
            "id": "social-media-eks",
            "identity": [
              {
                "oidc": [
                  {
                    "issuer": "https://oidc.eks.ap-south-1.amazonaws.com/id/B64D88A368E96FC60CEB5E39EBA0B93B"
                  }
                ]
              }
            ],
            "kubernetes_network_config": [
              {
                "elastic_load_balancing": [
                  {
                    "enabled": false
                  }
                ],
                "ip_family": "ipv4",
                "service_ipv4_cidr": "172.20.0.0/16",
                "service_ipv6_cidr": ""
              }
            ],
            "name": "social-media-eks",
            "outpost_config": [],
            "platform_version": "eks.68",
            "remote_network_config": [],
            "role_arn": "arn:aws:iam::793704350878:role/dev-eks-cluster-role",
            "status": "ACTIVE",
            "storage_config": [],
            "tags": {
              "Name": "social-media-eks"
            },
            "tags_all": {
              "Environment": "dev",
              "ManagedBy": "Terraform",
              "Name": "social-media-eks",
              "Project": "SocialMediaPlatform"
            },
            "timeouts": null,
            "upgrade_policy": [
              {
                "support_type": "EXTENDED"
              }
            ],
            "version": "1.30",
            "vpc_config": [
              {
                "cluster_security_group_id": "sg-0d97cbd807ba19886",
                "endpoint_private_access": true,
                "endpoint_public_access": true,
                "public_access_cidrs": [
                  "0.0.0.0/0"
                ],
                "security_group_ids": [
                  "sg-06774fc4915f07f38"
                ],
                "subnet_ids": [
                  "subnet-0302d5fcd1d946872",
                  "subnet-06030d4f6f40599e3",
                  "subnet-0d2f1f5f43de79dfc"
                ],
                "vpc_id": "vpc-068a3560aa45d096f"
              }
            ],
            "zonal_shift_config": []
          },
          "sensitive_attributes": [],
          "private": "eyJlMmJmYjczMC1lY2FhLTExZTYtOGY4OC0zNDM2M2JjN2M0YzAiOnsiY3JlYXRlIjoxODAwMDAwMDAwMDAwLCJkZWxldGUiOjkwMDAwMDAwMDAwMCwidXBkYXRlIjozNjAwMDAwMDAwMDAwfSwic2NoZW1hX3ZlcnNpb24iOiIxIn0=",
          "dependencies": [
            "aws_iam_role.eks_cluster",
            "aws_iam_role_policy_attachment.eks_cluster_policy",
            "aws_security_group.eks_cluster",
            "aws_subnet.private",
            "aws_vpc.main",
            "data.aws_availability_zones.available"
          ]
        }
      ]
    },
    {
      "mode": "managed",
      "type": "aws_eks_node_group",
      "name": "general",
      "provider": "provider[\"registry.terraform.io/hashicorp/aws\"]",
      "instances": [
        {
          "schema_version": 0,
          "attributes": {
            "ami_type": "AL2_x86_64",
            "arn": "arn:aws:eks:ap-south-1:793704350878:nodegroup/social-media-eks/dev-general-node-group/12cf2699-4474-7d53-bf0e-49cad05349d8",
            "capacity_type": "ON_DEMAND",
            "cluster_name": "social-media-eks",
            "disk_size": 20,
            "force_update_version": null,
            "id": "social-media-eks:dev-general-node-group",
            "instance_types": [
              "t3.micro"
            ],
            "labels": {},
            "launch_template": [],
            "node_group_name": "dev-general-node-group",
            "node_group_name_prefix": "",
            "node_repair_config": [],
            "node_role_arn": "arn:aws:iam::793704350878:role/dev-eks-node-role",
            "release_version": "1.29.15-20251209",
            "remote_access": [],
            "resources": [
              {
                "autoscaling_groups": [
                  {
                    "name": "eks-dev-general-node-group-12cf2699-4474-7d53-bf0e-49cad05349d8"
                  }
                ],
                "remote_access_security_group_id": ""
              }
            ],
            "scaling_config": [
              {
                "desired_size": 2,
                "max_size": 5,
                "min_size": 1
              }
            ],
            "status": "ACTIVE",
            "subnet_ids": [
              "subnet-0302d5fcd1d946872",
              "subnet-06030d4f6f40599e3",
              "subnet-0d2f1f5f43de79dfc"
            ],
            "tags": {
              "Name": "dev-general-nodes"
            },
            "tags_all": {
              "Environment": "dev",
              "ManagedBy": "Terraform",
              "Name": "dev-general-nodes",
              "Project": "SocialMediaPlatform"
            },
            "taint": [],
            "timeouts": null,
            "update_config": [
              {
                "max_unavailable": 1,
                "max_unavailable_percentage": 0
              }
            ],
            "version": "1.29"
          },
          "sensitive_attributes": [],
          "private": "eyJlMmJmYjczMC1lY2FhLTExZTYtOGY4OC0zNDM2M2JjN2M0YzAiOnsiY3JlYXRlIjozNjAwMDAwMDAwMDAwLCJkZWxldGUiOjM2MDAwMDAwMDAwMDAsInVwZGF0ZSI6MzYwMDAwMDAwMDAwMH19",
          "dependencies": [
            "aws_eks_cluster.main",
            "aws_iam_role.eks_cluster",
            "aws_iam_role.eks_nodes",
            "aws_iam_role_policy_attachment.amazon_ec2_container_registry_read_only",
            "aws_iam_role_policy_attachment.amazon_eks_cni_policy",
            "aws_iam_role_policy_attachment.amazon_eks_worker_node_policy",
            "aws_iam_role_policy_attachment.eks_cluster_policy",
            "aws_security_group.eks_cluster",
            "aws_subnet.private",
            "aws_vpc.main",
            "data.aws_availability_zones.available"
          ]
        }
      ]
    },
    {
      "mode": "managed",
      "type": "aws_elasticache_replication_group",
      "name": "redis",
      "provider": "provider[\"registry.terraform.io/hashicorp/aws\"]",
      "instances": [
        {
          "schema_version": 2,
          "attributes": {
            "apply_immediately": null,
            "arn": "arn:aws:elasticache:ap-south-1:793704350878:replicationgroup:dev-social-redis",
            "at_rest_encryption_enabled": "true",
            "auth_token": "",
            "auth_token_update_strategy": "ROTATE",
            "auto_minor_version_upgrade": "true",
            "automatic_failover_enabled": true,
            "cluster_enabled": false,
            "cluster_mode": "disabled",
            "configuration_endpoint_address": null,
            "data_tiering_enabled": false,
            "description": "Redis cluster for feed caching, session storage, and rate limiting",
            "engine": "redis",
            "engine_version": "7.1",
            "engine_version_actual": "7.1.0",
            "final_snapshot_identifier": null,
            "global_replication_group_id": null,
            "id": "dev-social-redis",
            "ip_discovery": "ipv4",
            "kms_key_id": "",
            "log_delivery_configuration": [],
            "maintenance_window": "sun:22:30-sun:23:30",
            "member_clusters": [
              "dev-social-redis-001",
              "dev-social-redis-002"
            ],
            "multi_az_enabled": false,
            "network_type": "ipv4",
            "node_type": "cache.t3.medium",
            "notification_topic_arn": null,
            "num_cache_clusters": 2,
            "num_node_groups": 1,
            "parameter_group_name": "default.redis7",
            "port": 6379,
            "preferred_cache_cluster_azs": null,
            "primary_endpoint_address": "master.dev-social-redis.5zvyz4.aps1.cache.amazonaws.com",
            "reader_endpoint_address": "replica.dev-social-redis.5zvyz4.aps1.cache.amazonaws.com",
            "replicas_per_node_group": 1,
            "replication_group_id": "dev-social-redis",
            "security_group_ids": [
              "sg-0249654626b81e22e"
            ],
            "security_group_names": [],
            "snapshot_arns": null,
            "snapshot_name": null,
            "snapshot_retention_limit": 0,
            "snapshot_window": "03:00-04:00",
            "subnet_group_name": "dev-redis-subnet-group",
            "tags": {
              "Name": "dev-social-redis"
            },
            "tags_all": {
              "Environment": "dev",
              "ManagedBy": "Terraform",
              "Name": "dev-social-redis",
              "Project": "SocialMediaPlatform"
            },
            "timeouts": null,
            "transit_encryption_enabled": true,
            "transit_encryption_mode": "required",
            "user_group_ids": []
          },
          "sensitive_attributes": [],
          "private": "eyJlMmJmYjczMC1lY2FhLTExZTYtOGY4OC0zNDM2M2JjN2M0YzAiOnsiY3JlYXRlIjozNjAwMDAwMDAwMDAwLCJkZWxldGUiOjI3MDAwMDAwMDAwMDAsInVwZGF0ZSI6MjQwMDAwMDAwMDAwMH0sInNjaGVtYV92ZXJzaW9uIjoiMiJ9",
          "dependencies": [
            "aws_elasticache_subnet_group.redis",
            "aws_security_group.redis_sg"
          ]
        }
      ]
    },
    {
      "mode": "managed",
      "type": "aws_elasticache_subnet_group",
      "name": "redis",
      "provider": "provider[\"registry.terraform.io/hashicorp/aws\"]",
      "instances": [
        {
          "schema_version": 0,
          "attributes": {
            "arn": "arn:aws:elasticache:ap-south-1:793704350878:subnetgroup:dev-redis-subnet-group",
            "description": "Managed by Terraform",
            "id": "dev-redis-subnet-group",
            "name": "dev-redis-subnet-group",
            "subnet_ids": [
              "subnet-04de2662a5961c5f3",
              "subnet-07016df5d0877b7d2",
              "subnet-081c49b0fff0e396b"
            ],
            "tags": {},
            "tags_all": {
              "Environment": "dev",
              "ManagedBy": "Terraform",
              "Project": "SocialMediaPlatform"
            },
            "vpc_id": "vpc-068a3560aa45d096f"
          },
          "sensitive_attributes": [],
          "private": "bnVsbA==",
          "dependencies": [
            "aws_subnet.database",
            "aws_vpc.main",
            "data.aws_availability_zones.available"
          ]
        }
      ]
    },
    {
      "mode": "managed",
      "type": "aws_iam_openid_connect_provider",
      "name": "eks",
      "provider": "provider[\"registry.terraform.io/hashicorp/aws\"]",
      "instances": [
        {
          "schema_version": 0,
          "attributes": {
            "arn": "arn:aws:iam::793704350878:oidc-provider/oidc.eks.ap-south-1.amazonaws.com/id/B64D88A368E96FC60CEB5E39EBA0B93B",
            "client_id_list": [
              "sts.amazonaws.com"
            ],
            "id": "arn:aws:iam::793704350878:oidc-provider/oidc.eks.ap-south-1.amazonaws.com/id/B64D88A368E96FC60CEB5E39EBA0B93B",
            "tags": {},
            "tags_all": {
              "Environment": "dev",
              "ManagedBy": "Terraform",
              "Project": "SocialMediaPlatform"
            },
            "thumbprint_list": [
              "06b25927c42a721631c1efd9431e648fa62e1e39"
            ],
            "url": "oidc.eks.ap-south-1.amazonaws.com/id/B64D88A368E96FC60CEB5E39EBA0B93B"
          },
          "sensitive_attributes": [],
          "private": "bnVsbA==",
          "dependencies": [
            "aws_eks_cluster.main",
            "aws_iam_role.eks_cluster",
            "aws_iam_role_policy_attachment.eks_cluster_policy",
            "aws_security_group.eks_cluster",
            "aws_subnet.private",
            "aws_vpc.main",
            "data.aws_availability_zones.available",
            "data.tls_certificate.eks"
          ]
        }
      ]
    },
    {
      "mode": "managed",
      "type": "aws_iam_policy",
      "name": "ecr_readonly",
      "provider": "provider[\"registry.terraform.io/hashicorp/aws\"]",
      "instances": [
        {
          "schema_version": 0,
          "attributes": {
            "arn": "arn:aws:iam::793704350878:policy/dev-eks-ecr-readonly-policy",
            "attachment_count": 0,
            "description": "Allows read-only access to ECR repositories",
            "id": "arn:aws:iam::793704350878:policy/dev-eks-ecr-readonly-policy",
            "name": "dev-eks-ecr-readonly-policy",
            "name_prefix": "",
            "path": "/",
            "policy": "{\"Statement\":[{\"Action\":[\"ecr:GetAuthorizationToken\",\"ecr:BatchCheckLayerAvailability\",\"ecr:GetDownloadUrlForLayer\",\"ecr:BatchGetImage\"],\"Effect\":\"Allow\",\"Resource\":\"*\"}],\"Version\":\"2012-10-17\"}",
            "policy_id": "ANPA3RTDXISPIDGM2CVEU",
            "tags": {},
            "tags_all": {
              "Environment": "dev",
              "ManagedBy": "Terraform",
              "Project": "SocialMediaPlatform"
            }
          },
          "sensitive_attributes": [],
          "private": "bnVsbA=="
        }
      ]
    },
    {
      "mode": "managed",
      "type": "aws_iam_policy",
      "name": "interaction_db_policy",
      "provider": "provider[\"registry.terraform.io/hashicorp/aws\"]",
      "instances": [
        {
          "schema_version": 0,
          "attributes": {
            "arn": "arn:aws:iam::793704350878:policy/dev-interaction-db-policy",
            "attachment_count": 1,
            "description": "Allows access to DynamoDB tables for Interaction service",
            "id": "arn:aws:iam::793704350878:policy/dev-interaction-db-policy",
            "name": "dev-interaction-db-policy",
            "name_prefix": "",
            "path": "/",
            "policy": "{\"Statement\":[{\"Action\":[\"dynamodb:GetItem\",\"dynamodb:PutItem\",\"dynamodb:UpdateItem\",\"dynamodb:DeleteItem\",\"dynamodb:Query\",\"dynamodb:Scan\"],\"Effect\":\"Allow\",\"Resource\":[\"arn:aws:dynamodb:ap-south-1:793704350878:table/dev-PostLikes\",\"arn:aws:dynamodb:ap-south-1:793704350878:table/dev-PostLikes/index/*\",\"arn:aws:dynamodb:ap-south-1:793704350878:table/dev-PostComments\"]}],\"Version\":\"2012-10-17\"}",
            "policy_id": "ANPA3RTDXISPBFHHHW27A",
            "tags": {},
            "tags_all": {
              "Environment": "dev",
              "ManagedBy": "Terraform",
              "Project": "SocialMediaPlatform"
            }
          },
          "sensitive_attributes": [],
          "private": "bnVsbA==",
          "dependencies": [
            "aws_dynamodb_table.post_comments",
            "aws_dynamodb_table.post_likes"
          ]
        }
      ]
    },
    {
      "mode": "managed",
      "type": "aws_iam_policy",
      "name": "notification_db_policy",
      "provider": "provider[\"registry.terraform.io/hashicorp/aws\"]",
      "instances": [
        {
          "schema_version": 0,
          "attributes": {
            "arn": "arn:aws:iam::793704350878:policy/dev-notification-db-policy",
            "attachment_count": 1,
            "description": "Allows access to Notifications table in DynamoDB",
            "id": "arn:aws:iam::793704350878:policy/dev-notification-db-policy",
            "name": "dev-notification-db-policy",
            "name_prefix": "",
            "path": "/",
            "policy": "{\"Statement\":[{\"Action\":[\"dynamodb:GetItem\",\"dynamodb:PutItem\",\"dynamodb:UpdateItem\",\"dynamodb:DeleteItem\",\"dynamodb:Query\",\"dynamodb:Scan\"],\"Effect\":\"Allow\",\"Resource\":[\"arn:aws:dynamodb:ap-south-1:793704350878:table/dev-Notifications\"]}],\"Version\":\"2012-10-17\"}",
            "policy_id": "ANPA3RTDXISPHJH2HRQN4",
            "tags": {},
            "tags_all": {
              "Environment": "dev",
              "ManagedBy": "Terraform",
              "Project": "SocialMediaPlatform"
            }
          },
          "sensitive_attributes": [],
          "private": "bnVsbA==",
          "dependencies": [
            "aws_dynamodb_table.notifications"
          ]
        }
      ]
    },
    {
      "mode": "managed",
      "type": "aws_iam_role",
      "name": "ebs_csi",
      "provider": "provider[\"registry.terraform.io/hashicorp/aws\"]",
      "instances": [
        {
          "schema_version": 0,
          "attributes": {
            "arn": "arn:aws:iam::793704350878:role/dev-ebs-csi-role-20260522031234935800000001",
            "assume_role_policy": "{\"Statement\":[{\"Action\":\"sts:AssumeRoleWithWebIdentity\",\"Condition\":{\"StringEquals\":{\"oidc.eks.ap-south-1.amazonaws.com/id/B64D88A368E96FC60CEB5E39EBA0B93B:aud\":\"sts.amazonaws.com\",\"oidc.eks.ap-south-1.amazonaws.com/id/B64D88A368E96FC60CEB5E39EBA0B93B:sub\":\"system:serviceaccount:kube-system:ebs-csi-controller-sa\"}},\"Effect\":\"Allow\",\"Principal\":{\"Federated\":\"arn:aws:iam::793704350878:oidc-provider/oidc.eks.ap-south-1.amazonaws.com/id/B64D88A368E96FC60CEB5E39EBA0B93B\"}}],\"Version\":\"2012-10-17\"}",
            "create_date": "2026-05-22T03:12:35Z",
            "description": "",
            "force_detach_policies": false,
            "id": "dev-ebs-csi-role-20260522031234935800000001",
            "inline_policy": [],
            "managed_policy_arns": [
              "arn:aws:iam::aws:policy/service-role/AmazonEBSCSIDriverPolicy"
            ],
            "max_session_duration": 3600,
            "name": "dev-ebs-csi-role-20260522031234935800000001",
            "name_prefix": "dev-ebs-csi-role-",
            "path": "/",
            "permissions_boundary": "",
            "tags": {},
            "tags_all": {
              "Environment": "dev",
              "ManagedBy": "Terraform",
              "Project": "SocialMediaPlatform"
            },
            "unique_id": "AROA3RTDXISPPWKKOK2VH"
          },
          "sensitive_attributes": [],
          "private": "bnVsbA==",
          "dependencies": [
            "aws_eks_cluster.main",
            "aws_iam_openid_connect_provider.eks",
            "aws_iam_role.eks_cluster",
            "aws_iam_role_policy_attachment.eks_cluster_policy",
            "aws_security_group.eks_cluster",
            "aws_subnet.private",
            "aws_vpc.main",
            "data.aws_availability_zones.available",
            "data.aws_iam_policy_document.ebs_csi_assume_role",
            "data.tls_certificate.eks"
          ]
        }
      ]
    },
    {
      "mode": "managed",
      "type": "aws_iam_role",
      "name": "eks_cluster",
      "provider": "provider[\"registry.terraform.io/hashicorp/aws\"]",
      "instances": [
        {
          "schema_version": 0,
          "attributes": {
            "arn": "arn:aws:iam::793704350878:role/dev-eks-cluster-role",
            "assume_role_policy": "{\"Statement\":[{\"Action\":\"sts:AssumeRole\",\"Effect\":\"Allow\",\"Principal\":{\"Service\":\"eks.amazonaws.com\"}}],\"Version\":\"2012-10-17\"}",
            "create_date": "2026-05-22T00:04:37Z",
            "description": "",
            "force_detach_policies": false,
            "id": "dev-eks-cluster-role",
            "inline_policy": [],
            "managed_policy_arns": [
              "arn:aws:iam::aws:policy/AmazonEKSClusterPolicy"
            ],
            "max_session_duration": 3600,
            "name": "dev-eks-cluster-role",
            "name_prefix": "",
            "path": "/",
            "permissions_boundary": "",
            "tags": {},
            "tags_all": {
              "Environment": "dev",
              "ManagedBy": "Terraform",
              "Project": "SocialMediaPlatform"
            },
            "unique_id": "AROA3RTDXISPBQ4GFTV2R"
          },
          "sensitive_attributes": [],
          "private": "bnVsbA=="
        }
      ]
    },
    {
      "mode": "managed",
      "type": "aws_iam_role",
      "name": "eks_nodes",
      "provider": "provider[\"registry.terraform.io/hashicorp/aws\"]",
      "instances": [
        {
          "schema_version": 0,
          "attributes": {
            "arn": "arn:aws:iam::793704350878:role/dev-eks-node-role",
            "assume_role_policy": "{\"Statement\":[{\"Action\":\"sts:AssumeRole\",\"Effect\":\"Allow\",\"Principal\":{\"Service\":\"ec2.amazonaws.com\"}}],\"Version\":\"2012-10-17\"}",
            "create_date": "2026-05-22T00:04:36Z",
            "description": "",
            "force_detach_policies": false,
            "id": "dev-eks-node-role",
            "inline_policy": [],
            "managed_policy_arns": [
              "arn:aws:iam::aws:policy/AmazonEC2ContainerRegistryReadOnly",
              "arn:aws:iam::aws:policy/AmazonEKSWorkerNodePolicy",
              "arn:aws:iam::aws:policy/AmazonEKS_CNI_Policy"
            ],
            "max_session_duration": 3600,
            "name": "dev-eks-node-role",
            "name_prefix": "",
            "path": "/",
            "permissions_boundary": "",
            "tags": {},
            "tags_all": {
              "Environment": "dev",
              "ManagedBy": "Terraform",
              "Project": "SocialMediaPlatform"
            },
            "unique_id": "AROA3RTDXISPAFJTG3DX4"
          },
          "sensitive_attributes": [],
          "private": "bnVsbA=="
        }
      ]
    },
    {
      "mode": "managed",
      "type": "aws_iam_role",
      "name": "feed_service",
      "provider": "provider[\"registry.terraform.io/hashicorp/aws\"]",
      "instances": [
        {
          "schema_version": 0,
          "attributes": {
            "arn": "arn:aws:iam::793704350878:role/dev-feed-service-role",
            "assume_role_policy": "{\"Statement\":[{\"Action\":\"sts:AssumeRoleWithWebIdentity\",\"Condition\":{\"StringEquals\":{\"oidc.eks.ap-south-1.amazonaws.com/id/B64D88A368E96FC60CEB5E39EBA0B93B:aud\":\"sts.amazonaws.com\",\"oidc.eks.ap-south-1.amazonaws.com/id/B64D88A368E96FC60CEB5E39EBA0B93B:sub\":\"system:serviceaccount:dev:feed-service-sa\"}},\"Effect\":\"Allow\",\"Principal\":{\"Federated\":\"arn:aws:iam::793704350878:oidc-provider/oidc.eks.ap-south-1.amazonaws.com/id/B64D88A368E96FC60CEB5E39EBA0B93B\"}}],\"Version\":\"2012-10-17\"}",
            "create_date": "2026-05-22T00:12:37Z",
            "description": "",
            "force_detach_policies": false,
            "id": "dev-feed-service-role",
            "inline_policy": [
              {
                "name": "dev-feed-sqs-policy",
                "policy": "{\"Version\":\"2012-10-17\",\"Statement\":[{\"Action\":[\"sqs:ReceiveMessage\",\"sqs:DeleteMessage\",\"sqs:GetQueueAttributes\"],\"Effect\":\"Allow\",\"Resource\":\"arn:aws:sqs:ap-south-1:793704350878:dev-social-fanout-queue\"}]}"
              }
            ],
            "managed_policy_arns": [],
            "max_session_duration": 3600,
            "name": "dev-feed-service-role",
            "name_prefix": "",
            "path": "/",
            "permissions_boundary": "",
            "tags": {},
            "tags_all": {
              "Environment": "dev",
              "ManagedBy": "Terraform",
              "Project": "SocialMediaPlatform"
            },
            "unique_id": "AROA3RTDXISPN3RD7D35R"
          },
          "sensitive_attributes": [],
          "private": "bnVsbA==",
          "dependencies": [
            "aws_eks_cluster.main",
            "aws_iam_openid_connect_provider.eks",
            "aws_iam_role.eks_cluster",
            "aws_iam_role_policy_attachment.eks_cluster_policy",
            "aws_security_group.eks_cluster",
            "aws_subnet.private",
            "aws_vpc.main",
            "data.aws_availability_zones.available",
            "data.aws_iam_policy_document.irsa_assume_role",
            "data.tls_certificate.eks"
          ]
        }
      ]
    },
    {
      "mode": "managed",
      "type": "aws_iam_role",
      "name": "interaction_service",
      "provider": "provider[\"registry.terraform.io/hashicorp/aws\"]",
      "instances": [
        {
          "schema_version": 0,
          "attributes": {
            "arn": "arn:aws:iam::793704350878:role/dev-interaction-service-role",
            "assume_role_policy": "{\"Statement\":[{\"Action\":\"sts:AssumeRoleWithWebIdentity\",\"Condition\":{\"StringEquals\":{\"oidc.eks.ap-south-1.amazonaws.com/id/B64D88A368E96FC60CEB5E39EBA0B93B:aud\":\"sts.amazonaws.com\",\"oidc.eks.ap-south-1.amazonaws.com/id/B64D88A368E96FC60CEB5E39EBA0B93B:sub\":\"system:serviceaccount:dev:interaction-service-sa\"}},\"Effect\":\"Allow\",\"Principal\":{\"Federated\":\"arn:aws:iam::793704350878:oidc-provider/oidc.eks.ap-south-1.amazonaws.com/id/B64D88A368E96FC60CEB5E39EBA0B93B\"}}],\"Version\":\"2012-10-17\"}",
            "create_date": "2026-05-22T00:12:37Z",
            "description": "",
            "force_detach_policies": false,
            "id": "dev-interaction-service-role",
            "inline_policy": [
              {
                "name": "dev-interaction-sns-publish-policy",
                "policy": "{\"Version\":\"2012-10-17\",\"Statement\":[{\"Action\":\"sns:Publish\",\"Effect\":\"Allow\",\"Resource\":\"arn:aws:sns:ap-south-1:793704350878:dev-user-notifications-topic\"}]}"
              }
            ],
            "managed_policy_arns": [
              "arn:aws:iam::793704350878:policy/dev-interaction-db-policy"
            ],
            "max_session_duration": 3600,
            "name": "dev-interaction-service-role",
            "name_prefix": "",
            "path": "/",
            "permissions_boundary": "",
            "tags": {},
            "tags_all": {
              "Environment": "dev",
              "ManagedBy": "Terraform",
              "Project": "SocialMediaPlatform"
            },
            "unique_id": "AROA3RTDXISPAENQGYQX7"
          },
          "sensitive_attributes": [],
          "private": "bnVsbA==",
          "dependencies": [
            "aws_eks_cluster.main",
            "aws_iam_openid_connect_provider.eks",
            "aws_iam_role.eks_cluster",
            "aws_iam_role_policy_attachment.eks_cluster_policy",
            "aws_security_group.eks_cluster",
            "aws_subnet.private",
            "aws_vpc.main",
            "data.aws_availability_zones.available",
            "data.aws_iam_policy_document.irsa_assume_role",
            "data.tls_certificate.eks"
          ]
        }
      ]
    },
    {
      "mode": "managed",
      "type": "aws_iam_role",
      "name": "media_service",
      "provider": "provider[\"registry.terraform.io/hashicorp/aws\"]",
      "instances": [
        {
          "schema_version": 0,
          "attributes": {
            "arn": "arn:aws:iam::793704350878:role/dev-media-service-role",
            "assume_role_policy": "{\"Statement\":[{\"Action\":\"sts:AssumeRoleWithWebIdentity\",\"Condition\":{\"StringEquals\":{\"oidc.eks.ap-south-1.amazonaws.com/id/B64D88A368E96FC60CEB5E39EBA0B93B:aud\":\"sts.amazonaws.com\",\"oidc.eks.ap-south-1.amazonaws.com/id/B64D88A368E96FC60CEB5E39EBA0B93B:sub\":\"system:serviceaccount:dev:media-service-sa\"}},\"Effect\":\"Allow\",\"Principal\":{\"Federated\":\"arn:aws:iam::793704350878:oidc-provider/oidc.eks.ap-south-1.amazonaws.com/id/B64D88A368E96FC60CEB5E39EBA0B93B\"}}],\"Version\":\"2012-10-17\"}",
            "create_date": "2026-05-22T00:12:37Z",
            "description": "",
            "force_detach_policies": false,
            "id": "dev-media-service-role",
            "inline_policy": [
              {
                "name": "dev-media-s3-policy",
                "policy": "{\"Version\":\"2012-10-17\",\"Statement\":[{\"Action\":[\"s3:PutObject\",\"s3:GetObject\",\"s3:DeleteObject\",\"s3:ListBucket\"],\"Effect\":\"Allow\",\"Resource\":[\"arn:aws:s3:::dev-social-media-attachments-793704350878\",\"arn:aws:s3:::dev-social-media-attachments-793704350878/*\"]}]}"
              }
            ],
            "managed_policy_arns": [],
            "max_session_duration": 3600,
            "name": "dev-media-service-role",
            "name_prefix": "",
            "path": "/",
            "permissions_boundary": "",
            "tags": {},
            "tags_all": {
              "Environment": "dev",
              "ManagedBy": "Terraform",
              "Project": "SocialMediaPlatform"
            },
            "unique_id": "AROA3RTDXISPMLEXGBRD3"
          },
          "sensitive_attributes": [],
          "private": "bnVsbA==",
          "dependencies": [
            "aws_eks_cluster.main",
            "aws_iam_openid_connect_provider.eks",
            "aws_iam_role.eks_cluster",
            "aws_iam_role_policy_attachment.eks_cluster_policy",
            "aws_security_group.eks_cluster",
            "aws_subnet.private",
            "aws_vpc.main",
            "data.aws_availability_zones.available",
            "data.aws_iam_policy_document.irsa_assume_role",
            "data.tls_certificate.eks"
          ]
        }
      ]
    },
    {
      "mode": "managed",
      "type": "aws_iam_role",
      "name": "notification_service",
      "provider": "provider[\"registry.terraform.io/hashicorp/aws\"]",
      "instances": [
        {
          "schema_version": 0,
          "attributes": {
            "arn": "arn:aws:iam::793704350878:role/dev-notification-service-role",
            "assume_role_policy": "{\"Statement\":[{\"Action\":\"sts:AssumeRoleWithWebIdentity\",\"Condition\":{\"StringEquals\":{\"oidc.eks.ap-south-1.amazonaws.com/id/B64D88A368E96FC60CEB5E39EBA0B93B:aud\":\"sts.amazonaws.com\",\"oidc.eks.ap-south-1.amazonaws.com/id/B64D88A368E96FC60CEB5E39EBA0B93B:sub\":\"system:serviceaccount:dev:notification-service-sa\"}},\"Effect\":\"Allow\",\"Principal\":{\"Federated\":\"arn:aws:iam::793704350878:oidc-provider/oidc.eks.ap-south-1.amazonaws.com/id/B64D88A368E96FC60CEB5E39EBA0B93B\"}}],\"Version\":\"2012-10-17\"}",
            "create_date": "2026-05-22T00:12:37Z",
            "description": "",
            "force_detach_policies": false,
            "id": "dev-notification-service-role",
            "inline_policy": [
              {
                "name": "dev-notification-sqs-policy",
                "policy": "{\"Version\":\"2012-10-17\",\"Statement\":[{\"Action\":[\"sqs:ReceiveMessage\",\"sqs:DeleteMessage\",\"sqs:GetQueueAttributes\"],\"Effect\":\"Allow\",\"Resource\":\"arn:aws:sqs:ap-south-1:793704350878:dev-user-notifications-queue\"}]}"
              }
            ],
            "managed_policy_arns": [
              "arn:aws:iam::793704350878:policy/dev-notification-db-policy"
            ],
            "max_session_duration": 3600,
            "name": "dev-notification-service-role",
            "name_prefix": "",
            "path": "/",
            "permissions_boundary": "",
            "tags": {},
            "tags_all": {
              "Environment": "dev",
              "ManagedBy": "Terraform",
              "Project": "SocialMediaPlatform"
            },
            "unique_id": "AROA3RTDXISPDNZXW3K4A"
          },
          "sensitive_attributes": [],
          "private": "bnVsbA==",
          "dependencies": [
            "aws_eks_cluster.main",
            "aws_iam_openid_connect_provider.eks",
            "aws_iam_role.eks_cluster",
            "aws_iam_role_policy_attachment.eks_cluster_policy",
            "aws_security_group.eks_cluster",
            "aws_subnet.private",
            "aws_vpc.main",
            "data.aws_availability_zones.available",
            "data.aws_iam_policy_document.irsa_assume_role",
            "data.tls_certificate.eks"
          ]
        }
      ]
    },
    {
      "mode": "managed",
      "type": "aws_iam_role",
      "name": "post_service",
      "provider": "provider[\"registry.terraform.io/hashicorp/aws\"]",
      "instances": [
        {
          "schema_version": 0,
          "attributes": {
            "arn": "arn:aws:iam::793704350878:role/dev-post-service-role",
            "assume_role_policy": "{\"Statement\":[{\"Action\":\"sts:AssumeRoleWithWebIdentity\",\"Condition\":{\"StringEquals\":{\"oidc.eks.ap-south-1.amazonaws.com/id/B64D88A368E96FC60CEB5E39EBA0B93B:aud\":\"sts.amazonaws.com\",\"oidc.eks.ap-south-1.amazonaws.com/id/B64D88A368E96FC60CEB5E39EBA0B93B:sub\":\"system:serviceaccount:dev:post-service-sa\"}},\"Effect\":\"Allow\",\"Principal\":{\"Federated\":\"arn:aws:iam::793704350878:oidc-provider/oidc.eks.ap-south-1.amazonaws.com/id/B64D88A368E96FC60CEB5E39EBA0B93B\"}}],\"Version\":\"2012-10-17\"}",
            "create_date": "2026-05-22T00:12:37Z",
            "description": "",
            "force_detach_policies": false,
            "id": "dev-post-service-role",
            "inline_policy": [
              {
                "name": "dev-sns-publish-policy",
                "policy": "{\"Version\":\"2012-10-17\",\"Statement\":[{\"Action\":\"sns:Publish\",\"Effect\":\"Allow\",\"Resource\":[\"arn:aws:sns:ap-south-1:793704350878:dev-user-notifications-topic\",\"arn:aws:sns:ap-south-1:793704350878:dev-search-indexing-topic\"]}]}"
              }
            ],
            "managed_policy_arns": [],
            "max_session_duration": 3600,
            "name": "dev-post-service-role",
            "name_prefix": "",
            "path": "/",
            "permissions_boundary": "",
            "tags": {},
            "tags_all": {
              "Environment": "dev",
              "ManagedBy": "Terraform",
              "Project": "SocialMediaPlatform"
            },
            "unique_id": "AROA3RTDXISPKNIMBIZ4N"
          },
          "sensitive_attributes": [],
          "private": "bnVsbA==",
          "dependencies": [
            "aws_eks_cluster.main",
            "aws_iam_openid_connect_provider.eks",
            "aws_iam_role.eks_cluster",
            "aws_iam_role_policy_attachment.eks_cluster_policy",
            "aws_security_group.eks_cluster",
            "aws_subnet.private",
            "aws_vpc.main",
            "data.aws_availability_zones.available",
            "data.aws_iam_policy_document.irsa_assume_role",
            "data.tls_certificate.eks"
          ]
        }
      ]
    },
    {
      "mode": "managed",
      "type": "aws_iam_role",
      "name": "search_service",
      "provider": "provider[\"registry.terraform.io/hashicorp/aws\"]",
      "instances": [
        {
          "schema_version": 0,
          "attributes": {
            "arn": "arn:aws:iam::793704350878:role/dev-search-service-role",
            "assume_role_policy": "{\"Statement\":[{\"Action\":\"sts:AssumeRoleWithWebIdentity\",\"Condition\":{\"StringEquals\":{\"oidc.eks.ap-south-1.amazonaws.com/id/B64D88A368E96FC60CEB5E39EBA0B93B:aud\":\"sts.amazonaws.com\",\"oidc.eks.ap-south-1.amazonaws.com/id/B64D88A368E96FC60CEB5E39EBA0B93B:sub\":\"system:serviceaccount:dev:search-service-sa\"}},\"Effect\":\"Allow\",\"Principal\":{\"Federated\":\"arn:aws:iam::793704350878:oidc-provider/oidc.eks.ap-south-1.amazonaws.com/id/B64D88A368E96FC60CEB5E39EBA0B93B\"}}],\"Version\":\"2012-10-17\"}",
            "create_date": "2026-05-22T00:12:37Z",
            "description": "",
            "force_detach_policies": false,
            "id": "dev-search-service-role",
            "inline_policy": [
              {
                "name": "dev-search-sqs-policy",
                "policy": "{\"Version\":\"2012-10-17\",\"Statement\":[{\"Action\":[\"sqs:ReceiveMessage\",\"sqs:DeleteMessage\",\"sqs:GetQueueAttributes\"],\"Effect\":\"Allow\",\"Resource\":\"arn:aws:sqs:ap-south-1:793704350878:dev-search-indexing-queue\"}]}"
              }
            ],
            "managed_policy_arns": [],
            "max_session_duration": 3600,
            "name": "dev-search-service-role",
            "name_prefix": "",
            "path": "/",
            "permissions_boundary": "",
            "tags": {},
            "tags_all": {
              "Environment": "dev",
              "ManagedBy": "Terraform",
              "Project": "SocialMediaPlatform"
            },
            "unique_id": "AROA3RTDXISPEBAZVYI5P"
          },
          "sensitive_attributes": [],
          "private": "bnVsbA==",
          "dependencies": [
            "aws_eks_cluster.main",
            "aws_iam_openid_connect_provider.eks",
            "aws_iam_role.eks_cluster",
            "aws_iam_role_policy_attachment.eks_cluster_policy",
            "aws_security_group.eks_cluster",
            "aws_subnet.private",
            "aws_vpc.main",
            "data.aws_availability_zones.available",
            "data.aws_iam_policy_document.irsa_assume_role",
            "data.tls_certificate.eks"
          ]
        }
      ]
    },
    {
      "mode": "managed",
      "type": "aws_iam_role",
      "name": "user_service",
      "provider": "provider[\"registry.terraform.io/hashicorp/aws\"]",
      "instances": [
        {
          "schema_version": 0,
          "attributes": {
            "arn": "arn:aws:iam::793704350878:role/dev-user-service-role",
            "assume_role_policy": "{\"Statement\":[{\"Action\":\"sts:AssumeRoleWithWebIdentity\",\"Condition\":{\"StringEquals\":{\"oidc.eks.ap-south-1.amazonaws.com/id/B64D88A368E96FC60CEB5E39EBA0B93B:aud\":\"sts.amazonaws.com\",\"oidc.eks.ap-south-1.amazonaws.com/id/B64D88A368E96FC60CEB5E39EBA0B93B:sub\":\"system:serviceaccount:dev:user-service-sa\"}},\"Effect\":\"Allow\",\"Principal\":{\"Federated\":\"arn:aws:iam::793704350878:oidc-provider/oidc.eks.ap-south-1.amazonaws.com/id/B64D88A368E96FC60CEB5E39EBA0B93B\"}}],\"Version\":\"2012-10-17\"}",
            "create_date": "2026-05-22T00:12:37Z",
            "description": "",
            "force_detach_policies": false,
            "id": "dev-user-service-role",
            "inline_policy": [
              {
                "name": "dev-user-sns-publish-policy",
                "policy": "{\"Version\":\"2012-10-17\",\"Statement\":[{\"Action\":\"sns:Publish\",\"Effect\":\"Allow\",\"Resource\":\"arn:aws:sns:ap-south-1:793704350878:dev-user-notifications-topic\"}]}"
              }
            ],
            "managed_policy_arns": [],
            "max_session_duration": 3600,
            "name": "dev-user-service-role",
            "name_prefix": "",
            "path": "/",
            "permissions_boundary": "",
            "tags": {},
            "tags_all": {
              "Environment": "dev",
              "ManagedBy": "Terraform",
              "Project": "SocialMediaPlatform"
            },
            "unique_id": "AROA3RTDXISPARXYNFWGG"
          },
          "sensitive_attributes": [],
          "private": "bnVsbA==",
          "dependencies": [
            "aws_eks_cluster.main",
            "aws_iam_openid_connect_provider.eks",
            "aws_iam_role.eks_cluster",
            "aws_iam_role_policy_attachment.eks_cluster_policy",
            "aws_security_group.eks_cluster",
            "aws_subnet.private",
            "aws_vpc.main",
            "data.aws_availability_zones.available",
            "data.aws_iam_policy_document.irsa_assume_role",
            "data.tls_certificate.eks"
          ]
        }
      ]
    },
    {
      "mode": "managed",
      "type": "aws_iam_role_policy",
      "name": "feed_sqs",
      "provider": "provider[\"registry.terraform.io/hashicorp/aws\"]",
      "instances": [
        {
          "schema_version": 0,
          "attributes": {
            "id": "dev-feed-service-role:dev-feed-sqs-policy",
            "name": "dev-feed-sqs-policy",
            "name_prefix": "",
            "policy": "{\"Version\":\"2012-10-17\",\"Statement\":[{\"Action\":[\"sqs:ReceiveMessage\",\"sqs:DeleteMessage\",\"sqs:GetQueueAttributes\"],\"Effect\":\"Allow\",\"Resource\":\"arn:aws:sqs:ap-south-1:793704350878:dev-social-fanout-queue\"}]}",
            "role": "dev-feed-service-role"
          },
          "sensitive_attributes": [],
          "private": "bnVsbA==",
          "dependencies": [
            "aws_eks_cluster.main",
            "aws_iam_openid_connect_provider.eks",
            "aws_iam_role.eks_cluster",
            "aws_iam_role.feed_service",
            "aws_iam_role_policy_attachment.eks_cluster_policy",
            "aws_security_group.eks_cluster",
            "aws_sqs_queue.social_fanout",
            "aws_subnet.private",
            "aws_vpc.main",
            "data.aws_availability_zones.available",
            "data.aws_iam_policy_document.irsa_assume_role",
            "data.tls_certificate.eks"
          ]
        }
      ]
    },
    {
      "mode": "managed",
      "type": "aws_iam_role_policy",
      "name": "interaction_sns_publish",
      "provider": "provider[\"registry.terraform.io/hashicorp/aws\"]",
      "instances": [
        {
          "schema_version": 0,
          "attributes": {
            "id": "dev-interaction-service-role:dev-interaction-sns-publish-policy",
            "name": "dev-interaction-sns-publish-policy",
            "name_prefix": "",
            "policy": "{\"Version\":\"2012-10-17\",\"Statement\":[{\"Action\":\"sns:Publish\",\"Effect\":\"Allow\",\"Resource\":\"arn:aws:sns:ap-south-1:793704350878:dev-user-notifications-topic\"}]}",
            "role": "dev-interaction-service-role"
          },
          "sensitive_attributes": [],
          "private": "bnVsbA==",
          "dependencies": [
            "aws_eks_cluster.main",
            "aws_iam_openid_connect_provider.eks",
            "aws_iam_role.eks_cluster",
            "aws_iam_role.interaction_service",
            "aws_iam_role_policy_attachment.eks_cluster_policy",
            "aws_security_group.eks_cluster",
            "aws_sns_topic.user_notifications",
            "aws_subnet.private",
            "aws_vpc.main",
            "data.aws_availability_zones.available",
            "data.aws_iam_policy_document.irsa_assume_role",
            "data.tls_certificate.eks"
          ]
        }
      ]
    },
    {
      "mode": "managed",
      "type": "aws_iam_role_policy",
      "name": "media_s3",
      "provider": "provider[\"registry.terraform.io/hashicorp/aws\"]",
      "instances": [
        {
          "schema_version": 0,
          "attributes": {
            "id": "dev-media-service-role:dev-media-s3-policy",
            "name": "dev-media-s3-policy",
            "name_prefix": "",
            "policy": "{\"Version\":\"2012-10-17\",\"Statement\":[{\"Action\":[\"s3:PutObject\",\"s3:GetObject\",\"s3:DeleteObject\",\"s3:ListBucket\"],\"Effect\":\"Allow\",\"Resource\":[\"arn:aws:s3:::dev-social-media-attachments-793704350878\",\"arn:aws:s3:::dev-social-media-attachments-793704350878/*\"]}]}",
            "role": "dev-media-service-role"
          },
          "sensitive_attributes": [],
          "private": "bnVsbA==",
          "dependencies": [
            "aws_eks_cluster.main",
            "aws_iam_openid_connect_provider.eks",
            "aws_iam_role.eks_cluster",
            "aws_iam_role.media_service",
            "aws_iam_role_policy_attachment.eks_cluster_policy",
            "aws_s3_bucket.attachments",
            "aws_security_group.eks_cluster",
            "aws_subnet.private",
            "aws_vpc.main",
            "data.aws_availability_zones.available",
            "data.aws_caller_identity.current",
            "data.aws_iam_policy_document.irsa_assume_role",
            "data.tls_certificate.eks"
          ]
        }
      ]
    },
    {
      "mode": "managed",
      "type": "aws_iam_role_policy",
      "name": "notification_sqs",
      "provider": "provider[\"registry.terraform.io/hashicorp/aws\"]",
      "instances": [
        {
          "schema_version": 0,
          "attributes": {
            "id": "dev-notification-service-role:dev-notification-sqs-policy",
            "name": "dev-notification-sqs-policy",
            "name_prefix": "",
            "policy": "{\"Version\":\"2012-10-17\",\"Statement\":[{\"Action\":[\"sqs:ReceiveMessage\",\"sqs:DeleteMessage\",\"sqs:GetQueueAttributes\"],\"Effect\":\"Allow\",\"Resource\":\"arn:aws:sqs:ap-south-1:793704350878:dev-user-notifications-queue\"}]}",
            "role": "dev-notification-service-role"
          },
          "sensitive_attributes": [],
          "private": "bnVsbA==",
          "dependencies": [
            "aws_eks_cluster.main",
            "aws_iam_openid_connect_provider.eks",
            "aws_iam_role.eks_cluster",
            "aws_iam_role.notification_service",
            "aws_iam_role_policy_attachment.eks_cluster_policy",
            "aws_security_group.eks_cluster",
            "aws_sqs_queue.user_notifications",
            "aws_subnet.private",
            "aws_vpc.main",
            "data.aws_availability_zones.available",
            "data.aws_iam_policy_document.irsa_assume_role",
            "data.tls_certificate.eks"
          ]
        }
      ]
    },
    {
      "mode": "managed",
      "type": "aws_iam_role_policy",
      "name": "search_sqs",
      "provider": "provider[\"registry.terraform.io/hashicorp/aws\"]",
      "instances": [
        {
          "schema_version": 0,
          "attributes": {
            "id": "dev-search-service-role:dev-search-sqs-policy",
            "name": "dev-search-sqs-policy",
            "name_prefix": "",
            "policy": "{\"Version\":\"2012-10-17\",\"Statement\":[{\"Action\":[\"sqs:ReceiveMessage\",\"sqs:DeleteMessage\",\"sqs:GetQueueAttributes\"],\"Effect\":\"Allow\",\"Resource\":\"arn:aws:sqs:ap-south-1:793704350878:dev-search-indexing-queue\"}]}",
            "role": "dev-search-service-role"
          },
          "sensitive_attributes": [],
          "private": "bnVsbA==",
          "dependencies": [
            "aws_eks_cluster.main",
            "aws_iam_openid_connect_provider.eks",
            "aws_iam_role.eks_cluster",
            "aws_iam_role.search_service",
            "aws_iam_role_policy_attachment.eks_cluster_policy",
            "aws_security_group.eks_cluster",
            "aws_sqs_queue.search_indexing",
            "aws_subnet.private",
            "aws_vpc.main",
            "data.aws_availability_zones.available",
            "data.aws_iam_policy_document.irsa_assume_role",
            "data.tls_certificate.eks"
          ]
        }
      ]
    },
    {
      "mode": "managed",
      "type": "aws_iam_role_policy",
      "name": "sns_publish",
      "provider": "provider[\"registry.terraform.io/hashicorp/aws\"]",
      "instances": [
        {
          "schema_version": 0,
          "attributes": {
            "id": "dev-post-service-role:dev-sns-publish-policy",
            "name": "dev-sns-publish-policy",
            "name_prefix": "",
            "policy": "{\"Version\":\"2012-10-17\",\"Statement\":[{\"Action\":\"sns:Publish\",\"Effect\":\"Allow\",\"Resource\":[\"arn:aws:sns:ap-south-1:793704350878:dev-user-notifications-topic\",\"arn:aws:sns:ap-south-1:793704350878:dev-search-indexing-topic\"]}]}",
            "role": "dev-post-service-role"
          },
          "sensitive_attributes": [],
          "private": "bnVsbA==",
          "dependencies": [
            "aws_eks_cluster.main",
            "aws_iam_openid_connect_provider.eks",
            "aws_iam_role.eks_cluster",
            "aws_iam_role.post_service",
            "aws_iam_role_policy_attachment.eks_cluster_policy",
            "aws_security_group.eks_cluster",
            "aws_sns_topic.search_indexing",
            "aws_sns_topic.user_notifications",
            "aws_subnet.private",
            "aws_vpc.main",
            "data.aws_availability_zones.available",
            "data.aws_iam_policy_document.irsa_assume_role",
            "data.tls_certificate.eks"
          ]
        }
      ]
    },
    {
      "mode": "managed",
      "type": "aws_iam_role_policy",
      "name": "user_sns_publish",
      "provider": "provider[\"registry.terraform.io/hashicorp/aws\"]",
      "instances": [
        {
          "schema_version": 0,
          "attributes": {
            "id": "dev-user-service-role:dev-user-sns-publish-policy",
            "name": "dev-user-sns-publish-policy",
            "name_prefix": "",
            "policy": "{\"Version\":\"2012-10-17\",\"Statement\":[{\"Action\":\"sns:Publish\",\"Effect\":\"Allow\",\"Resource\":\"arn:aws:sns:ap-south-1:793704350878:dev-user-notifications-topic\"}]}",
            "role": "dev-user-service-role"
          },
          "sensitive_attributes": [],
          "private": "bnVsbA==",
          "dependencies": [
            "aws_eks_cluster.main",
            "aws_iam_openid_connect_provider.eks",
            "aws_iam_role.eks_cluster",
            "aws_iam_role.user_service",
            "aws_iam_role_policy_attachment.eks_cluster_policy",
            "aws_security_group.eks_cluster",
            "aws_sns_topic.user_notifications",
            "aws_subnet.private",
            "aws_vpc.main",
            "data.aws_availability_zones.available",
            "data.aws_iam_policy_document.irsa_assume_role",
            "data.tls_certificate.eks"
          ]
        }
      ]
    },
    {
      "mode": "managed",
      "type": "aws_iam_role_policy_attachment",
      "name": "amazon_ec2_container_registry_read_only",
      "provider": "provider[\"registry.terraform.io/hashicorp/aws\"]",
      "instances": [
        {
          "schema_version": 0,
          "attributes": {
            "id": "dev-eks-node-role-20260522000437104000000002",
            "policy_arn": "arn:aws:iam::aws:policy/AmazonEC2ContainerRegistryReadOnly",
            "role": "dev-eks-node-role"
          },
          "sensitive_attributes": [],
          "private": "bnVsbA==",
          "dependencies": [
            "aws_iam_role.eks_nodes"
          ]
        }
      ]
    },
    {
      "mode": "managed",
      "type": "aws_iam_role_policy_attachment",
      "name": "amazon_eks_cni_policy",
      "provider": "provider[\"registry.terraform.io/hashicorp/aws\"]",
      "instances": [
        {
          "schema_version": 0,
          "attributes": {
            "id": "dev-eks-node-role-20260522000437892500000004",
            "policy_arn": "arn:aws:iam::aws:policy/AmazonEKS_CNI_Policy",
            "role": "dev-eks-node-role"
          },
          "sensitive_attributes": [],
          "private": "bnVsbA==",
          "dependencies": [
            "aws_iam_role.eks_nodes"
          ]
        }
      ]
    },
    {
      "mode": "managed",
      "type": "aws_iam_role_policy_attachment",
      "name": "amazon_eks_worker_node_policy",
      "provider": "provider[\"registry.terraform.io/hashicorp/aws\"]",
      "instances": [
        {
          "schema_version": 0,
          "attributes": {
            "id": "dev-eks-node-role-20260522000437257500000003",
            "policy_arn": "arn:aws:iam::aws:policy/AmazonEKSWorkerNodePolicy",
            "role": "dev-eks-node-role"
          },
          "sensitive_attributes": [],
          "private": "bnVsbA==",
          "dependencies": [
            "aws_iam_role.eks_nodes"
          ]
        }
      ]
    },
    {
      "mode": "managed",
      "type": "aws_iam_role_policy_attachment",
      "name": "ebs_csi_policy",
      "provider": "provider[\"registry.terraform.io/hashicorp/aws\"]",
      "instances": [
        {
          "schema_version": 0,
          "attributes": {
            "id": "dev-ebs-csi-role-20260522031234935800000001-20260522031235420700000002",
            "policy_arn": "arn:aws:iam::aws:policy/service-role/AmazonEBSCSIDriverPolicy",
            "role": "dev-ebs-csi-role-20260522031234935800000001"
          },
          "sensitive_attributes": [],
          "private": "bnVsbA==",
          "dependencies": [
            "aws_eks_cluster.main",
            "aws_iam_openid_connect_provider.eks",
            "aws_iam_role.ebs_csi",
            "aws_iam_role.eks_cluster",
            "aws_iam_role_policy_attachment.eks_cluster_policy",
            "aws_security_group.eks_cluster",
            "aws_subnet.private",
            "aws_vpc.main",
            "data.aws_availability_zones.available",
            "data.aws_iam_policy_document.ebs_csi_assume_role",
            "data.tls_certificate.eks"
          ]
        }
      ]
    },
    {
      "mode": "managed",
      "type": "aws_iam_role_policy_attachment",
      "name": "eks_cluster_policy",
      "provider": "provider[\"registry.terraform.io/hashicorp/aws\"]",
      "instances": [
        {
          "schema_version": 0,
          "attributes": {
            "id": "dev-eks-cluster-role-20260522000438057000000005",
            "policy_arn": "arn:aws:iam::aws:policy/AmazonEKSClusterPolicy",
            "role": "dev-eks-cluster-role"
          },
          "sensitive_attributes": [],
          "private": "bnVsbA==",
          "dependencies": [
            "aws_iam_role.eks_cluster"
          ]
        }
      ]
    },
    {
      "mode": "managed",
      "type": "aws_iam_role_policy_attachment",
      "name": "interaction_db",
      "provider": "provider[\"registry.terraform.io/hashicorp/aws\"]",
      "instances": [
        {
          "schema_version": 0,
          "attributes": {
            "id": "dev-interaction-service-role-2026052200123756160000000e",
            "policy_arn": "arn:aws:iam::793704350878:policy/dev-interaction-db-policy",
            "role": "dev-interaction-service-role"
          },
          "sensitive_attributes": [],
          "private": "bnVsbA==",
          "dependencies": [
            "aws_dynamodb_table.post_comments",
            "aws_dynamodb_table.post_likes",
            "aws_eks_cluster.main",
            "aws_iam_openid_connect_provider.eks",
            "aws_iam_policy.interaction_db_policy",
            "aws_iam_role.eks_cluster",
            "aws_iam_role.interaction_service",
            "aws_iam_role_policy_attachment.eks_cluster_policy",
            "aws_security_group.eks_cluster",
            "aws_subnet.private",
            "aws_vpc.main",
            "data.aws_availability_zones.available",
            "data.aws_iam_policy_document.irsa_assume_role",
            "data.tls_certificate.eks"
          ]
        }
      ]
    },
    {
      "mode": "managed",
      "type": "aws_iam_role_policy_attachment",
      "name": "notification_db",
      "provider": "provider[\"registry.terraform.io/hashicorp/aws\"]",
      "instances": [
        {
          "schema_version": 0,
          "attributes": {
            "id": "dev-notification-service-role-2026052200123754740000000d",
            "policy_arn": "arn:aws:iam::793704350878:policy/dev-notification-db-policy",
            "role": "dev-notification-service-role"
          },
          "sensitive_attributes": [],
          "private": "bnVsbA==",
          "dependencies": [
            "aws_dynamodb_table.notifications",
            "aws_eks_cluster.main",
            "aws_iam_openid_connect_provider.eks",
            "aws_iam_policy.notification_db_policy",
            "aws_iam_role.eks_cluster",
            "aws_iam_role.notification_service",
            "aws_iam_role_policy_attachment.eks_cluster_policy",
            "aws_security_group.eks_cluster",
            "aws_subnet.private",
            "aws_vpc.main",
            "data.aws_availability_zones.available",
            "data.aws_iam_policy_document.irsa_assume_role",
            "data.tls_certificate.eks"
          ]
        }
      ]
    },
    {
      "mode": "managed",
      "type": "aws_internet_gateway",
      "name": "gw",
      "provider": "provider[\"registry.terraform.io/hashicorp/aws\"]",
      "instances": [
        {
          "schema_version": 0,
          "attributes": {
            "arn": "arn:aws:ec2:ap-south-1:793704350878:internet-gateway/igw-04a40e087d9dec626",
            "id": "igw-04a40e087d9dec626",
            "owner_id": "793704350878",
            "tags": {
              "Name": "dev-igw"
            },
            "tags_all": {
              "Environment": "dev",
              "ManagedBy": "Terraform",
              "Name": "dev-igw",
              "Project": "SocialMediaPlatform"
            },
            "timeouts": null,
            "vpc_id": "vpc-068a3560aa45d096f"
          },
          "sensitive_attributes": [],
          "private": "eyJlMmJmYjczMC1lY2FhLTExZTYtOGY4OC0zNDM2M2JjN2M0YzAiOnsiY3JlYXRlIjoxMjAwMDAwMDAwMDAwLCJkZWxldGUiOjEyMDAwMDAwMDAwMDAsInVwZGF0ZSI6MTIwMDAwMDAwMDAwMH19",
          "dependencies": [
            "aws_vpc.main"
          ]
        }
      ]
    },
    {
      "mode": "managed",
      "type": "aws_nat_gateway",
      "name": "nat",
      "provider": "provider[\"registry.terraform.io/hashicorp/aws\"]",
      "instances": [
        {
          "schema_version": 0,
          "attributes": {
            "allocation_id": "eipalloc-0f3d36d7cb87ee84f",
            "association_id": "eipassoc-04398db59c63d6fcd",
            "connectivity_type": "public",
            "id": "nat-0944e1b6615461bd4",
            "network_interface_id": "eni-048014ddf41191fc6",
            "private_ip": "10.0.13.110",
            "public_ip": "43.204.76.230",
            "secondary_allocation_ids": [],
            "secondary_private_ip_address_count": 0,
            "secondary_private_ip_addresses": [],
            "subnet_id": "subnet-0eb64ae8e14d57a08",
            "tags": {
              "Name": "dev-nat-gateway"
            },
            "tags_all": {
              "Environment": "dev",
              "ManagedBy": "Terraform",
              "Name": "dev-nat-gateway",
              "Project": "SocialMediaPlatform"
            },
            "timeouts": null
          },
          "sensitive_attributes": [],
          "private": "eyJlMmJmYjczMC1lY2FhLTExZTYtOGY4OC0zNDM2M2JjN2M0YzAiOnsiY3JlYXRlIjo2MDAwMDAwMDAwMDAsImRlbGV0ZSI6MTgwMDAwMDAwMDAwMCwidXBkYXRlIjo2MDAwMDAwMDAwMDB9fQ==",
          "dependencies": [
            "aws_eip.nat",
            "aws_internet_gateway.gw",
            "aws_subnet.public",
            "aws_vpc.main",
            "data.aws_availability_zones.available"
          ]
        }
      ]
    },
    {
      "mode": "managed",
      "type": "aws_route_table",
      "name": "database",
      "provider": "provider[\"registry.terraform.io/hashicorp/aws\"]",
      "instances": [
        {
          "schema_version": 0,
          "attributes": {
            "arn": "arn:aws:ec2:ap-south-1:793704350878:route-table/rtb-062f079c871d198e6",
            "id": "rtb-062f079c871d198e6",
            "owner_id": "793704350878",
            "propagating_vgws": [],
            "route": [],
            "tags": {
              "Name": "dev-database-rt"
            },
            "tags_all": {
              "Environment": "dev",
              "ManagedBy": "Terraform",
              "Name": "dev-database-rt",
              "Project": "SocialMediaPlatform"
            },
            "timeouts": null,
            "vpc_id": "vpc-068a3560aa45d096f"
          },
          "sensitive_attributes": [],
          "private": "eyJlMmJmYjczMC1lY2FhLTExZTYtOGY4OC0zNDM2M2JjN2M0YzAiOnsiY3JlYXRlIjozMDAwMDAwMDAwMDAsImRlbGV0ZSI6MzAwMDAwMDAwMDAwLCJ1cGRhdGUiOjEyMDAwMDAwMDAwMH19",
          "dependencies": [
            "aws_vpc.main"
          ]
        }
      ]
    },
    {
      "mode": "managed",
      "type": "aws_route_table",
      "name": "private",
      "provider": "provider[\"registry.terraform.io/hashicorp/aws\"]",
      "instances": [
        {
          "schema_version": 0,
          "attributes": {
            "arn": "arn:aws:ec2:ap-south-1:793704350878:route-table/rtb-0f2352f47889d4b49",
            "id": "rtb-0f2352f47889d4b49",
            "owner_id": "793704350878",
            "propagating_vgws": [],
            "route": [
              {
                "carrier_gateway_id": "",
                "cidr_block": "0.0.0.0/0",
                "core_network_arn": "",
                "destination_prefix_list_id": "",
                "egress_only_gateway_id": "",
                "gateway_id": "",
                "ipv6_cidr_block": "",
                "local_gateway_id": "",
                "nat_gateway_id": "nat-0944e1b6615461bd4",
                "network_interface_id": "",
                "transit_gateway_id": "",
                "vpc_endpoint_id": "",
                "vpc_peering_connection_id": ""
              }
            ],
            "tags": {
              "Name": "dev-private-rt"
            },
            "tags_all": {
              "Environment": "dev",
              "ManagedBy": "Terraform",
              "Name": "dev-private-rt",
              "Project": "SocialMediaPlatform"
            },
            "timeouts": null,
            "vpc_id": "vpc-068a3560aa45d096f"
          },
          "sensitive_attributes": [],
          "private": "eyJlMmJmYjczMC1lY2FhLTExZTYtOGY4OC0zNDM2M2JjN2M0YzAiOnsiY3JlYXRlIjozMDAwMDAwMDAwMDAsImRlbGV0ZSI6MzAwMDAwMDAwMDAwLCJ1cGRhdGUiOjEyMDAwMDAwMDAwMH19",
          "dependencies": [
            "aws_eip.nat",
            "aws_internet_gateway.gw",
            "aws_nat_gateway.nat",
            "aws_subnet.public",
            "aws_vpc.main",
            "data.aws_availability_zones.available"
          ]
        }
      ]
    },
    {
      "mode": "managed",
      "type": "aws_route_table",
      "name": "public",
      "provider": "provider[\"registry.terraform.io/hashicorp/aws\"]",
      "instances": [
        {
          "schema_version": 0,
          "attributes": {
            "arn": "arn:aws:ec2:ap-south-1:793704350878:route-table/rtb-05cf5ae8168f5144d",
            "id": "rtb-05cf5ae8168f5144d",
            "owner_id": "793704350878",
            "propagating_vgws": [],
            "route": [
              {
                "carrier_gateway_id": "",
                "cidr_block": "0.0.0.0/0",
                "core_network_arn": "",
                "destination_prefix_list_id": "",
                "egress_only_gateway_id": "",
                "gateway_id": "igw-04a40e087d9dec626",
                "ipv6_cidr_block": "",
                "local_gateway_id": "",
                "nat_gateway_id": "",
                "network_interface_id": "",
                "transit_gateway_id": "",
                "vpc_endpoint_id": "",
                "vpc_peering_connection_id": ""
              }
            ],
            "tags": {
              "Name": "dev-public-rt"
            },
            "tags_all": {
              "Environment": "dev",
              "ManagedBy": "Terraform",
              "Name": "dev-public-rt",
              "Project": "SocialMediaPlatform"
            },
            "timeouts": null,
            "vpc_id": "vpc-068a3560aa45d096f"
          },
          "sensitive_attributes": [],
          "private": "eyJlMmJmYjczMC1lY2FhLTExZTYtOGY4OC0zNDM2M2JjN2M0YzAiOnsiY3JlYXRlIjozMDAwMDAwMDAwMDAsImRlbGV0ZSI6MzAwMDAwMDAwMDAwLCJ1cGRhdGUiOjEyMDAwMDAwMDAwMH19",
          "dependencies": [
            "aws_internet_gateway.gw",
            "aws_vpc.main"
          ]
        }
      ]
    },
    {
      "mode": "managed",
      "type": "aws_route_table_association",
      "name": "database",
      "provider": "provider[\"registry.terraform.io/hashicorp/aws\"]",
      "instances": [
        {
          "index_key": 0,
          "schema_version": 0,
          "attributes": {
            "gateway_id": "",
            "id": "rtbassoc-03f1dd332955dc9b2",
            "route_table_id": "rtb-062f079c871d198e6",
            "subnet_id": "subnet-081c49b0fff0e396b",
            "timeouts": null
          },
          "sensitive_attributes": [],
          "private": "eyJlMmJmYjczMC1lY2FhLTExZTYtOGY4OC0zNDM2M2JjN2M0YzAiOnsiY3JlYXRlIjozMDAwMDAwMDAwMDAsImRlbGV0ZSI6MzAwMDAwMDAwMDAwLCJ1cGRhdGUiOjEyMDAwMDAwMDAwMH19",
          "dependencies": [
            "aws_route_table.database",
            "aws_subnet.database",
            "aws_vpc.main",
            "data.aws_availability_zones.available"
          ]
        },
        {
          "index_key": 1,
          "schema_version": 0,
          "attributes": {
            "gateway_id": "",
            "id": "rtbassoc-018c8ae8f539dd195",
            "route_table_id": "rtb-062f079c871d198e6",
            "subnet_id": "subnet-04de2662a5961c5f3",
            "timeouts": null
          },
          "sensitive_attributes": [],
          "private": "eyJlMmJmYjczMC1lY2FhLTExZTYtOGY4OC0zNDM2M2JjN2M0YzAiOnsiY3JlYXRlIjozMDAwMDAwMDAwMDAsImRlbGV0ZSI6MzAwMDAwMDAwMDAwLCJ1cGRhdGUiOjEyMDAwMDAwMDAwMH19",
          "dependencies": [
            "aws_route_table.database",
            "aws_subnet.database",
            "aws_vpc.main",
            "data.aws_availability_zones.available"
          ]
        },
        {
          "index_key": 2,
          "schema_version": 0,
          "attributes": {
            "gateway_id": "",
            "id": "rtbassoc-02537835062546955",
            "route_table_id": "rtb-062f079c871d198e6",
            "subnet_id": "subnet-07016df5d0877b7d2",
            "timeouts": null
          },
          "sensitive_attributes": [],
          "private": "eyJlMmJmYjczMC1lY2FhLTExZTYtOGY4OC0zNDM2M2JjN2M0YzAiOnsiY3JlYXRlIjozMDAwMDAwMDAwMDAsImRlbGV0ZSI6MzAwMDAwMDAwMDAwLCJ1cGRhdGUiOjEyMDAwMDAwMDAwMH19",
          "dependencies": [
            "aws_route_table.database",
            "aws_subnet.database",
            "aws_vpc.main",
            "data.aws_availability_zones.available"
          ]
        }
      ]
    },
    {
      "mode": "managed",
      "type": "aws_route_table_association",
      "name": "private",
      "provider": "provider[\"registry.terraform.io/hashicorp/aws\"]",
      "instances": [
        {
          "index_key": 0,
          "schema_version": 0,
          "attributes": {
            "gateway_id": "",
            "id": "rtbassoc-00eba73649a502f9a",
            "route_table_id": "rtb-0f2352f47889d4b49",
            "subnet_id": "subnet-0d2f1f5f43de79dfc",
            "timeouts": null
          },
          "sensitive_attributes": [],
          "private": "eyJlMmJmYjczMC1lY2FhLTExZTYtOGY4OC0zNDM2M2JjN2M0YzAiOnsiY3JlYXRlIjozMDAwMDAwMDAwMDAsImRlbGV0ZSI6MzAwMDAwMDAwMDAwLCJ1cGRhdGUiOjEyMDAwMDAwMDAwMH19",
          "dependencies": [
            "aws_eip.nat",
            "aws_internet_gateway.gw",
            "aws_nat_gateway.nat",
            "aws_route_table.private",
            "aws_subnet.private",
            "aws_subnet.public",
            "aws_vpc.main",
            "data.aws_availability_zones.available"
          ]
        },
        {
          "index_key": 1,
          "schema_version": 0,
          "attributes": {
            "gateway_id": "",
            "id": "rtbassoc-08c67db1fc3f450ef",
            "route_table_id": "rtb-0f2352f47889d4b49",
            "subnet_id": "subnet-06030d4f6f40599e3",
            "timeouts": null
          },
          "sensitive_attributes": [],
          "private": "eyJlMmJmYjczMC1lY2FhLTExZTYtOGY4OC0zNDM2M2JjN2M0YzAiOnsiY3JlYXRlIjozMDAwMDAwMDAwMDAsImRlbGV0ZSI6MzAwMDAwMDAwMDAwLCJ1cGRhdGUiOjEyMDAwMDAwMDAwMH19",
          "dependencies": [
            "aws_eip.nat",
            "aws_internet_gateway.gw",
            "aws_nat_gateway.nat",
            "aws_route_table.private",
            "aws_subnet.private",
            "aws_subnet.public",
            "aws_vpc.main",
            "data.aws_availability_zones.available"
          ]
        },
        {
          "index_key": 2,
          "schema_version": 0,
          "attributes": {
            "gateway_id": "",
            "id": "rtbassoc-01fbc001417f34027",
            "route_table_id": "rtb-0f2352f47889d4b49",
            "subnet_id": "subnet-0302d5fcd1d946872",
            "timeouts": null
          },
          "sensitive_attributes": [],
          "private": "eyJlMmJmYjczMC1lY2FhLTExZTYtOGY4OC0zNDM2M2JjN2M0YzAiOnsiY3JlYXRlIjozMDAwMDAwMDAwMDAsImRlbGV0ZSI6MzAwMDAwMDAwMDAwLCJ1cGRhdGUiOjEyMDAwMDAwMDAwMH19",
          "dependencies": [
            "aws_eip.nat",
            "aws_internet_gateway.gw",
            "aws_nat_gateway.nat",
            "aws_route_table.private",
            "aws_subnet.private",
            "aws_subnet.public",
            "aws_vpc.main",
            "data.aws_availability_zones.available"
          ]
        }
      ]
    },
    {
      "mode": "managed",
      "type": "aws_route_table_association",
      "name": "public",
      "provider": "provider[\"registry.terraform.io/hashicorp/aws\"]",
      "instances": [
        {
          "index_key": 0,
          "schema_version": 0,
          "attributes": {
            "gateway_id": "",
            "id": "rtbassoc-0132ccac09a848e8c",
            "route_table_id": "rtb-05cf5ae8168f5144d",
            "subnet_id": "subnet-0eb64ae8e14d57a08",
            "timeouts": null
          },
          "sensitive_attributes": [],
          "private": "eyJlMmJmYjczMC1lY2FhLTExZTYtOGY4OC0zNDM2M2JjN2M0YzAiOnsiY3JlYXRlIjozMDAwMDAwMDAwMDAsImRlbGV0ZSI6MzAwMDAwMDAwMDAwLCJ1cGRhdGUiOjEyMDAwMDAwMDAwMH19",
          "dependencies": [
            "aws_internet_gateway.gw",
            "aws_route_table.public",
            "aws_subnet.public",
            "aws_vpc.main",
            "data.aws_availability_zones.available"
          ]
        },
        {
          "index_key": 1,
          "schema_version": 0,
          "attributes": {
            "gateway_id": "",
            "id": "rtbassoc-0139fdc04116cf013",
            "route_table_id": "rtb-05cf5ae8168f5144d",
            "subnet_id": "subnet-0fa8f75d3d32390aa",
            "timeouts": null
          },
          "sensitive_attributes": [],
          "private": "eyJlMmJmYjczMC1lY2FhLTExZTYtOGY4OC0zNDM2M2JjN2M0YzAiOnsiY3JlYXRlIjozMDAwMDAwMDAwMDAsImRlbGV0ZSI6MzAwMDAwMDAwMDAwLCJ1cGRhdGUiOjEyMDAwMDAwMDAwMH19",
          "dependencies": [
            "aws_internet_gateway.gw",
            "aws_route_table.public",
            "aws_subnet.public",
            "aws_vpc.main",
            "data.aws_availability_zones.available"
          ]
        },
        {
          "index_key": 2,
          "schema_version": 0,
          "attributes": {
            "gateway_id": "",
            "id": "rtbassoc-0f5a7f9304d87d60a",
            "route_table_id": "rtb-05cf5ae8168f5144d",
            "subnet_id": "subnet-07c14da069caaa0ce",
            "timeouts": null
          },
          "sensitive_attributes": [],
          "private": "eyJlMmJmYjczMC1lY2FhLTExZTYtOGY4OC0zNDM2M2JjN2M0YzAiOnsiY3JlYXRlIjozMDAwMDAwMDAwMDAsImRlbGV0ZSI6MzAwMDAwMDAwMDAwLCJ1cGRhdGUiOjEyMDAwMDAwMDAwMH19",
          "dependencies": [
            "aws_internet_gateway.gw",
            "aws_route_table.public",
            "aws_subnet.public",
            "aws_vpc.main",
            "data.aws_availability_zones.available"
          ]
        }
      ]
    },
    {
      "mode": "managed",
      "type": "aws_s3_bucket",
      "name": "attachments",
      "provider": "provider[\"registry.terraform.io/hashicorp/aws\"]",
      "instances": [
        {
          "schema_version": 0,
          "attributes": {
            "acceleration_status": "",
            "acl": null,
            "arn": "arn:aws:s3:::dev-social-media-attachments-793704350878",
            "bucket": "dev-social-media-attachments-793704350878",
            "bucket_domain_name": "dev-social-media-attachments-793704350878.s3.amazonaws.com",
            "bucket_prefix": "",
            "bucket_regional_domain_name": "dev-social-media-attachments-793704350878.s3.ap-south-1.amazonaws.com",
            "cors_rule": [],
            "force_destroy": true,
            "grant": [
              {
                "id": "42af9f4daba626f8848394be329b26536629efc854d9497cfb106c0efc7d3dd4",
                "permissions": [
                  "FULL_CONTROL"
                ],
                "type": "CanonicalUser",
                "uri": ""
              }
            ],
            "hosted_zone_id": "Z11RGJOFQNVJUP",
            "id": "dev-social-media-attachments-793704350878",
            "lifecycle_rule": [],
            "logging": [],
            "object_lock_configuration": [],
            "object_lock_enabled": false,
            "policy": "",
            "region": "ap-south-1",
            "replication_configuration": [],
            "request_payer": "BucketOwner",
            "server_side_encryption_configuration": [
              {
                "rule": [
                  {
                    "apply_server_side_encryption_by_default": [
                      {
                        "kms_master_key_id": "",
                        "sse_algorithm": "AES256"
                      }
                    ],
                    "bucket_key_enabled": false
                  }
                ]
              }
            ],
            "tags": {
              "Environment": "dev",
              "Name": "dev-social-media-attachments"
            },
            "tags_all": {
              "Environment": "dev",
              "ManagedBy": "Terraform",
              "Name": "dev-social-media-attachments",
              "Project": "SocialMediaPlatform"
            },
            "timeouts": null,
            "versioning": [
              {
                "enabled": false,
                "mfa_delete": false
              }
            ],
            "website": [],
            "website_domain": null,
            "website_endpoint": null
          },
          "sensitive_attributes": [],
          "private": "eyJlMmJmYjczMC1lY2FhLTExZTYtOGY4OC0zNDM2M2JjN2M0YzAiOnsiY3JlYXRlIjoxMjAwMDAwMDAwMDAwLCJkZWxldGUiOjM2MDAwMDAwMDAwMDAsInJlYWQiOjEyMDAwMDAwMDAwMDAsInVwZGF0ZSI6MTIwMDAwMDAwMDAwMH19",
          "dependencies": [
            "data.aws_caller_identity.current"
          ]
        }
      ]
    },
    {
      "mode": "managed",
      "type": "aws_s3_bucket_public_access_block",
      "name": "attachments",
      "provider": "provider[\"registry.terraform.io/hashicorp/aws\"]",
      "instances": [
        {
          "schema_version": 0,
          "attributes": {
            "block_public_acls": true,
            "block_public_policy": true,
            "bucket": "dev-social-media-attachments-793704350878",
            "id": "dev-social-media-attachments-793704350878",
            "ignore_public_acls": true,
            "restrict_public_buckets": true
          },
          "sensitive_attributes": [],
          "private": "bnVsbA==",
          "dependencies": [
            "aws_s3_bucket.attachments",
            "data.aws_caller_identity.current"
          ]
        }
      ]
    },
    {
      "mode": "managed",
      "type": "aws_secretsmanager_secret",
      "name": "db_credentials",
      "provider": "provider[\"registry.terraform.io/hashicorp/aws\"]",
      "instances": [
        {
          "schema_version": 0,
          "attributes": {
            "arn": "arn:aws:secretsmanager:ap-south-1:793704350878:secret:dev-rds-db-credentials-hzdfuC",
            "description": "",
            "force_overwrite_replica_secret": false,
            "id": "arn:aws:secretsmanager:ap-south-1:793704350878:secret:dev-rds-db-credentials-hzdfuC",
            "kms_key_id": "",
            "name": "dev-rds-db-credentials",
            "name_prefix": "",
            "policy": "",
            "recovery_window_in_days": 0,
            "replica": [],
            "tags": {},
            "tags_all": {
              "Environment": "dev",
              "ManagedBy": "Terraform",
              "Project": "SocialMediaPlatform"
            }
          },
          "sensitive_attributes": [],
          "private": "bnVsbA=="
        }
      ]
    },
    {
      "mode": "managed",
      "type": "aws_secretsmanager_secret_version",
      "name": "db_credentials",
      "provider": "provider[\"registry.terraform.io/hashicorp/aws\"]",
      "instances": [
        {
          "schema_version": 0,
          "attributes": {
            "arn": "arn:aws:secretsmanager:ap-south-1:793704350878:secret:dev-rds-db-credentials-hzdfuC",
            "has_secret_string_wo": null,
            "id": "arn:aws:secretsmanager:ap-south-1:793704350878:secret:dev-rds-db-credentials-hzdfuC|terraform-20260522030656709000000001",
            "secret_binary": "",
            "secret_id": "arn:aws:secretsmanager:ap-south-1:793704350878:secret:dev-rds-db-credentials-hzdfuC",
            "secret_string": "{\"engine\":\"postgres\",\"host\":\"dev-social-db-instance.cv06ucmmyot6.ap-south-1.rds.amazonaws.com\",\"password\":\"y=!#:9#P7P[t:6%K\",\"port\":5432,\"username\":\"postgres\"}",
            "secret_string_wo": null,
            "secret_string_wo_version": null,
            "version_id": "terraform-20260522030656709000000001",
            "version_stages": [
              "AWSCURRENT"
            ]
          },
          "sensitive_attributes": [
            [
              {
                "type": "get_attr",
                "value": "secret_string"
              }
            ]
          ],
          "private": "bnVsbA==",
          "dependencies": [
            "aws_db_instance.postgres",
            "aws_db_subnet_group.db_subnet_group",
            "aws_secretsmanager_secret.db_credentials",
            "aws_security_group.db_sg",
            "aws_subnet.database",
            "aws_vpc.main",
            "data.aws_availability_zones.available",
            "random_password.db_password"
          ]
        }
      ]
    },
    {
      "mode": "managed",
      "type": "aws_security_group",
      "name": "db_sg",
      "provider": "provider[\"registry.terraform.io/hashicorp/aws\"]",
      "instances": [
        {
          "schema_version": 1,
          "attributes": {
            "arn": "arn:aws:ec2:ap-south-1:793704350878:security-group/sg-0ed45cd7620a0fd6f",
            "description": "Allow inbound traffic from EKS worker nodes to PostgreSQL",
            "egress": [
              {
                "cidr_blocks": [
                  "0.0.0.0/0"
                ],
                "description": "",
                "from_port": 0,
                "ipv6_cidr_blocks": [
                  "::/0"
                ],
                "prefix_list_ids": [],
                "protocol": "-1",
                "security_groups": [],
                "self": false,
                "to_port": 0
              }
            ],
            "id": "sg-0ed45cd7620a0fd6f",
            "ingress": [
              {
                "cidr_blocks": [
                  "10.0.0.0/16"
                ],
                "description": "PostgreSQL access from EKS nodes and VPC",
                "from_port": 5432,
                "ipv6_cidr_blocks": [],
                "prefix_list_ids": [],
                "protocol": "tcp",
                "security_groups": [],
                "self": false,
                "to_port": 5432
              }
            ],
            "name": "dev-db-sg",
            "name_prefix": "",
            "owner_id": "793704350878",
            "revoke_rules_on_delete": false,
            "tags": {
              "Name": "dev-db-sg"
            },
            "tags_all": {
              "Environment": "dev",
              "ManagedBy": "Terraform",
              "Name": "dev-db-sg",
              "Project": "SocialMediaPlatform"
            },
            "timeouts": null,
            "vpc_id": "vpc-068a3560aa45d096f"
          },
          "sensitive_attributes": [],
          "private": "eyJlMmJmYjczMC1lY2FhLTExZTYtOGY4OC0zNDM2M2JjN2M0YzAiOnsiY3JlYXRlIjo2MDAwMDAwMDAwMDAsImRlbGV0ZSI6OTAwMDAwMDAwMDAwfSwic2NoZW1hX3ZlcnNpb24iOiIxIn0=",
          "dependencies": [
            "aws_vpc.main"
          ]
        }
      ]
    },
    {
      "mode": "managed",
      "type": "aws_security_group",
      "name": "eks_cluster",
      "provider": "provider[\"registry.terraform.io/hashicorp/aws\"]",
      "instances": [
        {
          "schema_version": 1,
          "attributes": {
            "arn": "arn:aws:ec2:ap-south-1:793704350878:security-group/sg-06774fc4915f07f38",
            "description": "Security group for EKS cluster control plane",
            "egress": [
              {
                "cidr_blocks": [
                  "0.0.0.0/0"
                ],
                "description": "",
                "from_port": 0,
                "ipv6_cidr_blocks": [
                  "::/0"
                ],
                "prefix_list_ids": [],
                "protocol": "-1",
                "security_groups": [],
                "self": false,
                "to_port": 0
              }
            ],
            "id": "sg-06774fc4915f07f38",
            "ingress": [],
            "name": "dev-eks-cluster-sg",
            "name_prefix": "",
            "owner_id": "793704350878",
            "revoke_rules_on_delete": false,
            "tags": {
              "Name": "dev-eks-cluster-sg"
            },
            "tags_all": {
              "Environment": "dev",
              "ManagedBy": "Terraform",
              "Name": "dev-eks-cluster-sg",
              "Project": "SocialMediaPlatform"
            },
            "timeouts": null,
            "vpc_id": "vpc-068a3560aa45d096f"
          },
          "sensitive_attributes": [],
          "private": "eyJlMmJmYjczMC1lY2FhLTExZTYtOGY4OC0zNDM2M2JjN2M0YzAiOnsiY3JlYXRlIjo2MDAwMDAwMDAwMDAsImRlbGV0ZSI6OTAwMDAwMDAwMDAwfSwic2NoZW1hX3ZlcnNpb24iOiIxIn0=",
          "dependencies": [
            "aws_vpc.main"
          ]
        }
      ]
    },
    {
      "mode": "managed",
      "type": "aws_security_group",
      "name": "redis_sg",
      "provider": "provider[\"registry.terraform.io/hashicorp/aws\"]",
      "instances": [
        {
          "schema_version": 1,
          "attributes": {
            "arn": "arn:aws:ec2:ap-south-1:793704350878:security-group/sg-0249654626b81e22e",
            "description": "Security group for ElastiCache Redis",
            "egress": [
              {
                "cidr_blocks": [
                  "0.0.0.0/0"
                ],
                "description": "",
                "from_port": 0,
                "ipv6_cidr_blocks": [
                  "::/0"
                ],
                "prefix_list_ids": [],
                "protocol": "-1",
                "security_groups": [],
                "self": false,
                "to_port": 0
              }
            ],
            "id": "sg-0249654626b81e22e",
            "ingress": [
              {
                "cidr_blocks": [
                  "10.0.0.0/16"
                ],
                "description": "Redis access from EKS nodes and VPC",
                "from_port": 6379,
                "ipv6_cidr_blocks": [],
                "prefix_list_ids": [],
                "protocol": "tcp",
                "security_groups": [],
                "self": false,
                "to_port": 6379
              }
            ],
            "name": "dev-redis-sg",
            "name_prefix": "",
            "owner_id": "793704350878",
            "revoke_rules_on_delete": false,
            "tags": {
              "Name": "dev-redis-sg"
            },
            "tags_all": {
              "Environment": "dev",
              "ManagedBy": "Terraform",
              "Name": "dev-redis-sg",
              "Project": "SocialMediaPlatform"
            },
            "timeouts": null,
            "vpc_id": "vpc-068a3560aa45d096f"
          },
          "sensitive_attributes": [],
          "private": "eyJlMmJmYjczMC1lY2FhLTExZTYtOGY4OC0zNDM2M2JjN2M0YzAiOnsiY3JlYXRlIjo2MDAwMDAwMDAwMDAsImRlbGV0ZSI6OTAwMDAwMDAwMDAwfSwic2NoZW1hX3ZlcnNpb24iOiIxIn0=",
          "dependencies": [
            "aws_vpc.main"
          ]
        }
      ]
    },
    {
      "mode": "managed",
      "type": "aws_sns_topic",
      "name": "search_indexing",
      "provider": "provider[\"registry.terraform.io/hashicorp/aws\"]",
      "instances": [
        {
          "schema_version": 0,
          "attributes": {
            "application_failure_feedback_role_arn": "",
            "application_success_feedback_role_arn": "",
            "application_success_feedback_sample_rate": 0,
            "archive_policy": "",
            "arn": "arn:aws:sns:ap-south-1:793704350878:dev-search-indexing-topic",
            "beginning_archive_time": "",
            "content_based_deduplication": false,
            "delivery_policy": "",
            "display_name": "",
            "fifo_throughput_scope": "",
            "fifo_topic": false,
            "firehose_failure_feedback_role_arn": "",
            "firehose_success_feedback_role_arn": "",
            "firehose_success_feedback_sample_rate": 0,
            "http_failure_feedback_role_arn": "",
            "http_success_feedback_role_arn": "",
            "http_success_feedback_sample_rate": 0,
            "id": "arn:aws:sns:ap-south-1:793704350878:dev-search-indexing-topic",
            "kms_master_key_id": "",
            "lambda_failure_feedback_role_arn": "",
            "lambda_success_feedback_role_arn": "",
            "lambda_success_feedback_sample_rate": 0,
            "name": "dev-search-indexing-topic",
            "name_prefix": "",
            "owner": "793704350878",
            "policy": "{\"Id\":\"__default_policy_ID\",\"Statement\":[{\"Action\":[\"SNS:GetTopicAttributes\",\"SNS:SetTopicAttributes\",\"SNS:AddPermission\",\"SNS:RemovePermission\",\"SNS:DeleteTopic\",\"SNS:Subscribe\",\"SNS:ListSubscriptionsByTopic\",\"SNS:Publish\"],\"Condition\":{\"StringEquals\":{\"AWS:SourceOwner\":\"793704350878\"}},\"Effect\":\"Allow\",\"Principal\":{\"AWS\":\"*\"},\"Resource\":\"arn:aws:sns:ap-south-1:793704350878:dev-search-indexing-topic\",\"Sid\":\"__default_statement_ID\"}],\"Version\":\"2008-10-17\"}",
            "signature_version": 0,
            "sqs_failure_feedback_role_arn": "",
            "sqs_success_feedback_role_arn": "",
            "sqs_success_feedback_sample_rate": 0,
            "tags": {},
            "tags_all": {
              "Environment": "dev",
              "ManagedBy": "Terraform",
              "Project": "SocialMediaPlatform"
            },
            "tracing_config": ""
          },
          "sensitive_attributes": [],
          "private": "bnVsbA=="
        }
      ]
    },
    {
      "mode": "managed",
      "type": "aws_sns_topic",
      "name": "user_notifications",
      "provider": "provider[\"registry.terraform.io/hashicorp/aws\"]",
      "instances": [
        {
          "schema_version": 0,
          "attributes": {
            "application_failure_feedback_role_arn": "",
            "application_success_feedback_role_arn": "",
            "application_success_feedback_sample_rate": 0,
            "archive_policy": "",
            "arn": "arn:aws:sns:ap-south-1:793704350878:dev-user-notifications-topic",
            "beginning_archive_time": "",
            "content_based_deduplication": false,
            "delivery_policy": "",
            "display_name": "",
            "fifo_throughput_scope": "",
            "fifo_topic": false,
            "firehose_failure_feedback_role_arn": "",
            "firehose_success_feedback_role_arn": "",
            "firehose_success_feedback_sample_rate": 0,
            "http_failure_feedback_role_arn": "",
            "http_success_feedback_role_arn": "",
            "http_success_feedback_sample_rate": 0,
            "id": "arn:aws:sns:ap-south-1:793704350878:dev-user-notifications-topic",
            "kms_master_key_id": "",
            "lambda_failure_feedback_role_arn": "",
            "lambda_success_feedback_role_arn": "",
            "lambda_success_feedback_sample_rate": 0,
            "name": "dev-user-notifications-topic",
            "name_prefix": "",
            "owner": "793704350878",
            "policy": "{\"Id\":\"__default_policy_ID\",\"Statement\":[{\"Action\":[\"SNS:GetTopicAttributes\",\"SNS:SetTopicAttributes\",\"SNS:AddPermission\",\"SNS:RemovePermission\",\"SNS:DeleteTopic\",\"SNS:Subscribe\",\"SNS:ListSubscriptionsByTopic\",\"SNS:Publish\"],\"Condition\":{\"StringEquals\":{\"AWS:SourceOwner\":\"793704350878\"}},\"Effect\":\"Allow\",\"Principal\":{\"AWS\":\"*\"},\"Resource\":\"arn:aws:sns:ap-south-1:793704350878:dev-user-notifications-topic\",\"Sid\":\"__default_statement_ID\"}],\"Version\":\"2008-10-17\"}",
            "signature_version": 0,
            "sqs_failure_feedback_role_arn": "",
            "sqs_success_feedback_role_arn": "",
            "sqs_success_feedback_sample_rate": 0,
            "tags": {},
            "tags_all": {
              "Environment": "dev",
              "ManagedBy": "Terraform",
              "Project": "SocialMediaPlatform"
            },
            "tracing_config": ""
          },
          "sensitive_attributes": [],
          "private": "bnVsbA=="
        }
      ]
    },
    {
      "mode": "managed",
      "type": "aws_sns_topic_subscription",
      "name": "search_indexing_sub",
      "provider": "provider[\"registry.terraform.io/hashicorp/aws\"]",
      "instances": [
        {
          "schema_version": 0,
          "attributes": {
            "arn": "arn:aws:sns:ap-south-1:793704350878:dev-search-indexing-topic:879f643f-6cc9-46df-b840-537ace6522cf",
            "confirmation_timeout_in_minutes": 1,
            "confirmation_was_authenticated": true,
            "delivery_policy": "",
            "endpoint": "arn:aws:sqs:ap-south-1:793704350878:dev-search-indexing-queue",
            "endpoint_auto_confirms": false,
            "filter_policy": "",
            "filter_policy_scope": "",
            "id": "arn:aws:sns:ap-south-1:793704350878:dev-search-indexing-topic:879f643f-6cc9-46df-b840-537ace6522cf",
            "owner_id": "793704350878",
            "pending_confirmation": false,
            "protocol": "sqs",
            "raw_message_delivery": false,
            "redrive_policy": "",
            "replay_policy": "",
            "subscription_role_arn": "",
            "topic_arn": "arn:aws:sns:ap-south-1:793704350878:dev-search-indexing-topic"
          },
          "sensitive_attributes": [],
          "private": "bnVsbA==",
          "dependencies": [
            "aws_sns_topic.search_indexing",
            "aws_sqs_queue.search_indexing"
          ]
        }
      ]
    },
    {
      "mode": "managed",
      "type": "aws_sns_topic_subscription",
      "name": "social_fanout_sub",
      "provider": "provider[\"registry.terraform.io/hashicorp/aws\"]",
      "instances": [
        {
          "schema_version": 0,
          "attributes": {
            "arn": "arn:aws:sns:ap-south-1:793704350878:dev-search-indexing-topic:bb3050cf-3697-40b3-b83c-a569ccbdea05",
            "confirmation_timeout_in_minutes": 1,
            "confirmation_was_authenticated": true,
            "delivery_policy": "",
            "endpoint": "arn:aws:sqs:ap-south-1:793704350878:dev-social-fanout-queue",
            "endpoint_auto_confirms": false,
            "filter_policy": "",
            "filter_policy_scope": "",
            "id": "arn:aws:sns:ap-south-1:793704350878:dev-search-indexing-topic:bb3050cf-3697-40b3-b83c-a569ccbdea05",
            "owner_id": "793704350878",
            "pending_confirmation": false,
            "protocol": "sqs",
            "raw_message_delivery": false,
            "redrive_policy": "",
            "replay_policy": "",
            "subscription_role_arn": "",
            "topic_arn": "arn:aws:sns:ap-south-1:793704350878:dev-search-indexing-topic"
          },
          "sensitive_attributes": [],
          "private": "bnVsbA==",
          "dependencies": [
            "aws_sns_topic.search_indexing",
            "aws_sqs_queue.social_fanout"
          ]
        }
      ]
    },
    {
      "mode": "managed",
      "type": "aws_sns_topic_subscription",
      "name": "user_notifications_sub",
      "provider": "provider[\"registry.terraform.io/hashicorp/aws\"]",
      "instances": [
        {
          "schema_version": 0,
          "attributes": {
            "arn": "arn:aws:sns:ap-south-1:793704350878:dev-user-notifications-topic:225cc06c-450d-42f9-9b61-529ba0f8cd2d",
            "confirmation_timeout_in_minutes": 1,
            "confirmation_was_authenticated": true,
            "delivery_policy": "",
            "endpoint": "arn:aws:sqs:ap-south-1:793704350878:dev-user-notifications-queue",
            "endpoint_auto_confirms": false,
            "filter_policy": "",
            "filter_policy_scope": "",
            "id": "arn:aws:sns:ap-south-1:793704350878:dev-user-notifications-topic:225cc06c-450d-42f9-9b61-529ba0f8cd2d",
            "owner_id": "793704350878",
            "pending_confirmation": false,
            "protocol": "sqs",
            "raw_message_delivery": false,
            "redrive_policy": "",
            "replay_policy": "",
            "subscription_role_arn": "",
            "topic_arn": "arn:aws:sns:ap-south-1:793704350878:dev-user-notifications-topic"
          },
          "sensitive_attributes": [],
          "private": "bnVsbA==",
          "dependencies": [
            "aws_sns_topic.user_notifications",
            "aws_sqs_queue.user_notifications"
          ]
        }
      ]
    },
    {
      "mode": "managed",
      "type": "aws_sqs_queue",
      "name": "search_indexing",
      "provider": "provider[\"registry.terraform.io/hashicorp/aws\"]",
      "instances": [
        {
          "schema_version": 0,
          "attributes": {
            "arn": "arn:aws:sqs:ap-south-1:793704350878:dev-search-indexing-queue",
            "content_based_deduplication": false,
            "deduplication_scope": "",
            "delay_seconds": 0,
            "fifo_queue": false,
            "fifo_throughput_limit": "",
            "id": "https://sqs.ap-south-1.amazonaws.com/793704350878/dev-search-indexing-queue",
            "kms_data_key_reuse_period_seconds": 300,
            "kms_master_key_id": "",
            "max_message_size": 262144,
            "message_retention_seconds": 86400,
            "name": "dev-search-indexing-queue",
            "name_prefix": "",
            "policy": "{\"Statement\":[{\"Action\":\"sqs:SendMessage\",\"Condition\":{\"ArnEquals\":{\"aws:SourceArn\":\"arn:aws:sns:ap-south-1:793704350878:dev-search-indexing-topic\"}},\"Effect\":\"Allow\",\"Principal\":\"*\",\"Resource\":\"arn:aws:sqs:ap-south-1:793704350878:dev-search-indexing-queue\"}],\"Version\":\"2012-10-17\"}",
            "receive_wait_time_seconds": 10,
            "redrive_allow_policy": "",
            "redrive_policy": "",
            "sqs_managed_sse_enabled": true,
            "tags": {},
            "tags_all": {
              "Environment": "dev",
              "ManagedBy": "Terraform",
              "Project": "SocialMediaPlatform"
            },
            "timeouts": null,
            "url": "https://sqs.ap-south-1.amazonaws.com/793704350878/dev-search-indexing-queue",
            "visibility_timeout_seconds": 30
          },
          "sensitive_attributes": [],
          "private": "eyJlMmJmYjczMC1lY2FhLTExZTYtOGY4OC0zNDM2M2JjN2M0YzAiOnsiY3JlYXRlIjoxODAwMDAwMDAwMDAsImRlbGV0ZSI6MTgwMDAwMDAwMDAwLCJ1cGRhdGUiOjE4MDAwMDAwMDAwMH19"
        }
      ]
    },
    {
      "mode": "managed",
      "type": "aws_sqs_queue",
      "name": "social_fanout",
      "provider": "provider[\"registry.terraform.io/hashicorp/aws\"]",
      "instances": [
        {
          "schema_version": 0,
          "attributes": {
            "arn": "arn:aws:sqs:ap-south-1:793704350878:dev-social-fanout-queue",
            "content_based_deduplication": false,
            "deduplication_scope": "",
            "delay_seconds": 0,
            "fifo_queue": false,
            "fifo_throughput_limit": "",
            "id": "https://sqs.ap-south-1.amazonaws.com/793704350878/dev-social-fanout-queue",
            "kms_data_key_reuse_period_seconds": 300,
            "kms_master_key_id": "",
            "max_message_size": 262144,
            "message_retention_seconds": 86400,
            "name": "dev-social-fanout-queue",
            "name_prefix": "",
            "policy": "{\"Statement\":[{\"Action\":\"sqs:SendMessage\",\"Condition\":{\"ArnEquals\":{\"aws:SourceArn\":\"arn:aws:sns:ap-south-1:793704350878:dev-search-indexing-topic\"}},\"Effect\":\"Allow\",\"Principal\":\"*\",\"Resource\":\"arn:aws:sqs:ap-south-1:793704350878:dev-social-fanout-queue\"}],\"Version\":\"2012-10-17\"}",
            "receive_wait_time_seconds": 10,
            "redrive_allow_policy": "",
            "redrive_policy": "",
            "sqs_managed_sse_enabled": true,
            "tags": {},
            "tags_all": {
              "Environment": "dev",
              "ManagedBy": "Terraform",
              "Project": "SocialMediaPlatform"
            },
            "timeouts": null,
            "url": "https://sqs.ap-south-1.amazonaws.com/793704350878/dev-social-fanout-queue",
            "visibility_timeout_seconds": 30
          },
          "sensitive_attributes": [],
          "private": "eyJlMmJmYjczMC1lY2FhLTExZTYtOGY4OC0zNDM2M2JjN2M0YzAiOnsiY3JlYXRlIjoxODAwMDAwMDAwMDAsImRlbGV0ZSI6MTgwMDAwMDAwMDAwLCJ1cGRhdGUiOjE4MDAwMDAwMDAwMH19"
        }
      ]
    },
    {
      "mode": "managed",
      "type": "aws_sqs_queue",
      "name": "user_notifications",
      "provider": "provider[\"registry.terraform.io/hashicorp/aws\"]",
      "instances": [
        {
          "schema_version": 0,
          "attributes": {
            "arn": "arn:aws:sqs:ap-south-1:793704350878:dev-user-notifications-queue",
            "content_based_deduplication": false,
            "deduplication_scope": "",
            "delay_seconds": 0,
            "fifo_queue": false,
            "fifo_throughput_limit": "",
            "id": "https://sqs.ap-south-1.amazonaws.com/793704350878/dev-user-notifications-queue",
            "kms_data_key_reuse_period_seconds": 300,
            "kms_master_key_id": "",
            "max_message_size": 262144,
            "message_retention_seconds": 86400,
            "name": "dev-user-notifications-queue",
            "name_prefix": "",
            "policy": "{\"Statement\":[{\"Action\":\"sqs:SendMessage\",\"Condition\":{\"ArnEquals\":{\"aws:SourceArn\":\"arn:aws:sns:ap-south-1:793704350878:dev-user-notifications-topic\"}},\"Effect\":\"Allow\",\"Principal\":\"*\",\"Resource\":\"arn:aws:sqs:ap-south-1:793704350878:dev-user-notifications-queue\"}],\"Version\":\"2012-10-17\"}",
            "receive_wait_time_seconds": 10,
            "redrive_allow_policy": "",
            "redrive_policy": "",
            "sqs_managed_sse_enabled": true,
            "tags": {},
            "tags_all": {
              "Environment": "dev",
              "ManagedBy": "Terraform",
              "Project": "SocialMediaPlatform"
            },
            "timeouts": null,
            "url": "https://sqs.ap-south-1.amazonaws.com/793704350878/dev-user-notifications-queue",
            "visibility_timeout_seconds": 30
          },
          "sensitive_attributes": [],
          "private": "eyJlMmJmYjczMC1lY2FhLTExZTYtOGY4OC0zNDM2M2JjN2M0YzAiOnsiY3JlYXRlIjoxODAwMDAwMDAwMDAsImRlbGV0ZSI6MTgwMDAwMDAwMDAwLCJ1cGRhdGUiOjE4MDAwMDAwMDAwMH19"
        }
      ]
    },
    {
      "mode": "managed",
      "type": "aws_sqs_queue_policy",
      "name": "search_indexing",
      "provider": "provider[\"registry.terraform.io/hashicorp/aws\"]",
      "instances": [
        {
          "schema_version": 1,
          "attributes": {
            "id": "https://sqs.ap-south-1.amazonaws.com/793704350878/dev-search-indexing-queue",
            "policy": "{\"Statement\":[{\"Action\":\"sqs:SendMessage\",\"Condition\":{\"ArnEquals\":{\"aws:SourceArn\":\"arn:aws:sns:ap-south-1:793704350878:dev-search-indexing-topic\"}},\"Effect\":\"Allow\",\"Principal\":\"*\",\"Resource\":\"arn:aws:sqs:ap-south-1:793704350878:dev-search-indexing-queue\"}],\"Version\":\"2012-10-17\"}",
            "queue_url": "https://sqs.ap-south-1.amazonaws.com/793704350878/dev-search-indexing-queue"
          },
          "sensitive_attributes": [],
          "private": "eyJzY2hlbWFfdmVyc2lvbiI6IjEifQ==",
          "dependencies": [
            "aws_sns_topic.search_indexing",
            "aws_sqs_queue.search_indexing"
          ]
        }
      ]
    },
    {
      "mode": "managed",
      "type": "aws_sqs_queue_policy",
      "name": "social_fanout",
      "provider": "provider[\"registry.terraform.io/hashicorp/aws\"]",
      "instances": [
        {
          "schema_version": 1,
          "attributes": {
            "id": "https://sqs.ap-south-1.amazonaws.com/793704350878/dev-social-fanout-queue",
            "policy": "{\"Statement\":[{\"Action\":\"sqs:SendMessage\",\"Condition\":{\"ArnEquals\":{\"aws:SourceArn\":\"arn:aws:sns:ap-south-1:793704350878:dev-search-indexing-topic\"}},\"Effect\":\"Allow\",\"Principal\":\"*\",\"Resource\":\"arn:aws:sqs:ap-south-1:793704350878:dev-social-fanout-queue\"}],\"Version\":\"2012-10-17\"}",
            "queue_url": "https://sqs.ap-south-1.amazonaws.com/793704350878/dev-social-fanout-queue"
          },
          "sensitive_attributes": [],
          "private": "eyJzY2hlbWFfdmVyc2lvbiI6IjEifQ==",
          "dependencies": [
            "aws_sns_topic.search_indexing",
            "aws_sqs_queue.social_fanout"
          ]
        }
      ]
    },
    {
      "mode": "managed",
      "type": "aws_sqs_queue_policy",
      "name": "user_notifications",
      "provider": "provider[\"registry.terraform.io/hashicorp/aws\"]",
      "instances": [
        {
          "schema_version": 1,
          "attributes": {
            "id": "https://sqs.ap-south-1.amazonaws.com/793704350878/dev-user-notifications-queue",
            "policy": "{\"Statement\":[{\"Action\":\"sqs:SendMessage\",\"Condition\":{\"ArnEquals\":{\"aws:SourceArn\":\"arn:aws:sns:ap-south-1:793704350878:dev-user-notifications-topic\"}},\"Effect\":\"Allow\",\"Principal\":\"*\",\"Resource\":\"arn:aws:sqs:ap-south-1:793704350878:dev-user-notifications-queue\"}],\"Version\":\"2012-10-17\"}",
            "queue_url": "https://sqs.ap-south-1.amazonaws.com/793704350878/dev-user-notifications-queue"
          },
          "sensitive_attributes": [],
          "private": "eyJzY2hlbWFfdmVyc2lvbiI6IjEifQ==",
          "dependencies": [
            "aws_sns_topic.user_notifications",
            "aws_sqs_queue.user_notifications"
          ]
        }
      ]
    },
    {
      "mode": "managed",
      "type": "aws_subnet",
      "name": "database",
      "provider": "provider[\"registry.terraform.io/hashicorp/aws\"]",
      "instances": [
        {
          "index_key": 0,
          "schema_version": 1,
          "attributes": {
            "arn": "arn:aws:ec2:ap-south-1:793704350878:subnet/subnet-081c49b0fff0e396b",
            "assign_ipv6_address_on_creation": false,
            "availability_zone": "ap-south-1a",
            "availability_zone_id": "aps1-az1",
            "cidr_block": "10.0.128.0/20",
            "customer_owned_ipv4_pool": "",
            "enable_dns64": false,
            "enable_lni_at_device_index": 0,
            "enable_resource_name_dns_a_record_on_launch": false,
            "enable_resource_name_dns_aaaa_record_on_launch": false,
            "id": "subnet-081c49b0fff0e396b",
            "ipv6_cidr_block": "",
            "ipv6_cidr_block_association_id": "",
            "ipv6_native": false,
            "map_customer_owned_ip_on_launch": false,
            "map_public_ip_on_launch": false,
            "outpost_arn": "",
            "owner_id": "793704350878",
            "private_dns_hostname_type_on_launch": "ip-name",
            "tags": {
              "Name": "dev-database-ap-south-1a"
            },
            "tags_all": {
              "Environment": "dev",
              "ManagedBy": "Terraform",
              "Name": "dev-database-ap-south-1a",
              "Project": "SocialMediaPlatform"
            },
            "timeouts": null,
            "vpc_id": "vpc-068a3560aa45d096f"
          },
          "sensitive_attributes": [],
          "private": "eyJlMmJmYjczMC1lY2FhLTExZTYtOGY4OC0zNDM2M2JjN2M0YzAiOnsiY3JlYXRlIjo2MDAwMDAwMDAwMDAsImRlbGV0ZSI6MTIwMDAwMDAwMDAwMH0sInNjaGVtYV92ZXJzaW9uIjoiMSJ9",
          "dependencies": [
            "aws_vpc.main",
            "data.aws_availability_zones.available"
          ]
        },
        {
          "index_key": 1,
          "schema_version": 1,
          "attributes": {
            "arn": "arn:aws:ec2:ap-south-1:793704350878:subnet/subnet-04de2662a5961c5f3",
            "assign_ipv6_address_on_creation": false,
            "availability_zone": "ap-south-1b",
            "availability_zone_id": "aps1-az3",
            "cidr_block": "10.0.144.0/20",
            "customer_owned_ipv4_pool": "",
            "enable_dns64": false,
            "enable_lni_at_device_index": 0,
            "enable_resource_name_dns_a_record_on_launch": false,
            "enable_resource_name_dns_aaaa_record_on_launch": false,
            "id": "subnet-04de2662a5961c5f3",
            "ipv6_cidr_block": "",
            "ipv6_cidr_block_association_id": "",
            "ipv6_native": false,
            "map_customer_owned_ip_on_launch": false,
            "map_public_ip_on_launch": false,
            "outpost_arn": "",
            "owner_id": "793704350878",
            "private_dns_hostname_type_on_launch": "ip-name",
            "tags": {
              "Name": "dev-database-ap-south-1b"
            },
            "tags_all": {
              "Environment": "dev",
              "ManagedBy": "Terraform",
              "Name": "dev-database-ap-south-1b",
              "Project": "SocialMediaPlatform"
            },
            "timeouts": null,
            "vpc_id": "vpc-068a3560aa45d096f"
          },
          "sensitive_attributes": [],
          "private": "eyJlMmJmYjczMC1lY2FhLTExZTYtOGY4OC0zNDM2M2JjN2M0YzAiOnsiY3JlYXRlIjo2MDAwMDAwMDAwMDAsImRlbGV0ZSI6MTIwMDAwMDAwMDAwMH0sInNjaGVtYV92ZXJzaW9uIjoiMSJ9",
          "dependencies": [
            "aws_vpc.main",
            "data.aws_availability_zones.available"
          ]
        },
        {
          "index_key": 2,
          "schema_version": 1,
          "attributes": {
            "arn": "arn:aws:ec2:ap-south-1:793704350878:subnet/subnet-07016df5d0877b7d2",
            "assign_ipv6_address_on_creation": false,
            "availability_zone": "ap-south-1c",
            "availability_zone_id": "aps1-az2",
            "cidr_block": "10.0.160.0/20",
            "customer_owned_ipv4_pool": "",
            "enable_dns64": false,
            "enable_lni_at_device_index": 0,
            "enable_resource_name_dns_a_record_on_launch": false,
            "enable_resource_name_dns_aaaa_record_on_launch": false,
            "id": "subnet-07016df5d0877b7d2",
            "ipv6_cidr_block": "",
            "ipv6_cidr_block_association_id": "",
            "ipv6_native": false,
            "map_customer_owned_ip_on_launch": false,
            "map_public_ip_on_launch": false,
            "outpost_arn": "",
            "owner_id": "793704350878",
            "private_dns_hostname_type_on_launch": "ip-name",
            "tags": {
              "Name": "dev-database-ap-south-1c"
            },
            "tags_all": {
              "Environment": "dev",
              "ManagedBy": "Terraform",
              "Name": "dev-database-ap-south-1c",
              "Project": "SocialMediaPlatform"
            },
            "timeouts": null,
            "vpc_id": "vpc-068a3560aa45d096f"
          },
          "sensitive_attributes": [],
          "private": "eyJlMmJmYjczMC1lY2FhLTExZTYtOGY4OC0zNDM2M2JjN2M0YzAiOnsiY3JlYXRlIjo2MDAwMDAwMDAwMDAsImRlbGV0ZSI6MTIwMDAwMDAwMDAwMH0sInNjaGVtYV92ZXJzaW9uIjoiMSJ9",
          "dependencies": [
            "aws_vpc.main",
            "data.aws_availability_zones.available"
          ]
        }
      ]
    },
    {
      "mode": "managed",
      "type": "aws_subnet",
      "name": "private",
      "provider": "provider[\"registry.terraform.io/hashicorp/aws\"]",
      "instances": [
        {
          "index_key": 0,
          "schema_version": 1,
          "attributes": {
            "arn": "arn:aws:ec2:ap-south-1:793704350878:subnet/subnet-0d2f1f5f43de79dfc",
            "assign_ipv6_address_on_creation": false,
            "availability_zone": "ap-south-1a",
            "availability_zone_id": "aps1-az1",
            "cidr_block": "10.0.64.0/20",
            "customer_owned_ipv4_pool": "",
            "enable_dns64": false,
            "enable_lni_at_device_index": 0,
            "enable_resource_name_dns_a_record_on_launch": false,
            "enable_resource_name_dns_aaaa_record_on_launch": false,
            "id": "subnet-0d2f1f5f43de79dfc",
            "ipv6_cidr_block": "",
            "ipv6_cidr_block_association_id": "",
            "ipv6_native": false,
            "map_customer_owned_ip_on_launch": false,
            "map_public_ip_on_launch": false,
            "outpost_arn": "",
            "owner_id": "793704350878",
            "private_dns_hostname_type_on_launch": "ip-name",
            "tags": {
              "Name": "dev-private-ap-south-1a",
              "kubernetes.io/cluster/social-media-eks": "shared",
              "kubernetes.io/role/internal-elb": "1"
            },
            "tags_all": {
              "Environment": "dev",
              "ManagedBy": "Terraform",
              "Name": "dev-private-ap-south-1a",
              "Project": "SocialMediaPlatform",
              "kubernetes.io/cluster/social-media-eks": "shared",
              "kubernetes.io/role/internal-elb": "1"
            },
            "timeouts": null,
            "vpc_id": "vpc-068a3560aa45d096f"
          },
          "sensitive_attributes": [],
          "private": "eyJlMmJmYjczMC1lY2FhLTExZTYtOGY4OC0zNDM2M2JjN2M0YzAiOnsiY3JlYXRlIjo2MDAwMDAwMDAwMDAsImRlbGV0ZSI6MTIwMDAwMDAwMDAwMH0sInNjaGVtYV92ZXJzaW9uIjoiMSJ9",
          "dependencies": [
            "aws_vpc.main",
            "data.aws_availability_zones.available"
          ]
        },
        {
          "index_key": 1,
          "schema_version": 1,
          "attributes": {
            "arn": "arn:aws:ec2:ap-south-1:793704350878:subnet/subnet-06030d4f6f40599e3",
            "assign_ipv6_address_on_creation": false,
            "availability_zone": "ap-south-1b",
            "availability_zone_id": "aps1-az3",
            "cidr_block": "10.0.80.0/20",
            "customer_owned_ipv4_pool": "",
            "enable_dns64": false,
            "enable_lni_at_device_index": 0,
            "enable_resource_name_dns_a_record_on_launch": false,
            "enable_resource_name_dns_aaaa_record_on_launch": false,
            "id": "subnet-06030d4f6f40599e3",
            "ipv6_cidr_block": "",
            "ipv6_cidr_block_association_id": "",
            "ipv6_native": false,
            "map_customer_owned_ip_on_launch": false,
            "map_public_ip_on_launch": false,
            "outpost_arn": "",
            "owner_id": "793704350878",
            "private_dns_hostname_type_on_launch": "ip-name",
            "tags": {
              "Name": "dev-private-ap-south-1b",
              "kubernetes.io/cluster/social-media-eks": "shared",
              "kubernetes.io/role/internal-elb": "1"
            },
            "tags_all": {
              "Environment": "dev",
              "ManagedBy": "Terraform",
              "Name": "dev-private-ap-south-1b",
              "Project": "SocialMediaPlatform",
              "kubernetes.io/cluster/social-media-eks": "shared",
              "kubernetes.io/role/internal-elb": "1"
            },
            "timeouts": null,
            "vpc_id": "vpc-068a3560aa45d096f"
          },
          "sensitive_attributes": [],
          "private": "eyJlMmJmYjczMC1lY2FhLTExZTYtOGY4OC0zNDM2M2JjN2M0YzAiOnsiY3JlYXRlIjo2MDAwMDAwMDAwMDAsImRlbGV0ZSI6MTIwMDAwMDAwMDAwMH0sInNjaGVtYV92ZXJzaW9uIjoiMSJ9",
          "dependencies": [
            "aws_vpc.main",
            "data.aws_availability_zones.available"
          ]
        },
        {
          "index_key": 2,
          "schema_version": 1,
          "attributes": {
            "arn": "arn:aws:ec2:ap-south-1:793704350878:subnet/subnet-0302d5fcd1d946872",
            "assign_ipv6_address_on_creation": false,
            "availability_zone": "ap-south-1c",
            "availability_zone_id": "aps1-az2",
            "cidr_block": "10.0.96.0/20",
            "customer_owned_ipv4_pool": "",
            "enable_dns64": false,
            "enable_lni_at_device_index": 0,
            "enable_resource_name_dns_a_record_on_launch": false,
            "enable_resource_name_dns_aaaa_record_on_launch": false,
            "id": "subnet-0302d5fcd1d946872",
            "ipv6_cidr_block": "",
            "ipv6_cidr_block_association_id": "",
            "ipv6_native": false,
            "map_customer_owned_ip_on_launch": false,
            "map_public_ip_on_launch": false,
            "outpost_arn": "",
            "owner_id": "793704350878",
            "private_dns_hostname_type_on_launch": "ip-name",
            "tags": {
              "Name": "dev-private-ap-south-1c",
              "kubernetes.io/cluster/social-media-eks": "shared",
              "kubernetes.io/role/internal-elb": "1"
            },
            "tags_all": {
              "Environment": "dev",
              "ManagedBy": "Terraform",
              "Name": "dev-private-ap-south-1c",
              "Project": "SocialMediaPlatform",
              "kubernetes.io/cluster/social-media-eks": "shared",
              "kubernetes.io/role/internal-elb": "1"
            },
            "timeouts": null,
            "vpc_id": "vpc-068a3560aa45d096f"
          },
          "sensitive_attributes": [],
          "private": "eyJlMmJmYjczMC1lY2FhLTExZTYtOGY4OC0zNDM2M2JjN2M0YzAiOnsiY3JlYXRlIjo2MDAwMDAwMDAwMDAsImRlbGV0ZSI6MTIwMDAwMDAwMDAwMH0sInNjaGVtYV92ZXJzaW9uIjoiMSJ9",
          "dependencies": [
            "aws_vpc.main",
            "data.aws_availability_zones.available"
          ]
        }
      ]
    },
    {
      "mode": "managed",
      "type": "aws_subnet",
      "name": "public",
      "provider": "provider[\"registry.terraform.io/hashicorp/aws\"]",
      "instances": [
        {
          "index_key": 0,
          "schema_version": 1,
          "attributes": {
            "arn": "arn:aws:ec2:ap-south-1:793704350878:subnet/subnet-0eb64ae8e14d57a08",
            "assign_ipv6_address_on_creation": false,
            "availability_zone": "ap-south-1a",
            "availability_zone_id": "aps1-az1",
            "cidr_block": "10.0.0.0/20",
            "customer_owned_ipv4_pool": "",
            "enable_dns64": false,
            "enable_lni_at_device_index": 0,
            "enable_resource_name_dns_a_record_on_launch": false,
            "enable_resource_name_dns_aaaa_record_on_launch": false,
            "id": "subnet-0eb64ae8e14d57a08",
            "ipv6_cidr_block": "",
            "ipv6_cidr_block_association_id": "",
            "ipv6_native": false,
            "map_customer_owned_ip_on_launch": false,
            "map_public_ip_on_launch": true,
            "outpost_arn": "",
            "owner_id": "793704350878",
            "private_dns_hostname_type_on_launch": "ip-name",
            "tags": {
              "Name": "dev-public-ap-south-1a",
              "kubernetes.io/cluster/social-media-eks": "shared",
              "kubernetes.io/role/elb": "1"
            },
            "tags_all": {
              "Environment": "dev",
              "ManagedBy": "Terraform",
              "Name": "dev-public-ap-south-1a",
              "Project": "SocialMediaPlatform",
              "kubernetes.io/cluster/social-media-eks": "shared",
              "kubernetes.io/role/elb": "1"
            },
            "timeouts": null,
            "vpc_id": "vpc-068a3560aa45d096f"
          },
          "sensitive_attributes": [],
          "private": "eyJlMmJmYjczMC1lY2FhLTExZTYtOGY4OC0zNDM2M2JjN2M0YzAiOnsiY3JlYXRlIjo2MDAwMDAwMDAwMDAsImRlbGV0ZSI6MTIwMDAwMDAwMDAwMH0sInNjaGVtYV92ZXJzaW9uIjoiMSJ9",
          "dependencies": [
            "aws_vpc.main",
            "data.aws_availability_zones.available"
          ]
        },
        {
          "index_key": 1,
          "schema_version": 1,
          "attributes": {
            "arn": "arn:aws:ec2:ap-south-1:793704350878:subnet/subnet-0fa8f75d3d32390aa",
            "assign_ipv6_address_on_creation": false,
            "availability_zone": "ap-south-1b",
            "availability_zone_id": "aps1-az3",
            "cidr_block": "10.0.16.0/20",
            "customer_owned_ipv4_pool": "",
            "enable_dns64": false,
            "enable_lni_at_device_index": 0,
            "enable_resource_name_dns_a_record_on_launch": false,
            "enable_resource_name_dns_aaaa_record_on_launch": false,
            "id": "subnet-0fa8f75d3d32390aa",
            "ipv6_cidr_block": "",
            "ipv6_cidr_block_association_id": "",
            "ipv6_native": false,
            "map_customer_owned_ip_on_launch": false,
            "map_public_ip_on_launch": true,
            "outpost_arn": "",
            "owner_id": "793704350878",
            "private_dns_hostname_type_on_launch": "ip-name",
            "tags": {
              "Name": "dev-public-ap-south-1b",
              "kubernetes.io/cluster/social-media-eks": "shared",
              "kubernetes.io/role/elb": "1"
            },
            "tags_all": {
              "Environment": "dev",
              "ManagedBy": "Terraform",
              "Name": "dev-public-ap-south-1b",
              "Project": "SocialMediaPlatform",
              "kubernetes.io/cluster/social-media-eks": "shared",
              "kubernetes.io/role/elb": "1"
            },
            "timeouts": null,
            "vpc_id": "vpc-068a3560aa45d096f"
          },
          "sensitive_attributes": [],
          "private": "eyJlMmJmYjczMC1lY2FhLTExZTYtOGY4OC0zNDM2M2JjN2M0YzAiOnsiY3JlYXRlIjo2MDAwMDAwMDAwMDAsImRlbGV0ZSI6MTIwMDAwMDAwMDAwMH0sInNjaGVtYV92ZXJzaW9uIjoiMSJ9",
          "dependencies": [
            "aws_vpc.main",
            "data.aws_availability_zones.available"
          ]
        },
        {
          "index_key": 2,
          "schema_version": 1,
          "attributes": {
            "arn": "arn:aws:ec2:ap-south-1:793704350878:subnet/subnet-07c14da069caaa0ce",
            "assign_ipv6_address_on_creation": false,
            "availability_zone": "ap-south-1c",
            "availability_zone_id": "aps1-az2",
            "cidr_block": "10.0.32.0/20",
            "customer_owned_ipv4_pool": "",
            "enable_dns64": false,
            "enable_lni_at_device_index": 0,
            "enable_resource_name_dns_a_record_on_launch": false,
            "enable_resource_name_dns_aaaa_record_on_launch": false,
            "id": "subnet-07c14da069caaa0ce",
            "ipv6_cidr_block": "",
            "ipv6_cidr_block_association_id": "",
            "ipv6_native": false,
            "map_customer_owned_ip_on_launch": false,
            "map_public_ip_on_launch": true,
            "outpost_arn": "",
            "owner_id": "793704350878",
            "private_dns_hostname_type_on_launch": "ip-name",
            "tags": {
              "Name": "dev-public-ap-south-1c",
              "kubernetes.io/cluster/social-media-eks": "shared",
              "kubernetes.io/role/elb": "1"
            },
            "tags_all": {
              "Environment": "dev",
              "ManagedBy": "Terraform",
              "Name": "dev-public-ap-south-1c",
              "Project": "SocialMediaPlatform",
              "kubernetes.io/cluster/social-media-eks": "shared",
              "kubernetes.io/role/elb": "1"
            },
            "timeouts": null,
            "vpc_id": "vpc-068a3560aa45d096f"
          },
          "sensitive_attributes": [],
          "private": "eyJlMmJmYjczMC1lY2FhLTExZTYtOGY4OC0zNDM2M2JjN2M0YzAiOnsiY3JlYXRlIjo2MDAwMDAwMDAwMDAsImRlbGV0ZSI6MTIwMDAwMDAwMDAwMH0sInNjaGVtYV92ZXJzaW9uIjoiMSJ9",
          "dependencies": [
            "aws_vpc.main",
            "data.aws_availability_zones.available"
          ]
        }
      ]
    },
    {
      "mode": "managed",
      "type": "aws_vpc",
      "name": "main",
      "provider": "provider[\"registry.terraform.io/hashicorp/aws\"]",
      "instances": [
        {
          "schema_version": 1,
          "attributes": {
            "arn": "arn:aws:ec2:ap-south-1:793704350878:vpc/vpc-068a3560aa45d096f",
            "assign_generated_ipv6_cidr_block": false,
            "cidr_block": "10.0.0.0/16",
            "default_network_acl_id": "acl-0e9eeae301a3e203d",
            "default_route_table_id": "rtb-02d81e1580fe3373b",
            "default_security_group_id": "sg-0edf4314e857e3e82",
            "dhcp_options_id": "dopt-0f24937ebd92f3efc",
            "enable_dns_hostnames": true,
            "enable_dns_support": true,
            "enable_network_address_usage_metrics": false,
            "id": "vpc-068a3560aa45d096f",
            "instance_tenancy": "default",
            "ipv4_ipam_pool_id": null,
            "ipv4_netmask_length": null,
            "ipv6_association_id": "",
            "ipv6_cidr_block": "",
            "ipv6_cidr_block_network_border_group": "",
            "ipv6_ipam_pool_id": "",
            "ipv6_netmask_length": 0,
            "main_route_table_id": "rtb-02d81e1580fe3373b",
            "owner_id": "793704350878",
            "tags": {
              "Name": "dev-vpc"
            },
            "tags_all": {
              "Environment": "dev",
              "ManagedBy": "Terraform",
              "Name": "dev-vpc",
              "Project": "SocialMediaPlatform"
            }
          },
          "sensitive_attributes": [],
          "private": "eyJzY2hlbWFfdmVyc2lvbiI6IjEifQ=="
        }
      ]
    },
    {
      "mode": "managed",
      "type": "kubernetes_secret",
      "name": "app_secrets",
      "provider": "provider[\"registry.terraform.io/hashicorp/kubernetes\"]",
      "instances": [
        {
          "schema_version": 0,
          "attributes": {
            "binary_data": null,
            "binary_data_wo": null,
            "binary_data_wo_revision": null,
            "data": {
              "cognito-client-id": "6q8vca4tlmvcrtd43col6725do",
              "cognito-user-pool-id": "ap-south-1_Z7a8ZTNL6",
              "feed-sqs-queue-url": "https://sqs.ap-south-1.amazonaws.com/793704350878/dev-social-fanout-queue",
              "interaction-database-url": "postgresql://postgres:y=!#:9#P7P[t:6%K@dev-social-db-instance.cv06ucmmyot6.ap-south-1.rds.amazonaws.com:5432/interaction_service_db?schema=public",
              "notification-sns-topic-arn": "arn:aws:sns:ap-south-1:793704350878:dev-user-notifications-topic",
              "notification-sqs-queue-url": "https://sqs.ap-south-1.amazonaws.com/793704350878/dev-user-notifications-queue",
              "post-database-url": "postgresql://postgres:y=!#:9#P7P[t:6%K@dev-social-db-instance.cv06ucmmyot6.ap-south-1.rds.amazonaws.com:5432/post_service_db?schema=public",
              "redis-host": "master.dev-social-redis.5zvyz4.aps1.cache.amazonaws.com",
              "s3-bucket-name": "dev-social-media-attachments-793704350878",
              "search-database-url": "postgresql://postgres:y=!#:9#P7P[t:6%K@dev-social-db-instance.cv06ucmmyot6.ap-south-1.rds.amazonaws.com:5432/search_service_db?schema=public",
              "search-sns-topic-arn": "arn:aws:sns:ap-south-1:793704350878:dev-search-indexing-topic",
              "search-sqs-queue-url": "https://sqs.ap-south-1.amazonaws.com/793704350878/dev-search-indexing-queue",
              "user-database-url": "postgresql://postgres:y=!#:9#P7P[t:6%K@dev-social-db-instance.cv06ucmmyot6.ap-south-1.rds.amazonaws.com:5432/user_service_db?schema=public"
            },
            "data_wo": null,
            "data_wo_revision": null,
            "id": "default/app-secrets",
            "immutable": false,
            "metadata": [
              {
                "annotations": {},
                "generate_name": "",
                "generation": 0,
                "labels": {},
                "name": "app-secrets",
                "namespace": "default",
                "resource_version": "45614",
                "uid": "bd15861b-1470-48bc-987a-e65650edecf6"
              }
            ],
            "timeouts": null,
            "type": "Opaque",
            "wait_for_service_account_token": true
          },
          "sensitive_attributes": [
            [
              {
                "type": "get_attr",
                "value": "data"
              },
              {
                "type": "index",
                "value": {
                  "value": "interaction-database-url",
                  "type": "string"
                }
              }
            ],
            [
              {
                "type": "get_attr",
                "value": "data"
              },
              {
                "type": "index",
                "value": {
                  "value": "post-database-url",
                  "type": "string"
                }
              }
            ],
            [
              {
                "type": "get_attr",
                "value": "data"
              },
              {
                "type": "index",
                "value": {
                  "value": "search-database-url",
                  "type": "string"
                }
              }
            ],
            [
              {
                "type": "get_attr",
                "value": "data"
              },
              {
                "type": "index",
                "value": {
                  "value": "user-database-url",
                  "type": "string"
                }
              }
            ]
          ],
          "private": "eyJlMmJmYjczMC1lY2FhLTExZTYtOGY4OC0zNDM2M2JjN2M0YzAiOnsiY3JlYXRlIjo2MDAwMDAwMDAwMH19",
          "dependencies": [
            "aws_cognito_user_pool.pool",
            "aws_cognito_user_pool_client.client",
            "aws_db_instance.postgres",
            "aws_db_subnet_group.db_subnet_group",
            "aws_eks_cluster.main",
            "aws_eks_node_group.general",
            "aws_elasticache_replication_group.redis",
            "aws_elasticache_subnet_group.redis",
            "aws_iam_role.eks_cluster",
            "aws_iam_role.eks_nodes",
            "aws_iam_role_policy_attachment.amazon_ec2_container_registry_read_only",
            "aws_iam_role_policy_attachment.amazon_eks_cni_policy",
            "aws_iam_role_policy_attachment.amazon_eks_worker_node_policy",
            "aws_iam_role_policy_attachment.eks_cluster_policy",
            "aws_s3_bucket.attachments",
            "aws_security_group.db_sg",
            "aws_security_group.eks_cluster",
            "aws_security_group.redis_sg",
            "aws_sns_topic.search_indexing",
            "aws_sns_topic.user_notifications",
            "aws_sqs_queue.search_indexing",
            "aws_sqs_queue.social_fanout",
            "aws_sqs_queue.user_notifications",
            "aws_subnet.database",
            "aws_subnet.private",
            "aws_vpc.main",
            "data.aws_availability_zones.available",
            "data.aws_caller_identity.current",
            "data.aws_eks_cluster_auth.cluster",
            "random_password.db_password"
          ]
        }
      ]
    },
    {
      "mode": "managed",
      "type": "random_password",
      "name": "db_password",
      "provider": "provider[\"registry.terraform.io/hashicorp/random\"]",
      "instances": [
        {
          "schema_version": 3,
          "attributes": {
            "bcrypt_hash": "$2a$10$rOx0UpLhBcxwwoGOZjjG/Oc8KWEHvIOyTPWFQRrgIhtPExiI/Fa2q",
            "id": "none",
            "keepers": null,
            "length": 16,
            "lower": true,
            "min_lower": 0,
            "min_numeric": 0,
            "min_special": 0,
            "min_upper": 0,
            "number": true,
            "numeric": true,
            "override_special": "!#$%\u0026*()-_=+[]{}\u003c\u003e:?",
            "result": "y=!#:9#P7P[t:6%K",
            "special": true,
            "upper": true
          },
          "sensitive_attributes": []
        }
      ]
    }
  ],
  "check_results": null
}
